{"format_version":"1.0","provider_schemas":{"registry.terraform.io/spectrocloud/spectrocloud":{"provider":{"version":0,"block":{"attributes":{"api_key":{"type":"string","description":"The Spectro Cloud API key. Can also be set with the `SPECTROCLOUD_APIKEY` environment variable.","description_kind":"plain","optional":true,"sensitive":true},"host":{"type":"string","description":"The Spectro Cloud API host url. Can also be set with the `SPECTROCLOUD_HOST` environment variable. Defaults to https://api.spectrocloud.com","description_kind":"plain","optional":true},"ignore_insecure_tls_error":{"type":"bool","description":"Ignore insecure TLS errors for Spectro Cloud API endpoints. Defaults to false.","description_kind":"plain","optional":true},"password":{"type":"string","description":"The Spectro Cloud user password. Can also be set with the `SPECTROCLOUD_PASSWORD` environment variable.","description_kind":"plain","optional":true,"sensitive":true},"project_name":{"type":"string","description":"The Spectro Cloud project name.","description_kind":"plain","optional":true},"retry_attempts":{"type":"number","description":"Number of retry attempts. Can also be set with the `SPECTROCLOUD_RETRY_ATTEMPTS` environment variable. Defaults to 10.","description_kind":"plain","optional":true},"trace":{"type":"bool","description":"Enable HTTP request tracing. Can also be set with the `SPECTROCLOUD_TRACE` environment variable. To enable Terraform debug logging, set `TF_LOG=DEBUG`. Visit the Terraform documentation to learn more about Terraform [debugging](https://developer.hashicorp.com/terraform/plugin/log/managing).","description_kind":"plain","optional":true},"username":{"type":"string","description":"The Spectro Cloud username. Can also be set with the `SPECTROCLOUD_USERNAME` environment variable.","description_kind":"plain","optional":true}},"description_kind":"plain"}},"resource_schemas":{"spectrocloud_addon_deployment":{"version":2,"block":{"attributes":{"apply_setting":{"type":"string","description_kind":"plain","optional":true},"cluster_uid":{"type":"string","description_kind":"plain","required":true},"id":{"type":"string","description_kind":"plain","optional":true,"computed":true}},"block_types":{"cluster_profile":{"nesting_mode":"list","block":{"attributes":{"id":{"type":"string","description":"The ID of the cluster profile.","description_kind":"plain","required":true}},"block_types":{"pack":{"nesting_mode":"list","block":{"attributes":{"name":{"type":"string","description":"The name of the pack. The name must be unique within the cluster profile. ","description_kind":"plain","required":true},"registry_uid":{"type":"string","description":"The registry UID of the pack. The registry UID is the unique identifier of the registry. ","description_kind":"plain","optional":true},"tag":{"type":"string","description":"The tag of the pack. The tag is the version of the pack.","description_kind":"plain","optional":true},"type":{"type":"string","description":"The type of the pack. The default value is `spectro`.","description_kind":"plain","optional":true},"uid":{"type":"string","description_kind":"plain","optional":true,"computed":true},"values":{"type":"string","description":"The values of the pack. The values are the configuration values of the pack. The values are specified in YAML format. ","description_kind":"plain","required":true}},"block_types":{"manifest":{"nesting_mode":"list","block":{"attributes":{"content":{"type":"string","description":"The content of the manifest. The content is the YAML content of the manifest. ","description_kind":"plain","required":true},"name":{"type":"string","description":"The name of the manifest. The name must be unique within the pack. ","description_kind":"plain","required":true},"uid":{"type":"string","description_kind":"plain","computed":true}},"description_kind":"plain"}}},"description_kind":"plain"}}},"description_kind":"plain"}},"timeouts":{"nesting_mode":"single","block":{"attributes":{"create":{"type":"string","description_kind":"plain","optional":true},"delete":{"type":"string","description_kind":"plain","optional":true},"update":{"type":"string","description_kind":"plain","optional":true}},"description_kind":"plain"}}},"description_kind":"plain"}},"spectrocloud_alert":{"version":2,"block":{"attributes":{"alert_all_users":{"type":"bool","description_kind":"plain","optional":true},"component":{"type":"string","description_kind":"plain","required":true},"created_by":{"type":"string","description_kind":"plain","optional":true},"id":{"type":"string","description_kind":"plain","optional":true,"computed":true},"identifiers":{"type":["set","string"],"description_kind":"plain","optional":true},"is_active":{"type":"bool","description_kind":"plain","required":true},"project":{"type":"string","description_kind":"plain","required":true},"type":{"type":"string","description_kind":"plain","required":true}},"block_types":{"http":{"nesting_mode":"list","block":{"attributes":{"body":{"type":"string","description_kind":"plain","required":true},"headers":{"type":["map","string"],"description_kind":"plain","optional":true},"method":{"type":"string","description_kind":"plain","required":true},"url":{"type":"string","description_kind":"plain","required":true}},"description_kind":"plain"}},"status":{"nesting_mode":"list","block":{"attributes":{"is_succeeded":{"type":"bool","description_kind":"plain","optional":true},"message":{"type":"string","description_kind":"plain","optional":true},"time":{"type":"string","description_kind":"plain","optional":true}},"description_kind":"plain"}},"timeouts":{"nesting_mode":"single","block":{"attributes":{"create":{"type":"string","description_kind":"plain","optional":true},"delete":{"type":"string","description_kind":"plain","optional":true},"update":{"type":"string","description_kind":"plain","optional":true}},"description_kind":"plain"}}},"description_kind":"plain"}},"spectrocloud_appliance":{"version":2,"block":{"attributes":{"id":{"type":"string","description_kind":"plain","optional":true,"computed":true},"pairing_key":{"type":"string","description_kind":"plain","optional":true},"tags":{"type":["map","string"],"description_kind":"plain","optional":true},"uid":{"type":"string","description_kind":"plain","required":true},"wait":{"type":"bool","description_kind":"plain","optional":true}},"block_types":{"timeouts":{"nesting_mode":"single","block":{"attributes":{"create":{"type":"string","description_kind":"plain","optional":true},"delete":{"type":"string","description_kind":"plain","optional":true},"update":{"type":"string","description_kind":"plain","optional":true}},"description_kind":"plain"}}},"description_kind":"plain"}},"spectrocloud_application":{"version":2,"block":{"attributes":{"application_profile_uid":{"type":"string","description_kind":"plain","required":true},"id":{"type":"string","description_kind":"plain","optional":true,"computed":true},"name":{"type":"string","description_kind":"plain","required":true},"tags":{"type":["set","string"],"description_kind":"plain","optional":true}},"block_types":{"config":{"nesting_mode":"list","block":{"attributes":{"cluster_group_uid":{"type":"string","description_kind":"plain","optional":true},"cluster_name":{"type":"string","description_kind":"plain","optional":true},"cluster_uid":{"type":"string","description_kind":"plain","optional":true}},"block_types":{"limits":{"nesting_mode":"list","block":{"attributes":{"cpu":{"type":"number","description_kind":"plain","optional":true},"memory":{"type":"number","description_kind":"plain","optional":true},"storage":{"type":"number","description_kind":"plain","optional":true}},"description_kind":"plain"}}},"description_kind":"plain"},"max_items":1},"timeouts":{"nesting_mode":"single","block":{"attributes":{"create":{"type":"string","description_kind":"plain","optional":true},"delete":{"type":"string","description_kind":"plain","optional":true},"update":{"type":"string","description_kind":"plain","optional":true}},"description_kind":"plain"}}},"description_kind":"plain"}},"spectrocloud_application_profile":{"version":0,"block":{"attributes":{"cloud":{"type":"string","description":"The cloud provider the profile is eligible for. Default value is `all`.","description_kind":"plain","optional":true},"context":{"type":"string","description":"Context of the profile. Allowed values are `project`, `cluster`, or `namespace`. Default value is `project`.","description_kind":"plain","optional":true},"description":{"type":"string","description":"Description of the profile.","description_kind":"plain","optional":true},"id":{"type":"string","description_kind":"plain","optional":true,"computed":true},"name":{"type":"string","description":"Name of the application profile","description_kind":"plain","required":true},"tags":{"type":["set","string"],"description":"A list of tags to be applied to the application profile. Tags must be in the form of `key:value`.","description_kind":"plain","optional":true},"version":{"type":"string","description":"Version of the profile. Default value is 1.0.0.","description_kind":"plain","optional":true}},"block_types":{"pack":{"nesting_mode":"list","block":{"attributes":{"install_order":{"type":"number","description":"The installation priority order of the app profile. The order of priority goes from lowest number to highest number. For example, a value of `-3` would be installed before an app profile with a higher number value. No upper and lower limits exist, and you may specify positive and negative integers. The default value is `0`. ","description_kind":"plain","optional":true},"name":{"type":"string","description":"The name of the specified pack.","description_kind":"plain","required":true},"properties":{"type":["map","string"],"description":"The various properties required by different database tiers eg: `databaseName` and `databaseVolumeSize` size for Redis etc.","description_kind":"plain","optional":true},"registry_uid":{"type":"string","description":"The unique id of the registry to be used for the pack.","description_kind":"plain","optional":true,"computed":true},"source_app_tier":{"type":"string","description":"The unique id of the pack to be used as the source for the pack.","description_kind":"plain","optional":true},"tag":{"type":"string","description":"The identifier or version to label the pack.","description_kind":"plain","optional":true},"type":{"type":"string","description":"The type of Pack. Allowed values are `container`, `helm`, `manifest`, or `operator-instance`.","description_kind":"plain","optional":true},"uid":{"type":"string","description":"The unique id of the pack. This is a computed field and is not required to be set.","description_kind":"plain","optional":true,"computed":true},"values":{"type":"string","description":"The values to be used for the pack. This is a stringified JSON object.","description_kind":"plain","optional":true}},"block_types":{"manifest":{"nesting_mode":"list","block":{"attributes":{"content":{"type":"string","description":"The content of the manifest.","description_kind":"plain","required":true},"name":{"type":"string","description":"The name of the manifest.","description_kind":"plain","required":true},"uid":{"type":"string","description_kind":"plain","computed":true}},"description":"The manifest of the pack.","description_kind":"plain"}}},"description":"A list of packs to be applied to the application profile.","description_kind":"plain"},"min_items":1},"timeouts":{"nesting_mode":"single","block":{"attributes":{"create":{"type":"string","description_kind":"plain","optional":true},"delete":{"type":"string","description_kind":"plain","optional":true},"update":{"type":"string","description_kind":"plain","optional":true}},"description_kind":"plain"}}},"description":"Provisions an Application Profile. App Profiles are templates created with preconfigured services. You can create as many profiles as required, with multiple tiers serving different functionalities per use case.","description_kind":"plain"}},"spectrocloud_backup_storage_location":{"version":2,"block":{"attributes":{"bucket_name":{"type":"string","description_kind":"plain","required":true},"ca_cert":{"type":"string","description_kind":"plain","optional":true},"id":{"type":"string","description_kind":"plain","optional":true,"computed":true},"is_default":{"type":"bool","description_kind":"plain","required":true},"name":{"type":"string","description_kind":"plain","required":true},"region":{"type":"string","description_kind":"plain","required":true}},"block_types":{"s3":{"nesting_mode":"list","block":{"attributes":{"access_key":{"type":"string","description_kind":"plain","optional":true},"arn":{"type":"string","description_kind":"plain","optional":true},"credential_type":{"type":"string","description_kind":"plain","required":true},"external_id":{"type":"string","description_kind":"plain","optional":true},"s3_force_path_style":{"type":"bool","description_kind":"plain","optional":true},"s3_url":{"type":"string","description_kind":"plain","optional":true},"secret_key":{"type":"string","description_kind":"plain","optional":true}},"description_kind":"plain"},"min_items":1,"max_items":1},"timeouts":{"nesting_mode":"single","block":{"attributes":{"create":{"type":"string","description_kind":"plain","optional":true},"delete":{"type":"string","description_kind":"plain","optional":true},"update":{"type":"string","description_kind":"plain","optional":true}},"description_kind":"plain"}}},"description_kind":"plain"}},"spectrocloud_cloudaccount_aws":{"version":0,"block":{"attributes":{"arn":{"type":"string","description_kind":"plain","optional":true},"aws_access_key":{"type":"string","description_kind":"plain","optional":true},"aws_secret_key":{"type":"string","description_kind":"plain","optional":true,"sensitive":true},"context":{"type":"string","description_kind":"plain","optional":true},"external_id":{"type":"string","description_kind":"plain","optional":true,"sensitive":true},"id":{"type":"string","description_kind":"plain","optional":true,"computed":true},"name":{"type":"string","description_kind":"plain","required":true},"type":{"type":"string","description_kind":"plain","optional":true}},"description_kind":"plain"}},"spectrocloud_cloudaccount_azure":{"version":0,"block":{"attributes":{"azure_client_id":{"type":"string","description_kind":"plain","required":true},"azure_client_secret":{"type":"string","description_kind":"plain","required":true,"sensitive":true},"azure_tenant_id":{"type":"string","description_kind":"plain","required":true},"id":{"type":"string","description_kind":"plain","optional":true,"computed":true},"name":{"type":"string","description_kind":"plain","required":true}},"description_kind":"plain"}},"spectrocloud_cloudaccount_gcp":{"version":0,"block":{"attributes":{"gcp_json_credentials":{"type":"string","description_kind":"plain","required":true,"sensitive":true},"id":{"type":"string","description_kind":"plain","optional":true,"computed":true},"name":{"type":"string","description_kind":"plain","required":true}},"description_kind":"plain"}},"spectrocloud_cloudaccount_maas":{"version":0,"block":{"attributes":{"id":{"type":"string","description_kind":"plain","optional":true,"computed":true},"maas_api_endpoint":{"type":"string","description_kind":"plain","optional":true},"maas_api_key":{"type":"string","description_kind":"plain","optional":true,"sensitive":true},"name":{"type":"string","description_kind":"plain","required":true},"private_cloud_gateway_id":{"type":"string","description_kind":"plain","optional":true}},"description_kind":"plain"}},"spectrocloud_cloudaccount_openstack":{"version":0,"block":{"attributes":{"ca_certificate":{"type":"string","description_kind":"plain","optional":true},"default_domain":{"type":"string","description_kind":"plain","required":true},"default_project":{"type":"string","description_kind":"plain","required":true},"id":{"type":"string","description_kind":"plain","optional":true,"computed":true},"identity_endpoint":{"type":"string","description_kind":"plain","required":true},"name":{"type":"string","description_kind":"plain","required":true},"openstack_allow_insecure":{"type":"bool","description_kind":"plain","optional":true},"openstack_password":{"type":"string","description_kind":"plain","required":true,"sensitive":true},"openstack_username":{"type":"string","description_kind":"plain","required":true},"parent_region":{"type":"string","description_kind":"plain","required":true},"private_cloud_gateway_id":{"type":"string","description_kind":"plain","required":true}},"description_kind":"plain"}},"spectrocloud_cloudaccount_tencent":{"version":0,"block":{"attributes":{"id":{"type":"string","description_kind":"plain","optional":true,"computed":true},"name":{"type":"string","description_kind":"plain","required":true},"tencent_secret_id":{"type":"string","description_kind":"plain","optional":true},"tencent_secret_key":{"type":"string","description_kind":"plain","optional":true,"sensitive":true}},"description_kind":"plain"}},"spectrocloud_cloudaccount_vsphere":{"version":0,"block":{"attributes":{"context":{"type":"string","description":"Context of the cloud account. This can be either project or tenant. If not specified, the default value is project.","description_kind":"plain","optional":true},"id":{"type":"string","description_kind":"plain","optional":true,"computed":true},"name":{"type":"string","description":"Name of the cloud account. This name is used to identify the cloud account in the Spectro Cloud UI.","description_kind":"plain","required":true},"private_cloud_gateway_id":{"type":"string","description":"ID of the private cloud gateway. This is the ID of the private cloud gateway that is used to connect to the vSphere cloud.","description_kind":"plain","required":true},"vsphere_ignore_insecure_error":{"type":"bool","description":"Ignore insecure error. This is a boolean value that indicates whether to ignore the insecure error or not. If not specified, the default value is false.","description_kind":"plain","optional":true},"vsphere_password":{"type":"string","description":"Password of the vSphere cloud. This is the password of the vSphere cloud that is used to connect to the vSphere cloud.","description_kind":"plain","required":true,"sensitive":true},"vsphere_username":{"type":"string","description":"Username of the vSphere cloud. This is the username of the vSphere cloud that is used to connect to the vSphere cloud.","description_kind":"plain","required":true},"vsphere_vcenter":{"type":"string","description":"vCenter server address. This is the address of the vCenter server that is used to connect to the vSphere cloud.","description_kind":"plain","required":true}},"description":"A resource to manage a vSphere cloud account in Pallette.","description_kind":"plain"}},"spectrocloud_cluster_aks":{"version":2,"block":{"attributes":{"apply_setting":{"type":"string","description_kind":"plain","optional":true},"cloud_account_id":{"type":"string","description_kind":"plain","required":true},"cloud_config_id":{"type":"string","description":"ID of the cloud config used for the cluster. This cloud config must be of type `azure`.","description_kind":"plain","deprecated":true,"computed":true},"id":{"type":"string","description_kind":"plain","optional":true,"computed":true},"kubeconfig":{"type":"string","description":"Kubeconfig for the cluster. This can be used to connect to the cluster using `kubectl`.","description_kind":"plain","computed":true},"location_config":{"type":["list",["object",{"country_code":"string","country_name":"string","latitude":"number","longitude":"number","region_code":"string","region_name":"string"}]],"description_kind":"plain","computed":true},"name":{"type":"string","description_kind":"plain","required":true},"os_patch_after":{"type":"string","description":"The date and time after which to patch the cluster. Prefix the time value with the respective RFC. Ex: `RFC3339: 2006-01-02T15:04:05Z07:00`","description_kind":"plain","optional":true},"os_patch_on_boot":{"type":"bool","description":"Whether to apply OS patch on boot. Default is `false`.","description_kind":"plain","optional":true},"os_patch_schedule":{"type":"string","description":"The cron schedule for OS patching. This must be in the form of cron syntax. Ex: `0 0 * * *`.","description_kind":"plain","optional":true},"skip_completion":{"type":"bool","description":"If `true`, the cluster will be created asynchronously. Default value is `false`.","description_kind":"plain","optional":true},"tags":{"type":["set","string"],"description":"A list of tags to be applied to the cluster. Tags must be in the form of `key:value`.","description_kind":"plain","optional":true}},"block_types":{"backup_policy":{"nesting_mode":"list","block":{"attributes":{"backup_location_id":{"type":"string","description":"The ID of the backup location to use for the backup.","description_kind":"plain","required":true},"cluster_uids":{"type":["set","string"],"description":"The list of cluster UIDs to include in the backup. If `include_all_clusters` is set to `true`, then all clusters will be included.","description_kind":"plain","optional":true},"expiry_in_hour":{"type":"number","description":"The number of hours after which the backup will be deleted. For example, if the expiry is set to 24, the backup will be deleted after 24 hours.","description_kind":"plain","required":true},"include_all_clusters":{"type":"bool","description":"Whether to include all clusters in the backup. If set to false, only the clusters specified in `cluster_uids` will be included.","description_kind":"plain","optional":true},"include_cluster_resources":{"type":"bool","description":"Whether to include the cluster resources in the backup. If set to false, only the cluster configuration and disks will be backed up.","description_kind":"plain","optional":true},"include_disks":{"type":"bool","description":"Whether to include the disks in the backup. If set to false, only the cluster configuration will be backed up.","description_kind":"plain","optional":true},"namespaces":{"type":["set","string"],"description":"The list of Kubernetes namespaces to include in the backup. If not specified, all namespaces will be included.","description_kind":"plain","optional":true},"prefix":{"type":"string","description":"Prefix for the backup name. The backup name will be of the format \u003cprefix\u003e-\u003ccluster-name\u003e-\u003ctimestamp\u003e.","description_kind":"plain","required":true},"schedule":{"type":"string","description":"The schedule for the backup. The schedule is specified in cron format. For example, to run the backup every day at 1:00 AM, the schedule should be set to `0 1 * * *`.","description_kind":"plain","required":true}},"description_kind":"plain"},"max_items":1},"cloud_config":{"nesting_mode":"list","block":{"attributes":{"region":{"type":"string","description_kind":"plain","required":true},"resource_group":{"type":"string","description_kind":"plain","required":true},"ssh_key":{"type":"string","description_kind":"plain","required":true},"subscription_id":{"type":"string","description_kind":"plain","required":true},"vnet_cidr_block":{"type":"string","description_kind":"plain","optional":true},"vnet_name":{"type":"string","description_kind":"plain","optional":true},"vnet_resource_group":{"type":"string","description_kind":"plain","optional":true},"worker_cidr":{"type":"string","description_kind":"plain","optional":true},"worker_subnet_name":{"type":"string","description_kind":"plain","optional":true}},"description_kind":"plain"},"min_items":1,"max_items":1},"cluster_profile":{"nesting_mode":"list","block":{"attributes":{"id":{"type":"string","description":"The ID of the cluster profile.","description_kind":"plain","required":true}},"block_types":{"pack":{"nesting_mode":"list","block":{"attributes":{"name":{"type":"string","description":"The name of the pack. The name must be unique within the cluster profile. ","description_kind":"plain","required":true},"registry_uid":{"type":"string","description":"The registry UID of the pack. The registry UID is the unique identifier of the registry. ","description_kind":"plain","optional":true},"tag":{"type":"string","description":"The tag of the pack. The tag is the version of the pack.","description_kind":"plain","optional":true},"type":{"type":"string","description":"The type of the pack. The default value is `spectro`.","description_kind":"plain","optional":true},"uid":{"type":"string","description_kind":"plain","optional":true,"computed":true},"values":{"type":"string","description":"The values of the pack. The values are the configuration values of the pack. The values are specified in YAML format. ","description_kind":"plain","required":true}},"block_types":{"manifest":{"nesting_mode":"list","block":{"attributes":{"content":{"type":"string","description":"The content of the manifest. The content is the YAML content of the manifest. ","description_kind":"plain","required":true},"name":{"type":"string","description":"The name of the manifest. The name must be unique within the pack. ","description_kind":"plain","required":true},"uid":{"type":"string","description_kind":"plain","computed":true}},"description_kind":"plain"}}},"description_kind":"plain"}}},"description_kind":"plain"}},"cluster_rbac_binding":{"nesting_mode":"list","block":{"attributes":{"namespace":{"type":"string","description":"The Kubernetes namespace of the RBAC binding. Required if 'type' is set to 'RoleBinding'.","description_kind":"plain","optional":true},"role":{"type":["map","string"],"description":"The role of the RBAC binding. Required if 'type' is set to 'RoleBinding'.","description_kind":"plain","optional":true},"type":{"type":"string","description":"The type of the RBAC binding. Can be one of the following values: `RoleBinding`, or `ClusterRoleBinding`.","description_kind":"plain","required":true}},"block_types":{"subjects":{"nesting_mode":"list","block":{"attributes":{"name":{"type":"string","description":"The name of the subject. Required if 'type' is set to 'User' or 'Group'.","description_kind":"plain","required":true},"namespace":{"type":"string","description":"The Kubernetes namespace of the subject. Required if 'type' is set to 'ServiceAccount'.","description_kind":"plain","optional":true},"type":{"type":"string","description":"The type of the subject. Can be one of the following values: `User`, `Group`, or `ServiceAccount`.","description_kind":"plain","required":true}},"description_kind":"plain"}}},"description_kind":"plain"}},"host_config":{"nesting_mode":"list","block":{"attributes":{"external_traffic_policy":{"type":"string","description":"The external traffic policy for the cluster.","description_kind":"plain","optional":true},"host_endpoint_type":{"type":"string","description":"The type of endpoint for the cluster. Can be either 'Ingress' or 'LoadBalancer'. The default is 'Ingress'.","description_kind":"plain","optional":true},"ingress_host":{"type":"string","description":"The host for the Ingress endpoint. Required if 'host_endpoint_type' is set to 'Ingress'.","description_kind":"plain","optional":true},"load_balancer_source_ranges":{"type":"string","description":"The source ranges for the load balancer. Required if 'host_endpoint_type' is set to 'LoadBalancer'.","description_kind":"plain","optional":true}},"description_kind":"plain"}},"machine_pool":{"nesting_mode":"list","block":{"attributes":{"additional_labels":{"type":["map","string"],"description_kind":"plain","optional":true},"count":{"type":"number","description":"Number of nodes in the machine pool.","description_kind":"plain","required":true},"disk_size_gb":{"type":"number","description_kind":"plain","required":true},"instance_type":{"type":"string","description_kind":"plain","required":true},"is_system_node_pool":{"type":"bool","description_kind":"plain","required":true},"max":{"type":"number","description_kind":"plain","optional":true},"min":{"type":"number","description_kind":"plain","optional":true},"name":{"type":"string","description_kind":"plain","required":true},"storage_account_type":{"type":"string","description_kind":"plain","required":true},"update_strategy":{"type":"string","description":"Update strategy for the machine pool. Valid values are `RollingUpdateScaleOut` and `RollingUpdateScaleIn`.","description_kind":"plain","optional":true}},"block_types":{"taints":{"nesting_mode":"list","block":{"attributes":{"effect":{"type":"string","description":"The effect of the taint. Allowed values are: `NoSchedule`, `PreferNoSchedule` or `NoExecute`.","description_kind":"plain","required":true},"key":{"type":"string","description":"The key of the taint.","description_kind":"plain","required":true},"value":{"type":"string","description":"The value of the taint.","description_kind":"plain","required":true}},"description_kind":"plain"}}},"description_kind":"plain"},"min_items":1},"namespaces":{"nesting_mode":"list","block":{"attributes":{"images_blacklist":{"type":["list","string"],"description":"List of images to disallow for the namespace. For example, `['nginx:latest', 'redis:latest']`","description_kind":"plain","optional":true},"name":{"type":"string","description":"Name of the namespace. This is the name of the Kubernetes namespace in the cluster.","description_kind":"plain","required":true},"resource_allocation":{"type":["map","string"],"description":"Resource allocation for the namespace. This is a map containing the resource type and the resource value. For example, `{cpu_cores: '2', memory_MiB: '2048'}`","description_kind":"plain","required":true}},"description_kind":"plain"}},"scan_policy":{"nesting_mode":"list","block":{"attributes":{"configuration_scan_schedule":{"type":"string","description":"The schedule for configuration scan.","description_kind":"plain","required":true},"conformance_scan_schedule":{"type":"string","description":"The schedule for conformance scan.","description_kind":"plain","required":true},"penetration_scan_schedule":{"type":"string","description":"The schedule for penetration scan.","description_kind":"plain","required":true}},"description_kind":"plain"},"max_items":1},"timeouts":{"nesting_mode":"single","block":{"attributes":{"create":{"type":"string","description_kind":"plain","optional":true},"delete":{"type":"string","description_kind":"plain","optional":true},"update":{"type":"string","description_kind":"plain","optional":true}},"description_kind":"plain"}}},"description":"Resource for managing AKS clusters in Spectro Cloud through Palette.","description_kind":"plain"}},"spectrocloud_cluster_aws":{"version":2,"block":{"attributes":{"apply_setting":{"type":"string","description_kind":"plain","optional":true},"cloud_account_id":{"type":"string","description_kind":"plain","required":true},"cloud_config_id":{"type":"string","description":"ID of the cloud config used for the cluster. This cloud config must be of type `azure`.","description_kind":"plain","deprecated":true,"computed":true},"id":{"type":"string","description_kind":"plain","optional":true,"computed":true},"kubeconfig":{"type":"string","description":"Kubeconfig for the cluster. This can be used to connect to the cluster using `kubectl`.","description_kind":"plain","computed":true},"location_config":{"type":["list",["object",{"country_code":"string","country_name":"string","latitude":"number","longitude":"number","region_code":"string","region_name":"string"}]],"description_kind":"plain","computed":true},"name":{"type":"string","description_kind":"plain","required":true},"os_patch_after":{"type":"string","description":"Date and time after which to patch cluster `RFC3339: 2006-01-02T15:04:05Z07:00`","description_kind":"plain","optional":true},"os_patch_on_boot":{"type":"bool","description":"Whether to apply OS patch on boot. Default is `false`.","description_kind":"plain","optional":true},"os_patch_schedule":{"type":"string","description":"The cron schedule for OS patching. This must be in the form of cron syntax. Ex: `0 0 * * *`.","description_kind":"plain","optional":true},"skip_completion":{"type":"bool","description":"If `true`, the cluster will be created asynchronously. Default value is `false`.","description_kind":"plain","optional":true},"tags":{"type":["set","string"],"description":"A list of tags to be applied to the cluster. Tags must be in the form of `key:value`.","description_kind":"plain","optional":true}},"block_types":{"backup_policy":{"nesting_mode":"list","block":{"attributes":{"backup_location_id":{"type":"string","description":"The ID of the backup location to use for the backup.","description_kind":"plain","required":true},"cluster_uids":{"type":["set","string"],"description":"The list of cluster UIDs to include in the backup. If `include_all_clusters` is set to `true`, then all clusters will be included.","description_kind":"plain","optional":true},"expiry_in_hour":{"type":"number","description":"The number of hours after which the backup will be deleted. For example, if the expiry is set to 24, the backup will be deleted after 24 hours.","description_kind":"plain","required":true},"include_all_clusters":{"type":"bool","description":"Whether to include all clusters in the backup. If set to false, only the clusters specified in `cluster_uids` will be included.","description_kind":"plain","optional":true},"include_cluster_resources":{"type":"bool","description":"Whether to include the cluster resources in the backup. If set to false, only the cluster configuration and disks will be backed up.","description_kind":"plain","optional":true},"include_disks":{"type":"bool","description":"Whether to include the disks in the backup. If set to false, only the cluster configuration will be backed up.","description_kind":"plain","optional":true},"namespaces":{"type":["set","string"],"description":"The list of Kubernetes namespaces to include in the backup. If not specified, all namespaces will be included.","description_kind":"plain","optional":true},"prefix":{"type":"string","description":"Prefix for the backup name. The backup name will be of the format \u003cprefix\u003e-\u003ccluster-name\u003e-\u003ctimestamp\u003e.","description_kind":"plain","required":true},"schedule":{"type":"string","description":"The schedule for the backup. The schedule is specified in cron format. For example, to run the backup every day at 1:00 AM, the schedule should be set to `0 1 * * *`.","description_kind":"plain","required":true}},"description_kind":"plain"},"max_items":1},"cloud_config":{"nesting_mode":"list","block":{"attributes":{"region":{"type":"string","description_kind":"plain","required":true},"ssh_key_name":{"type":"string","description_kind":"plain","required":true},"vpc_id":{"type":"string","description_kind":"plain","optional":true}},"description_kind":"plain"},"min_items":1,"max_items":1},"cluster_profile":{"nesting_mode":"list","block":{"attributes":{"id":{"type":"string","description":"The ID of the cluster profile.","description_kind":"plain","required":true}},"block_types":{"pack":{"nesting_mode":"list","block":{"attributes":{"name":{"type":"string","description":"The name of the pack. The name must be unique within the cluster profile. ","description_kind":"plain","required":true},"registry_uid":{"type":"string","description":"The registry UID of the pack. The registry UID is the unique identifier of the registry. ","description_kind":"plain","optional":true},"tag":{"type":"string","description":"The tag of the pack. The tag is the version of the pack.","description_kind":"plain","optional":true},"type":{"type":"string","description":"The type of the pack. The default value is `spectro`.","description_kind":"plain","optional":true},"uid":{"type":"string","description_kind":"plain","optional":true,"computed":true},"values":{"type":"string","description":"The values of the pack. The values are the configuration values of the pack. The values are specified in YAML format. ","description_kind":"plain","required":true}},"block_types":{"manifest":{"nesting_mode":"list","block":{"attributes":{"content":{"type":"string","description":"The content of the manifest. The content is the YAML content of the manifest. ","description_kind":"plain","required":true},"name":{"type":"string","description":"The name of the manifest. The name must be unique within the pack. ","description_kind":"plain","required":true},"uid":{"type":"string","description_kind":"plain","computed":true}},"description_kind":"plain"}}},"description_kind":"plain"}}},"description_kind":"plain"}},"cluster_rbac_binding":{"nesting_mode":"list","block":{"attributes":{"namespace":{"type":"string","description":"The Kubernetes namespace of the RBAC binding. Required if 'type' is set to 'RoleBinding'.","description_kind":"plain","optional":true},"role":{"type":["map","string"],"description":"The role of the RBAC binding. Required if 'type' is set to 'RoleBinding'.","description_kind":"plain","optional":true},"type":{"type":"string","description":"The type of the RBAC binding. Can be one of the following values: `RoleBinding`, or `ClusterRoleBinding`.","description_kind":"plain","required":true}},"block_types":{"subjects":{"nesting_mode":"list","block":{"attributes":{"name":{"type":"string","description":"The name of the subject. Required if 'type' is set to 'User' or 'Group'.","description_kind":"plain","required":true},"namespace":{"type":"string","description":"The Kubernetes namespace of the subject. Required if 'type' is set to 'ServiceAccount'.","description_kind":"plain","optional":true},"type":{"type":"string","description":"The type of the subject. Can be one of the following values: `User`, `Group`, or `ServiceAccount`.","description_kind":"plain","required":true}},"description_kind":"plain"}}},"description_kind":"plain"}},"host_config":{"nesting_mode":"list","block":{"attributes":{"external_traffic_policy":{"type":"string","description":"The external traffic policy for the cluster.","description_kind":"plain","optional":true},"host_endpoint_type":{"type":"string","description":"The type of endpoint for the cluster. Can be either 'Ingress' or 'LoadBalancer'. The default is 'Ingress'.","description_kind":"plain","optional":true},"ingress_host":{"type":"string","description":"The host for the Ingress endpoint. Required if 'host_endpoint_type' is set to 'Ingress'.","description_kind":"plain","optional":true},"load_balancer_source_ranges":{"type":"string","description":"The source ranges for the load balancer. Required if 'host_endpoint_type' is set to 'LoadBalancer'.","description_kind":"plain","optional":true}},"description_kind":"plain"}},"machine_pool":{"nesting_mode":"set","block":{"attributes":{"additional_labels":{"type":["map","string"],"description_kind":"plain","optional":true},"az_subnets":{"type":["map","string"],"description":"Mutually exclusive with `azs`. Use `az_subnets` for Static provisioning.","description_kind":"plain","optional":true},"azs":{"type":["set","string"],"description":"Mutually exclusive with `az_subnets`. Use `azs` for Dynamic provisioning.","description_kind":"plain","optional":true},"capacity_type":{"type":"string","description":"Capacity type is an instance type,  can be 'on-demand' or 'spot'. Defaults to 'on-demand'.","description_kind":"plain","optional":true},"control_plane":{"type":"bool","description":"Whether this machine pool is a control plane. Defaults to `false`.","description_kind":"plain","optional":true},"control_plane_as_worker":{"type":"bool","description":"Whether this machine pool is a control plane and a worker. Defaults to `false`.","description_kind":"plain","optional":true},"count":{"type":"number","description":"Number of nodes in the machine pool.","description_kind":"plain","required":true},"disk_size_gb":{"type":"number","description_kind":"plain","optional":true},"instance_type":{"type":"string","description_kind":"plain","required":true},"max_price":{"type":"string","description_kind":"plain","optional":true},"name":{"type":"string","description_kind":"plain","required":true},"update_strategy":{"type":"string","description":"Update strategy for the machine pool. Valid values are `RollingUpdateScaleOut` and `RollingUpdateScaleIn`.","description_kind":"plain","optional":true}},"block_types":{"taints":{"nesting_mode":"list","block":{"attributes":{"effect":{"type":"string","description":"The effect of the taint. Allowed values are: `NoSchedule`, `PreferNoSchedule` or `NoExecute`.","description_kind":"plain","required":true},"key":{"type":"string","description":"The key of the taint.","description_kind":"plain","required":true},"value":{"type":"string","description":"The value of the taint.","description_kind":"plain","required":true}},"description_kind":"plain"}}},"description_kind":"plain"},"min_items":1},"namespaces":{"nesting_mode":"list","block":{"attributes":{"images_blacklist":{"type":["list","string"],"description":"List of images to disallow for the namespace. For example, `['nginx:latest', 'redis:latest']`","description_kind":"plain","optional":true},"name":{"type":"string","description":"Name of the namespace. This is the name of the Kubernetes namespace in the cluster.","description_kind":"plain","required":true},"resource_allocation":{"type":["map","string"],"description":"Resource allocation for the namespace. This is a map containing the resource type and the resource value. For example, `{cpu_cores: '2', memory_MiB: '2048'}`","description_kind":"plain","required":true}},"description_kind":"plain"}},"scan_policy":{"nesting_mode":"list","block":{"attributes":{"configuration_scan_schedule":{"type":"string","description":"The schedule for configuration scan.","description_kind":"plain","required":true},"conformance_scan_schedule":{"type":"string","description":"The schedule for conformance scan.","description_kind":"plain","required":true},"penetration_scan_schedule":{"type":"string","description":"The schedule for penetration scan.","description_kind":"plain","required":true}},"description_kind":"plain"},"max_items":1},"timeouts":{"nesting_mode":"single","block":{"attributes":{"create":{"type":"string","description_kind":"plain","optional":true},"delete":{"type":"string","description_kind":"plain","optional":true},"update":{"type":"string","description_kind":"plain","optional":true}},"description_kind":"plain"}}},"description":"Resource for managing AWS clusters in Spectro Cloud through Palette.","description_kind":"plain"}},"spectrocloud_cluster_azure":{"version":0,"block":{"attributes":{"apply_setting":{"type":"string","description":"Apply setting for the cluster. This can be set to `on_create` or `on_update`.","description_kind":"plain","optional":true},"cloud_account_id":{"type":"string","description":"ID of the cloud account to be used for the cluster. This cloud account must be of type `azure`.","description_kind":"plain","required":true},"cloud_config_id":{"type":"string","description":"ID of the cloud config used for the cluster. This cloud config must be of type `azure`.","description_kind":"plain","deprecated":true,"computed":true},"id":{"type":"string","description_kind":"plain","optional":true,"computed":true},"kubeconfig":{"type":"string","description":"Kubeconfig for the cluster. This can be used to connect to the cluster using `kubectl`.","description_kind":"plain","computed":true},"location_config":{"type":["list",["object",{"country_code":"string","country_name":"string","latitude":"number","longitude":"number","region_code":"string","region_name":"string"}]],"description_kind":"plain","computed":true},"name":{"type":"string","description":"Name of the cluster. This name will be used to create the cluster in Azure.","description_kind":"plain","required":true},"os_patch_after":{"type":"string","description":"Date and time after which to patch cluster `RFC3339: 2006-01-02T15:04:05Z07:00`","description_kind":"plain","optional":true},"os_patch_on_boot":{"type":"bool","description":"Whether to apply OS patch on boot. Default is `false`.","description_kind":"plain","optional":true},"os_patch_schedule":{"type":"string","description":"Cron schedule for OS patching. This must be in the form of `0 0 * * *`.","description_kind":"plain","optional":true},"skip_completion":{"type":"bool","description":"If `true`, the cluster will be created asynchronously. Default value is `false`.","description_kind":"plain","optional":true},"tags":{"type":["set","string"],"description":"A list of tags to be applied to the cluster. Tags must be in the form of `key:value`.","description_kind":"plain","optional":true}},"block_types":{"backup_policy":{"nesting_mode":"list","block":{"attributes":{"backup_location_id":{"type":"string","description":"The ID of the backup location to use for the backup.","description_kind":"plain","required":true},"cluster_uids":{"type":["set","string"],"description":"The list of cluster UIDs to include in the backup. If `include_all_clusters` is set to `true`, then all clusters will be included.","description_kind":"plain","optional":true},"expiry_in_hour":{"type":"number","description":"The number of hours after which the backup will be deleted. For example, if the expiry is set to 24, the backup will be deleted after 24 hours.","description_kind":"plain","required":true},"include_all_clusters":{"type":"bool","description":"Whether to include all clusters in the backup. If set to false, only the clusters specified in `cluster_uids` will be included.","description_kind":"plain","optional":true},"include_cluster_resources":{"type":"bool","description":"Whether to include the cluster resources in the backup. If set to false, only the cluster configuration and disks will be backed up.","description_kind":"plain","optional":true},"include_disks":{"type":"bool","description":"Whether to include the disks in the backup. If set to false, only the cluster configuration will be backed up.","description_kind":"plain","optional":true},"namespaces":{"type":["set","string"],"description":"The list of Kubernetes namespaces to include in the backup. If not specified, all namespaces will be included.","description_kind":"plain","optional":true},"prefix":{"type":"string","description":"Prefix for the backup name. The backup name will be of the format \u003cprefix\u003e-\u003ccluster-name\u003e-\u003ctimestamp\u003e.","description_kind":"plain","required":true},"schedule":{"type":"string","description":"The schedule for the backup. The schedule is specified in cron format. For example, to run the backup every day at 1:00 AM, the schedule should be set to `0 1 * * *`.","description_kind":"plain","required":true}},"description_kind":"plain"},"max_items":1},"cloud_config":{"nesting_mode":"list","block":{"attributes":{"region":{"type":"string","description":"Azure region. This can be found in the Azure portal under `Resource groups`.","description_kind":"plain","required":true},"resource_group":{"type":"string","description":"Azure resource group. This can be found in the Azure portal under `Resource groups`.","description_kind":"plain","required":true},"ssh_key":{"type":"string","description":"SSH key to be used for the cluster nodes.","description_kind":"plain","required":true},"subscription_id":{"type":"string","description":"Azure subscription ID. This can be found in the Azure portal under `Subscriptions`.","description_kind":"plain","required":true}},"description_kind":"plain"},"min_items":1,"max_items":1},"cluster_profile":{"nesting_mode":"list","block":{"attributes":{"id":{"type":"string","description":"The ID of the cluster profile.","description_kind":"plain","required":true}},"block_types":{"pack":{"nesting_mode":"list","block":{"attributes":{"name":{"type":"string","description":"The name of the pack. The name must be unique within the cluster profile. ","description_kind":"plain","required":true},"registry_uid":{"type":"string","description":"The registry UID of the pack. The registry UID is the unique identifier of the registry. ","description_kind":"plain","optional":true},"tag":{"type":"string","description":"The tag of the pack. The tag is the version of the pack.","description_kind":"plain","optional":true},"type":{"type":"string","description":"The type of the pack. The default value is `spectro`.","description_kind":"plain","optional":true},"uid":{"type":"string","description_kind":"plain","optional":true,"computed":true},"values":{"type":"string","description":"The values of the pack. The values are the configuration values of the pack. The values are specified in YAML format. ","description_kind":"plain","required":true}},"block_types":{"manifest":{"nesting_mode":"list","block":{"attributes":{"content":{"type":"string","description":"The content of the manifest. The content is the YAML content of the manifest. ","description_kind":"plain","required":true},"name":{"type":"string","description":"The name of the manifest. The name must be unique within the pack. ","description_kind":"plain","required":true},"uid":{"type":"string","description_kind":"plain","computed":true}},"description_kind":"plain"}}},"description_kind":"plain"}}},"description_kind":"plain"}},"cluster_rbac_binding":{"nesting_mode":"list","block":{"attributes":{"namespace":{"type":"string","description":"The Kubernetes namespace of the RBAC binding. Required if 'type' is set to 'RoleBinding'.","description_kind":"plain","optional":true},"role":{"type":["map","string"],"description":"The role of the RBAC binding. Required if 'type' is set to 'RoleBinding'.","description_kind":"plain","optional":true},"type":{"type":"string","description":"The type of the RBAC binding. Can be one of the following values: `RoleBinding`, or `ClusterRoleBinding`.","description_kind":"plain","required":true}},"block_types":{"subjects":{"nesting_mode":"list","block":{"attributes":{"name":{"type":"string","description":"The name of the subject. Required if 'type' is set to 'User' or 'Group'.","description_kind":"plain","required":true},"namespace":{"type":"string","description":"The Kubernetes namespace of the subject. Required if 'type' is set to 'ServiceAccount'.","description_kind":"plain","optional":true},"type":{"type":"string","description":"The type of the subject. Can be one of the following values: `User`, `Group`, or `ServiceAccount`.","description_kind":"plain","required":true}},"description_kind":"plain"}}},"description_kind":"plain"}},"host_config":{"nesting_mode":"list","block":{"attributes":{"external_traffic_policy":{"type":"string","description":"The external traffic policy for the cluster.","description_kind":"plain","optional":true},"host_endpoint_type":{"type":"string","description":"The type of endpoint for the cluster. Can be either 'Ingress' or 'LoadBalancer'. The default is 'Ingress'.","description_kind":"plain","optional":true},"ingress_host":{"type":"string","description":"The host for the Ingress endpoint. Required if 'host_endpoint_type' is set to 'Ingress'.","description_kind":"plain","optional":true},"load_balancer_source_ranges":{"type":"string","description":"The source ranges for the load balancer. Required if 'host_endpoint_type' is set to 'LoadBalancer'.","description_kind":"plain","optional":true}},"description_kind":"plain"}},"machine_pool":{"nesting_mode":"set","block":{"attributes":{"additional_labels":{"type":["map","string"],"description_kind":"plain","optional":true},"azs":{"type":["set","string"],"description":"Availability zones for the machine pool.","description_kind":"plain","required":true},"control_plane":{"type":"bool","description":"Whether this machine pool is a control plane. Defaults to `false`.","description_kind":"plain","optional":true},"control_plane_as_worker":{"type":"bool","description":"Whether this machine pool is a control plane and a worker. Defaults to `false`.","description_kind":"plain","optional":true},"count":{"type":"number","description":"Number of nodes in the machine pool.","description_kind":"plain","required":true},"instance_type":{"type":"string","description":"Azure instance type from the Azure portal.","description_kind":"plain","required":true},"is_system_node_pool":{"type":"bool","description":"Whether this machine pool is a system node pool. Default value is `false'.","description_kind":"plain","optional":true},"name":{"type":"string","description":"Name of the machine pool. This must be unique within the cluster.","description_kind":"plain","required":true},"os_type":{"type":"string","description":"Operating system type for the machine pool. Valid values are `Linux` and `Windows`. Defaults to `Linux`.","description_kind":"plain","optional":true},"update_strategy":{"type":"string","description":"Update strategy for the machine pool. Valid values are `RollingUpdateScaleOut` and `RollingUpdateScaleIn`.","description_kind":"plain","optional":true}},"block_types":{"disk":{"nesting_mode":"list","block":{"attributes":{"size_gb":{"type":"number","description":"Size of the disk in GB.","description_kind":"plain","required":true},"type":{"type":"string","description":"Type of the disk. Valid values are `Standard_LRS`, `StandardSSD_LRS`, `Premium_LRS`.","description_kind":"plain","required":true}},"description":"Disk configuration for the machine pool.","description_kind":"plain"},"max_items":1},"taints":{"nesting_mode":"list","block":{"attributes":{"effect":{"type":"string","description":"The effect of the taint. Allowed values are: `NoSchedule`, `PreferNoSchedule` or `NoExecute`.","description_kind":"plain","required":true},"key":{"type":"string","description":"The key of the taint.","description_kind":"plain","required":true},"value":{"type":"string","description":"The value of the taint.","description_kind":"plain","required":true}},"description_kind":"plain"}}},"description_kind":"plain"},"min_items":1},"namespaces":{"nesting_mode":"list","block":{"attributes":{"images_blacklist":{"type":["list","string"],"description":"List of images to disallow for the namespace. For example, `['nginx:latest', 'redis:latest']`","description_kind":"plain","optional":true},"name":{"type":"string","description":"Name of the namespace. This is the name of the Kubernetes namespace in the cluster.","description_kind":"plain","required":true},"resource_allocation":{"type":["map","string"],"description":"Resource allocation for the namespace. This is a map containing the resource type and the resource value. For example, `{cpu_cores: '2', memory_MiB: '2048'}`","description_kind":"plain","required":true}},"description_kind":"plain"}},"scan_policy":{"nesting_mode":"list","block":{"attributes":{"configuration_scan_schedule":{"type":"string","description":"The schedule for configuration scan.","description_kind":"plain","required":true},"conformance_scan_schedule":{"type":"string","description":"The schedule for conformance scan.","description_kind":"plain","required":true},"penetration_scan_schedule":{"type":"string","description":"The schedule for penetration scan.","description_kind":"plain","required":true}},"description_kind":"plain"},"max_items":1},"timeouts":{"nesting_mode":"single","block":{"attributes":{"create":{"type":"string","description_kind":"plain","optional":true},"delete":{"type":"string","description_kind":"plain","optional":true},"update":{"type":"string","description_kind":"plain","optional":true}},"description_kind":"plain"}}},"description":"Resource for managing Azure clusters in Spectro Cloud through Palette.","description_kind":"plain"}},"spectrocloud_cluster_edge":{"version":2,"block":{"attributes":{"apply_setting":{"type":"string","description_kind":"plain","optional":true},"cloud_account_id":{"type":"string","description_kind":"plain","optional":true},"cloud_config_id":{"type":"string","description":"ID of the cloud config used for the cluster. This cloud config must be of type `azure`.","description_kind":"plain","deprecated":true,"computed":true},"id":{"type":"string","description_kind":"plain","optional":true,"computed":true},"kubeconfig":{"type":"string","description":"Kubeconfig for the cluster. This can be used to connect to the cluster using `kubectl`.","description_kind":"plain","computed":true},"name":{"type":"string","description_kind":"plain","required":true},"os_patch_after":{"type":"string","description":"Date and time after which to patch cluster `RFC3339: 2006-01-02T15:04:05Z07:00`","description_kind":"plain","optional":true},"os_patch_on_boot":{"type":"bool","description":"Whether to apply OS patch on boot. Default is `false`.","description_kind":"plain","optional":true},"os_patch_schedule":{"type":"string","description":"The cron schedule for OS patching. This must be in the form of cron syntax. Ex: `0 0 * * *`.","description_kind":"plain","optional":true},"skip_completion":{"type":"bool","description":"If `true`, the cluster will be created asynchronously. Default value is `false`.","description_kind":"plain","optional":true},"tags":{"type":["set","string"],"description":"A list of tags to be applied to the cluster. Tags must be in the form of `key:value`.","description_kind":"plain","optional":true}},"block_types":{"backup_policy":{"nesting_mode":"list","block":{"attributes":{"backup_location_id":{"type":"string","description":"The ID of the backup location to use for the backup.","description_kind":"plain","required":true},"cluster_uids":{"type":["set","string"],"description":"The list of cluster UIDs to include in the backup. If `include_all_clusters` is set to `true`, then all clusters will be included.","description_kind":"plain","optional":true},"expiry_in_hour":{"type":"number","description":"The number of hours after which the backup will be deleted. For example, if the expiry is set to 24, the backup will be deleted after 24 hours.","description_kind":"plain","required":true},"include_all_clusters":{"type":"bool","description":"Whether to include all clusters in the backup. If set to false, only the clusters specified in `cluster_uids` will be included.","description_kind":"plain","optional":true},"include_cluster_resources":{"type":"bool","description":"Whether to include the cluster resources in the backup. If set to false, only the cluster configuration and disks will be backed up.","description_kind":"plain","optional":true},"include_disks":{"type":"bool","description":"Whether to include the disks in the backup. If set to false, only the cluster configuration will be backed up.","description_kind":"plain","optional":true},"namespaces":{"type":["set","string"],"description":"The list of Kubernetes namespaces to include in the backup. If not specified, all namespaces will be included.","description_kind":"plain","optional":true},"prefix":{"type":"string","description":"Prefix for the backup name. The backup name will be of the format \u003cprefix\u003e-\u003ccluster-name\u003e-\u003ctimestamp\u003e.","description_kind":"plain","required":true},"schedule":{"type":"string","description":"The schedule for the backup. The schedule is specified in cron format. For example, to run the backup every day at 1:00 AM, the schedule should be set to `0 1 * * *`.","description_kind":"plain","required":true}},"description_kind":"plain"},"max_items":1},"cloud_config":{"nesting_mode":"list","block":{"attributes":{"ssh_key":{"type":"string","description_kind":"plain","required":true}},"description_kind":"plain"},"min_items":1,"max_items":1},"cluster_profile":{"nesting_mode":"list","block":{"attributes":{"id":{"type":"string","description":"The ID of the cluster profile.","description_kind":"plain","required":true}},"block_types":{"pack":{"nesting_mode":"list","block":{"attributes":{"name":{"type":"string","description":"The name of the pack. The name must be unique within the cluster profile. ","description_kind":"plain","required":true},"registry_uid":{"type":"string","description":"The registry UID of the pack. The registry UID is the unique identifier of the registry. ","description_kind":"plain","optional":true},"tag":{"type":"string","description":"The tag of the pack. The tag is the version of the pack.","description_kind":"plain","optional":true},"type":{"type":"string","description":"The type of the pack. The default value is `spectro`.","description_kind":"plain","optional":true},"uid":{"type":"string","description_kind":"plain","optional":true,"computed":true},"values":{"type":"string","description":"The values of the pack. The values are the configuration values of the pack. The values are specified in YAML format. ","description_kind":"plain","required":true}},"block_types":{"manifest":{"nesting_mode":"list","block":{"attributes":{"content":{"type":"string","description":"The content of the manifest. The content is the YAML content of the manifest. ","description_kind":"plain","required":true},"name":{"type":"string","description":"The name of the manifest. The name must be unique within the pack. ","description_kind":"plain","required":true},"uid":{"type":"string","description_kind":"plain","computed":true}},"description_kind":"plain"}}},"description_kind":"plain"}}},"description_kind":"plain"}},"cluster_rbac_binding":{"nesting_mode":"list","block":{"attributes":{"namespace":{"type":"string","description":"The Kubernetes namespace of the RBAC binding. Required if 'type' is set to 'RoleBinding'.","description_kind":"plain","optional":true},"role":{"type":["map","string"],"description":"The role of the RBAC binding. Required if 'type' is set to 'RoleBinding'.","description_kind":"plain","optional":true},"type":{"type":"string","description":"The type of the RBAC binding. Can be one of the following values: `RoleBinding`, or `ClusterRoleBinding`.","description_kind":"plain","required":true}},"block_types":{"subjects":{"nesting_mode":"list","block":{"attributes":{"name":{"type":"string","description":"The name of the subject. Required if 'type' is set to 'User' or 'Group'.","description_kind":"plain","required":true},"namespace":{"type":"string","description":"The Kubernetes namespace of the subject. Required if 'type' is set to 'ServiceAccount'.","description_kind":"plain","optional":true},"type":{"type":"string","description":"The type of the subject. Can be one of the following values: `User`, `Group`, or `ServiceAccount`.","description_kind":"plain","required":true}},"description_kind":"plain"}}},"description_kind":"plain"}},"host_config":{"nesting_mode":"list","block":{"attributes":{"external_traffic_policy":{"type":"string","description":"The external traffic policy for the cluster.","description_kind":"plain","optional":true},"host_endpoint_type":{"type":"string","description":"The type of endpoint for the cluster. Can be either 'Ingress' or 'LoadBalancer'. The default is 'Ingress'.","description_kind":"plain","optional":true},"ingress_host":{"type":"string","description":"The host for the Ingress endpoint. Required if 'host_endpoint_type' is set to 'Ingress'.","description_kind":"plain","optional":true},"load_balancer_source_ranges":{"type":"string","description":"The source ranges for the load balancer. Required if 'host_endpoint_type' is set to 'LoadBalancer'.","description_kind":"plain","optional":true}},"description_kind":"plain"}},"location_config":{"nesting_mode":"list","block":{"attributes":{"country_code":{"type":"string","description":"The country code of the country the cluster is located in.","description_kind":"plain","optional":true},"country_name":{"type":"string","description":"The name of the country.","description_kind":"plain","optional":true},"latitude":{"type":"number","description":"The latitude coordinates value.","description_kind":"plain","required":true},"longitude":{"type":"number","description":"The longitude coordinates value.","description_kind":"plain","required":true},"region_code":{"type":"string","description":"The region code of where the cluster is located in.","description_kind":"plain","optional":true},"region_name":{"type":"string","description":"The name of the region.","description_kind":"plain","optional":true}},"description_kind":"plain"}},"machine_pool":{"nesting_mode":"set","block":{"attributes":{"additional_labels":{"type":["map","string"],"description_kind":"plain","optional":true},"control_plane":{"type":"bool","description":"Whether this machine pool is a control plane. Defaults to `false`.","description_kind":"plain","optional":true},"control_plane_as_worker":{"type":"bool","description":"Whether this machine pool is a control plane and a worker. Defaults to `false`.","description_kind":"plain","optional":true},"count":{"type":"number","description":"Number of nodes in the machine pool.","description_kind":"plain","required":true},"name":{"type":"string","description_kind":"plain","required":true},"update_strategy":{"type":"string","description":"Update strategy for the machine pool. Valid values are `RollingUpdateScaleOut` and `RollingUpdateScaleIn`.","description_kind":"plain","optional":true}},"block_types":{"placements":{"nesting_mode":"list","block":{"attributes":{"appliance_id":{"type":"string","description_kind":"plain","required":true}},"description_kind":"plain"},"min_items":1},"taints":{"nesting_mode":"list","block":{"attributes":{"effect":{"type":"string","description":"The effect of the taint. Allowed values are: `NoSchedule`, `PreferNoSchedule` or `NoExecute`.","description_kind":"plain","required":true},"key":{"type":"string","description":"The key of the taint.","description_kind":"plain","required":true},"value":{"type":"string","description":"The value of the taint.","description_kind":"plain","required":true}},"description_kind":"plain"}}},"description_kind":"plain"},"min_items":1},"namespaces":{"nesting_mode":"list","block":{"attributes":{"images_blacklist":{"type":["list","string"],"description":"List of images to disallow for the namespace. For example, `['nginx:latest', 'redis:latest']`","description_kind":"plain","optional":true},"name":{"type":"string","description":"Name of the namespace. This is the name of the Kubernetes namespace in the cluster.","description_kind":"plain","required":true},"resource_allocation":{"type":["map","string"],"description":"Resource allocation for the namespace. This is a map containing the resource type and the resource value. For example, `{cpu_cores: '2', memory_MiB: '2048'}`","description_kind":"plain","required":true}},"description_kind":"plain"}},"scan_policy":{"nesting_mode":"list","block":{"attributes":{"configuration_scan_schedule":{"type":"string","description":"The schedule for configuration scan.","description_kind":"plain","required":true},"conformance_scan_schedule":{"type":"string","description":"The schedule for conformance scan.","description_kind":"plain","required":true},"penetration_scan_schedule":{"type":"string","description":"The schedule for penetration scan.","description_kind":"plain","required":true}},"description_kind":"plain"},"max_items":1},"timeouts":{"nesting_mode":"single","block":{"attributes":{"create":{"type":"string","description_kind":"plain","optional":true},"delete":{"type":"string","description_kind":"plain","optional":true},"update":{"type":"string","description_kind":"plain","optional":true}},"description_kind":"plain"}}},"description":"Resource for managing Edge clusters in Spectro Cloud through Palette.","description_kind":"plain"}},"spectrocloud_cluster_edge_native":{"version":2,"block":{"attributes":{"apply_setting":{"type":"string","description_kind":"plain","optional":true},"cloud_account_id":{"type":"string","description_kind":"plain","optional":true},"cloud_config_id":{"type":"string","description":"ID of the cloud config used for the cluster. This cloud config must be of type `azure`.","description_kind":"plain","deprecated":true,"computed":true},"id":{"type":"string","description_kind":"plain","optional":true,"computed":true},"kubeconfig":{"type":"string","description":"Kubeconfig for the cluster. This can be used to connect to the cluster using `kubectl`.","description_kind":"plain","computed":true},"name":{"type":"string","description_kind":"plain","required":true},"os_patch_after":{"type":"string","description":"Date and time after which to patch cluster `RFC3339: 2006-01-02T15:04:05Z07:00`","description_kind":"plain","optional":true},"os_patch_on_boot":{"type":"bool","description":"Whether to apply OS patch on boot. Default is `false`.","description_kind":"plain","optional":true},"os_patch_schedule":{"type":"string","description":"The cron schedule for OS patching. This must be in the form of cron syntax. Ex: `0 0 * * *`.","description_kind":"plain","optional":true},"skip_completion":{"type":"bool","description":"If `true`, the cluster will be created asynchronously. Default value is `false`.","description_kind":"plain","optional":true},"tags":{"type":["set","string"],"description":"A list of tags to be applied to the cluster. Tags must be in the form of `key:value`.","description_kind":"plain","optional":true}},"block_types":{"backup_policy":{"nesting_mode":"list","block":{"attributes":{"backup_location_id":{"type":"string","description":"The ID of the backup location to use for the backup.","description_kind":"plain","required":true},"cluster_uids":{"type":["set","string"],"description":"The list of cluster UIDs to include in the backup. If `include_all_clusters` is set to `true`, then all clusters will be included.","description_kind":"plain","optional":true},"expiry_in_hour":{"type":"number","description":"The number of hours after which the backup will be deleted. For example, if the expiry is set to 24, the backup will be deleted after 24 hours.","description_kind":"plain","required":true},"include_all_clusters":{"type":"bool","description":"Whether to include all clusters in the backup. If set to false, only the clusters specified in `cluster_uids` will be included.","description_kind":"plain","optional":true},"include_cluster_resources":{"type":"bool","description":"Whether to include the cluster resources in the backup. If set to false, only the cluster configuration and disks will be backed up.","description_kind":"plain","optional":true},"include_disks":{"type":"bool","description":"Whether to include the disks in the backup. If set to false, only the cluster configuration will be backed up.","description_kind":"plain","optional":true},"namespaces":{"type":["set","string"],"description":"The list of Kubernetes namespaces to include in the backup. If not specified, all namespaces will be included.","description_kind":"plain","optional":true},"prefix":{"type":"string","description":"Prefix for the backup name. The backup name will be of the format \u003cprefix\u003e-\u003ccluster-name\u003e-\u003ctimestamp\u003e.","description_kind":"plain","required":true},"schedule":{"type":"string","description":"The schedule for the backup. The schedule is specified in cron format. For example, to run the backup every day at 1:00 AM, the schedule should be set to `0 1 * * *`.","description_kind":"plain","required":true}},"description_kind":"plain"},"max_items":1},"cloud_config":{"nesting_mode":"list","block":{"attributes":{"ntp_servers":{"type":["set","string"],"description_kind":"plain","optional":true},"ssh_key":{"type":"string","description_kind":"plain","required":true},"vip":{"type":"string","description_kind":"plain","optional":true}},"description_kind":"plain"},"min_items":1,"max_items":1},"cluster_profile":{"nesting_mode":"list","block":{"attributes":{"id":{"type":"string","description":"The ID of the cluster profile.","description_kind":"plain","required":true}},"block_types":{"pack":{"nesting_mode":"list","block":{"attributes":{"name":{"type":"string","description":"The name of the pack. The name must be unique within the cluster profile. ","description_kind":"plain","required":true},"registry_uid":{"type":"string","description":"The registry UID of the pack. The registry UID is the unique identifier of the registry. ","description_kind":"plain","optional":true},"tag":{"type":"string","description":"The tag of the pack. The tag is the version of the pack.","description_kind":"plain","optional":true},"type":{"type":"string","description":"The type of the pack. The default value is `spectro`.","description_kind":"plain","optional":true},"uid":{"type":"string","description_kind":"plain","optional":true,"computed":true},"values":{"type":"string","description":"The values of the pack. The values are the configuration values of the pack. The values are specified in YAML format. ","description_kind":"plain","required":true}},"block_types":{"manifest":{"nesting_mode":"list","block":{"attributes":{"content":{"type":"string","description":"The content of the manifest. The content is the YAML content of the manifest. ","description_kind":"plain","required":true},"name":{"type":"string","description":"The name of the manifest. The name must be unique within the pack. ","description_kind":"plain","required":true},"uid":{"type":"string","description_kind":"plain","computed":true}},"description_kind":"plain"}}},"description_kind":"plain"}}},"description_kind":"plain"}},"cluster_rbac_binding":{"nesting_mode":"list","block":{"attributes":{"namespace":{"type":"string","description":"The Kubernetes namespace of the RBAC binding. Required if 'type' is set to 'RoleBinding'.","description_kind":"plain","optional":true},"role":{"type":["map","string"],"description":"The role of the RBAC binding. Required if 'type' is set to 'RoleBinding'.","description_kind":"plain","optional":true},"type":{"type":"string","description":"The type of the RBAC binding. Can be one of the following values: `RoleBinding`, or `ClusterRoleBinding`.","description_kind":"plain","required":true}},"block_types":{"subjects":{"nesting_mode":"list","block":{"attributes":{"name":{"type":"string","description":"The name of the subject. Required if 'type' is set to 'User' or 'Group'.","description_kind":"plain","required":true},"namespace":{"type":"string","description":"The Kubernetes namespace of the subject. Required if 'type' is set to 'ServiceAccount'.","description_kind":"plain","optional":true},"type":{"type":"string","description":"The type of the subject. Can be one of the following values: `User`, `Group`, or `ServiceAccount`.","description_kind":"plain","required":true}},"description_kind":"plain"}}},"description_kind":"plain"}},"host_config":{"nesting_mode":"list","block":{"attributes":{"external_traffic_policy":{"type":"string","description":"The external traffic policy for the cluster.","description_kind":"plain","optional":true},"host_endpoint_type":{"type":"string","description":"The type of endpoint for the cluster. Can be either 'Ingress' or 'LoadBalancer'. The default is 'Ingress'.","description_kind":"plain","optional":true},"ingress_host":{"type":"string","description":"The host for the Ingress endpoint. Required if 'host_endpoint_type' is set to 'Ingress'.","description_kind":"plain","optional":true},"load_balancer_source_ranges":{"type":"string","description":"The source ranges for the load balancer. Required if 'host_endpoint_type' is set to 'LoadBalancer'.","description_kind":"plain","optional":true}},"description_kind":"plain"}},"location_config":{"nesting_mode":"list","block":{"attributes":{"country_code":{"type":"string","description":"The country code of the country the cluster is located in.","description_kind":"plain","optional":true},"country_name":{"type":"string","description":"The name of the country.","description_kind":"plain","optional":true},"latitude":{"type":"number","description":"The latitude coordinates value.","description_kind":"plain","required":true},"longitude":{"type":"number","description":"The longitude coordinates value.","description_kind":"plain","required":true},"region_code":{"type":"string","description":"The region code of where the cluster is located in.","description_kind":"plain","optional":true},"region_name":{"type":"string","description":"The name of the region.","description_kind":"plain","optional":true}},"description_kind":"plain"}},"machine_pool":{"nesting_mode":"set","block":{"attributes":{"additional_labels":{"type":["map","string"],"description_kind":"plain","optional":true},"control_plane":{"type":"bool","description":"Whether this machine pool is a control plane. Defaults to `false`.","description_kind":"plain","optional":true},"control_plane_as_worker":{"type":"bool","description":"Whether this machine pool is a control plane and a worker. Defaults to `false`.","description_kind":"plain","optional":true},"host_uids":{"type":["list","string"],"description_kind":"plain","optional":true},"name":{"type":"string","description_kind":"plain","required":true},"update_strategy":{"type":"string","description":"Update strategy for the machine pool. Valid values are `RollingUpdateScaleOut` and `RollingUpdateScaleIn`.","description_kind":"plain","optional":true}},"block_types":{"taints":{"nesting_mode":"list","block":{"attributes":{"effect":{"type":"string","description":"The effect of the taint. Allowed values are: `NoSchedule`, `PreferNoSchedule` or `NoExecute`.","description_kind":"plain","required":true},"key":{"type":"string","description":"The key of the taint.","description_kind":"plain","required":true},"value":{"type":"string","description":"The value of the taint.","description_kind":"plain","required":true}},"description_kind":"plain"}}},"description_kind":"plain"},"min_items":1},"namespaces":{"nesting_mode":"list","block":{"attributes":{"images_blacklist":{"type":["list","string"],"description":"List of images to disallow for the namespace. For example, `['nginx:latest', 'redis:latest']`","description_kind":"plain","optional":true},"name":{"type":"string","description":"Name of the namespace. This is the name of the Kubernetes namespace in the cluster.","description_kind":"plain","required":true},"resource_allocation":{"type":["map","string"],"description":"Resource allocation for the namespace. This is a map containing the resource type and the resource value. For example, `{cpu_cores: '2', memory_MiB: '2048'}`","description_kind":"plain","required":true}},"description_kind":"plain"}},"scan_policy":{"nesting_mode":"list","block":{"attributes":{"configuration_scan_schedule":{"type":"string","description":"The schedule for configuration scan.","description_kind":"plain","required":true},"conformance_scan_schedule":{"type":"string","description":"The schedule for conformance scan.","description_kind":"plain","required":true},"penetration_scan_schedule":{"type":"string","description":"The schedule for penetration scan.","description_kind":"plain","required":true}},"description_kind":"plain"},"max_items":1},"timeouts":{"nesting_mode":"single","block":{"attributes":{"create":{"type":"string","description_kind":"plain","optional":true},"delete":{"type":"string","description_kind":"plain","optional":true},"update":{"type":"string","description_kind":"plain","optional":true}},"description_kind":"plain"}}},"description":"Resource for managing Edge Native clusters in Spectro Cloud through Palette.","description_kind":"plain"}},"spectrocloud_cluster_edge_vsphere":{"version":0,"block":{"attributes":{"cloud_config_id":{"type":"string","description":"ID of the cloud config used for the cluster. This cloud config must be of type `azure`.","description_kind":"plain","deprecated":true,"computed":true},"edge_host_uid":{"type":"string","description_kind":"plain","required":true},"id":{"type":"string","description_kind":"plain","optional":true,"computed":true},"kubeconfig":{"type":"string","description":"Kubeconfig for the cluster. This can be used to connect to the cluster using `kubectl`.","description_kind":"plain","computed":true},"name":{"type":"string","description_kind":"plain","required":true},"os_patch_after":{"type":"string","description":"Date and time after which to patch cluster `RFC3339: 2006-01-02T15:04:05Z07:00`","description_kind":"plain","optional":true},"os_patch_on_boot":{"type":"bool","description":"Whether to apply OS patch on boot. Default is `false`.","description_kind":"plain","optional":true},"os_patch_schedule":{"type":"string","description":"Cron schedule for OS patching. This must be in the form of `0 0 * * *`.","description_kind":"plain","optional":true},"skip_completion":{"type":"bool","description":"If `true`, the cluster will be created asynchronously. Default value is `false`.","description_kind":"plain","optional":true},"tags":{"type":["set","string"],"description":"A list of tags to be applied to the cluster. Tags must be in the form of `key:value`.","description_kind":"plain","optional":true}},"block_types":{"backup_policy":{"nesting_mode":"list","block":{"attributes":{"backup_location_id":{"type":"string","description":"The ID of the backup location to use for the backup.","description_kind":"plain","required":true},"cluster_uids":{"type":["set","string"],"description":"The list of cluster UIDs to include in the backup. If `include_all_clusters` is set to `true`, then all clusters will be included.","description_kind":"plain","optional":true},"expiry_in_hour":{"type":"number","description":"The number of hours after which the backup will be deleted. For example, if the expiry is set to 24, the backup will be deleted after 24 hours.","description_kind":"plain","required":true},"include_all_clusters":{"type":"bool","description":"Whether to include all clusters in the backup. If set to false, only the clusters specified in `cluster_uids` will be included.","description_kind":"plain","optional":true},"include_cluster_resources":{"type":"bool","description":"Whether to include the cluster resources in the backup. If set to false, only the cluster configuration and disks will be backed up.","description_kind":"plain","optional":true},"include_disks":{"type":"bool","description":"Whether to include the disks in the backup. If set to false, only the cluster configuration will be backed up.","description_kind":"plain","optional":true},"namespaces":{"type":["set","string"],"description":"The list of Kubernetes namespaces to include in the backup. If not specified, all namespaces will be included.","description_kind":"plain","optional":true},"prefix":{"type":"string","description":"Prefix for the backup name. The backup name will be of the format \u003cprefix\u003e-\u003ccluster-name\u003e-\u003ctimestamp\u003e.","description_kind":"plain","required":true},"schedule":{"type":"string","description":"The schedule for the backup. The schedule is specified in cron format. For example, to run the backup every day at 1:00 AM, the schedule should be set to `0 1 * * *`.","description_kind":"plain","required":true}},"description_kind":"plain"},"max_items":1},"cloud_config":{"nesting_mode":"list","block":{"attributes":{"datacenter":{"type":"string","description_kind":"plain","required":true},"folder":{"type":"string","description_kind":"plain","required":true},"image_template_folder":{"type":"string","description_kind":"plain","optional":true},"network_search_domain":{"type":"string","description_kind":"plain","optional":true},"network_type":{"type":"string","description_kind":"plain","optional":true},"ssh_key":{"type":"string","description_kind":"plain","optional":true},"static_ip":{"type":"bool","description_kind":"plain","optional":true},"vip":{"type":"string","description_kind":"plain","required":true}},"description_kind":"plain"},"min_items":1,"max_items":1},"cluster_profile":{"nesting_mode":"list","block":{"attributes":{"id":{"type":"string","description":"The ID of the cluster profile.","description_kind":"plain","required":true}},"block_types":{"pack":{"nesting_mode":"list","block":{"attributes":{"name":{"type":"string","description":"The name of the pack. The name must be unique within the cluster profile. ","description_kind":"plain","required":true},"registry_uid":{"type":"string","description":"The registry UID of the pack. The registry UID is the unique identifier of the registry. ","description_kind":"plain","optional":true},"tag":{"type":"string","description":"The tag of the pack. The tag is the version of the pack.","description_kind":"plain","optional":true},"type":{"type":"string","description":"The type of the pack. The default value is `spectro`.","description_kind":"plain","optional":true},"uid":{"type":"string","description_kind":"plain","optional":true,"computed":true},"values":{"type":"string","description":"The values of the pack. The values are the configuration values of the pack. The values are specified in YAML format. ","description_kind":"plain","required":true}},"block_types":{"manifest":{"nesting_mode":"list","block":{"attributes":{"content":{"type":"string","description":"The content of the manifest. The content is the YAML content of the manifest. ","description_kind":"plain","required":true},"name":{"type":"string","description":"The name of the manifest. The name must be unique within the pack. ","description_kind":"plain","required":true},"uid":{"type":"string","description_kind":"plain","computed":true}},"description_kind":"plain"}}},"description_kind":"plain"}}},"description_kind":"plain"}},"cluster_rbac_binding":{"nesting_mode":"list","block":{"attributes":{"namespace":{"type":"string","description":"The Kubernetes namespace of the RBAC binding. Required if 'type' is set to 'RoleBinding'.","description_kind":"plain","optional":true},"role":{"type":["map","string"],"description":"The role of the RBAC binding. Required if 'type' is set to 'RoleBinding'.","description_kind":"plain","optional":true},"type":{"type":"string","description":"The type of the RBAC binding. Can be one of the following values: `RoleBinding`, or `ClusterRoleBinding`.","description_kind":"plain","required":true}},"block_types":{"subjects":{"nesting_mode":"list","block":{"attributes":{"name":{"type":"string","description":"The name of the subject. Required if 'type' is set to 'User' or 'Group'.","description_kind":"plain","required":true},"namespace":{"type":"string","description":"The Kubernetes namespace of the subject. Required if 'type' is set to 'ServiceAccount'.","description_kind":"plain","optional":true},"type":{"type":"string","description":"The type of the subject. Can be one of the following values: `User`, `Group`, or `ServiceAccount`.","description_kind":"plain","required":true}},"description_kind":"plain"}}},"description_kind":"plain"}},"host_config":{"nesting_mode":"list","block":{"attributes":{"external_traffic_policy":{"type":"string","description":"The external traffic policy for the cluster.","description_kind":"plain","optional":true},"host_endpoint_type":{"type":"string","description":"The type of endpoint for the cluster. Can be either 'Ingress' or 'LoadBalancer'. The default is 'Ingress'.","description_kind":"plain","optional":true},"ingress_host":{"type":"string","description":"The host for the Ingress endpoint. Required if 'host_endpoint_type' is set to 'Ingress'.","description_kind":"plain","optional":true},"load_balancer_source_ranges":{"type":"string","description":"The source ranges for the load balancer. Required if 'host_endpoint_type' is set to 'LoadBalancer'.","description_kind":"plain","optional":true}},"description_kind":"plain"}},"location_config":{"nesting_mode":"list","block":{"attributes":{"country_code":{"type":"string","description":"The country code of the country the cluster is located in.","description_kind":"plain","optional":true},"country_name":{"type":"string","description":"The name of the country.","description_kind":"plain","optional":true},"latitude":{"type":"number","description":"The latitude coordinates value.","description_kind":"plain","required":true},"longitude":{"type":"number","description":"The longitude coordinates value.","description_kind":"plain","required":true},"region_code":{"type":"string","description":"The region code of where the cluster is located in.","description_kind":"plain","optional":true},"region_name":{"type":"string","description":"The name of the region.","description_kind":"plain","optional":true}},"description_kind":"plain"}},"machine_pool":{"nesting_mode":"list","block":{"attributes":{"additional_labels":{"type":["map","string"],"description_kind":"plain","optional":true},"control_plane":{"type":"bool","description":"Whether this machine pool is a control plane. Defaults to `false`.","description_kind":"plain","optional":true},"control_plane_as_worker":{"type":"bool","description":"Whether this machine pool is a control plane and a worker. Defaults to `false`.","description_kind":"plain","optional":true},"count":{"type":"number","description":"Number of nodes in the machine pool.","description_kind":"plain","required":true},"name":{"type":"string","description_kind":"plain","required":true},"update_strategy":{"type":"string","description":"Update strategy for the machine pool. Valid values are `RollingUpdateScaleOut` and `RollingUpdateScaleIn`.","description_kind":"plain","optional":true}},"block_types":{"instance_type":{"nesting_mode":"list","block":{"attributes":{"cpu":{"type":"number","description_kind":"plain","required":true},"disk_size_gb":{"type":"number","description_kind":"plain","required":true},"memory_mb":{"type":"number","description_kind":"plain","required":true}},"description_kind":"plain"},"min_items":1,"max_items":1},"placement":{"nesting_mode":"list","block":{"attributes":{"cluster":{"type":"string","description_kind":"plain","required":true},"datastore":{"type":"string","description_kind":"plain","required":true},"id":{"type":"string","description_kind":"plain","computed":true},"network":{"type":"string","description_kind":"plain","required":true},"resource_pool":{"type":"string","description_kind":"plain","required":true},"static_ip_pool_id":{"type":"string","description_kind":"plain","optional":true}},"description_kind":"plain"},"min_items":1},"taints":{"nesting_mode":"list","block":{"attributes":{"effect":{"type":"string","description":"The effect of the taint. Allowed values are: `NoSchedule`, `PreferNoSchedule` or `NoExecute`.","description_kind":"plain","required":true},"key":{"type":"string","description":"The key of the taint.","description_kind":"plain","required":true},"value":{"type":"string","description":"The value of the taint.","description_kind":"plain","required":true}},"description_kind":"plain"}}},"description_kind":"plain"},"min_items":1},"namespaces":{"nesting_mode":"list","block":{"attributes":{"images_blacklist":{"type":["list","string"],"description":"List of images to disallow for the namespace. For example, `['nginx:latest', 'redis:latest']`","description_kind":"plain","optional":true},"name":{"type":"string","description":"Name of the namespace. This is the name of the Kubernetes namespace in the cluster.","description_kind":"plain","required":true},"resource_allocation":{"type":["map","string"],"description":"Resource allocation for the namespace. This is a map containing the resource type and the resource value. For example, `{cpu_cores: '2', memory_MiB: '2048'}`","description_kind":"plain","required":true}},"description_kind":"plain"}},"scan_policy":{"nesting_mode":"list","block":{"attributes":{"configuration_scan_schedule":{"type":"string","description":"The schedule for configuration scan.","description_kind":"plain","required":true},"conformance_scan_schedule":{"type":"string","description":"The schedule for conformance scan.","description_kind":"plain","required":true},"penetration_scan_schedule":{"type":"string","description":"The schedule for penetration scan.","description_kind":"plain","required":true}},"description_kind":"plain"},"max_items":1},"timeouts":{"nesting_mode":"single","block":{"attributes":{"create":{"type":"string","description_kind":"plain","optional":true},"delete":{"type":"string","description_kind":"plain","optional":true},"update":{"type":"string","description_kind":"plain","optional":true}},"description_kind":"plain"}}},"description_kind":"plain"}},"spectrocloud_cluster_eks":{"version":2,"block":{"attributes":{"apply_setting":{"type":"string","description_kind":"plain","optional":true},"cloud_account_id":{"type":"string","description":"The AWS cloud account id to use for this cluster.","description_kind":"plain","required":true},"cloud_config_id":{"type":"string","description":"ID of the cloud config used for the cluster. This cloud config must be of type `azure`.","description_kind":"plain","deprecated":true,"computed":true},"context":{"type":"string","description_kind":"plain","optional":true},"id":{"type":"string","description_kind":"plain","optional":true,"computed":true},"kubeconfig":{"type":"string","description":"Kubeconfig for the cluster. This can be used to connect to the cluster using `kubectl`.","description_kind":"plain","computed":true},"location_config":{"type":["list",["object",{"country_code":"string","country_name":"string","latitude":"number","longitude":"number","region_code":"string","region_name":"string"}]],"description_kind":"plain","computed":true},"name":{"type":"string","description":"The name of the cluster.","description_kind":"plain","required":true},"os_patch_after":{"type":"string","description":"Date and time after which to patch cluster `RFC3339: 2006-01-02T15:04:05Z07:00`","description_kind":"plain","optional":true},"os_patch_on_boot":{"type":"bool","description":"Whether to apply OS patch on boot. Default is `false`.","description_kind":"plain","optional":true},"os_patch_schedule":{"type":"string","description":"Cron schedule for OS patching. This must be in the form of `0 0 * * *`.","description_kind":"plain","optional":true},"skip_completion":{"type":"bool","description":"If `true`, the cluster will be created asynchronously. Default value is `false`.","description_kind":"plain","optional":true},"tags":{"type":["set","string"],"description":"A list of tags to be applied to the cluster. Tags must be in the form of `key:value`.","description_kind":"plain","optional":true}},"block_types":{"backup_policy":{"nesting_mode":"list","block":{"attributes":{"backup_location_id":{"type":"string","description":"The ID of the backup location to use for the backup.","description_kind":"plain","required":true},"cluster_uids":{"type":["set","string"],"description":"The list of cluster UIDs to include in the backup. If `include_all_clusters` is set to `true`, then all clusters will be included.","description_kind":"plain","optional":true},"expiry_in_hour":{"type":"number","description":"The number of hours after which the backup will be deleted. For example, if the expiry is set to 24, the backup will be deleted after 24 hours.","description_kind":"plain","required":true},"include_all_clusters":{"type":"bool","description":"Whether to include all clusters in the backup. If set to false, only the clusters specified in `cluster_uids` will be included.","description_kind":"plain","optional":true},"include_cluster_resources":{"type":"bool","description":"Whether to include the cluster resources in the backup. If set to false, only the cluster configuration and disks will be backed up.","description_kind":"plain","optional":true},"include_disks":{"type":"bool","description":"Whether to include the disks in the backup. If set to false, only the cluster configuration will be backed up.","description_kind":"plain","optional":true},"namespaces":{"type":["set","string"],"description":"The list of Kubernetes namespaces to include in the backup. If not specified, all namespaces will be included.","description_kind":"plain","optional":true},"prefix":{"type":"string","description":"Prefix for the backup name. The backup name will be of the format \u003cprefix\u003e-\u003ccluster-name\u003e-\u003ctimestamp\u003e.","description_kind":"plain","required":true},"schedule":{"type":"string","description":"The schedule for the backup. The schedule is specified in cron format. For example, to run the backup every day at 1:00 AM, the schedule should be set to `0 1 * * *`.","description_kind":"plain","required":true}},"description_kind":"plain"},"max_items":1},"cloud_config":{"nesting_mode":"list","block":{"attributes":{"az_subnets":{"type":["map","string"],"description":"Mutually exclusive with `azs`. Use for Static provisioning.","description_kind":"plain","optional":true},"azs":{"type":["list","string"],"description":"Mutually exclusive with `az_subnets`. Use for Dynamic provisioning.","description_kind":"plain","optional":true},"encryption_config_arn":{"type":"string","description_kind":"plain","optional":true},"endpoint_access":{"type":"string","description_kind":"plain","optional":true},"public_access_cidrs":{"type":["set","string"],"description_kind":"plain","optional":true},"region":{"type":"string","description_kind":"plain","required":true},"ssh_key_name":{"type":"string","description_kind":"plain","optional":true},"vpc_id":{"type":"string","description_kind":"plain","optional":true}},"description":"The AWS environment configuration settings such as network parameters and encryption parameters that apply to this cluster.","description_kind":"plain"},"min_items":1,"max_items":1},"cluster_profile":{"nesting_mode":"list","block":{"attributes":{"id":{"type":"string","description":"The ID of the cluster profile.","description_kind":"plain","required":true}},"block_types":{"pack":{"nesting_mode":"list","block":{"attributes":{"name":{"type":"string","description":"The name of the pack. The name must be unique within the cluster profile. ","description_kind":"plain","required":true},"registry_uid":{"type":"string","description":"The registry UID of the pack. The registry UID is the unique identifier of the registry. ","description_kind":"plain","optional":true},"tag":{"type":"string","description":"The tag of the pack. The tag is the version of the pack.","description_kind":"plain","optional":true},"type":{"type":"string","description":"The type of the pack. The default value is `spectro`.","description_kind":"plain","optional":true},"uid":{"type":"string","description_kind":"plain","optional":true,"computed":true},"values":{"type":"string","description":"The values of the pack. The values are the configuration values of the pack. The values are specified in YAML format. ","description_kind":"plain","required":true}},"block_types":{"manifest":{"nesting_mode":"list","block":{"attributes":{"content":{"type":"string","description":"The content of the manifest. The content is the YAML content of the manifest. ","description_kind":"plain","required":true},"name":{"type":"string","description":"The name of the manifest. The name must be unique within the pack. ","description_kind":"plain","required":true},"uid":{"type":"string","description_kind":"plain","computed":true}},"description_kind":"plain"}}},"description_kind":"plain"}}},"description_kind":"plain"}},"cluster_rbac_binding":{"nesting_mode":"list","block":{"attributes":{"namespace":{"type":"string","description":"The Kubernetes namespace of the RBAC binding. Required if 'type' is set to 'RoleBinding'.","description_kind":"plain","optional":true},"role":{"type":["map","string"],"description":"The role of the RBAC binding. Required if 'type' is set to 'RoleBinding'.","description_kind":"plain","optional":true},"type":{"type":"string","description":"The type of the RBAC binding. Can be one of the following values: `RoleBinding`, or `ClusterRoleBinding`.","description_kind":"plain","required":true}},"block_types":{"subjects":{"nesting_mode":"list","block":{"attributes":{"name":{"type":"string","description":"The name of the subject. Required if 'type' is set to 'User' or 'Group'.","description_kind":"plain","required":true},"namespace":{"type":"string","description":"The Kubernetes namespace of the subject. Required if 'type' is set to 'ServiceAccount'.","description_kind":"plain","optional":true},"type":{"type":"string","description":"The type of the subject. Can be one of the following values: `User`, `Group`, or `ServiceAccount`.","description_kind":"plain","required":true}},"description_kind":"plain"}}},"description_kind":"plain"}},"fargate_profile":{"nesting_mode":"list","block":{"attributes":{"additional_tags":{"type":["map","string"],"description_kind":"plain","optional":true},"name":{"type":"string","description_kind":"plain","required":true},"subnets":{"type":["list","string"],"description_kind":"plain","optional":true}},"block_types":{"selector":{"nesting_mode":"list","block":{"attributes":{"labels":{"type":["map","string"],"description_kind":"plain","optional":true},"namespace":{"type":"string","description_kind":"plain","required":true}},"description_kind":"plain"},"min_items":1}},"description_kind":"plain"}},"host_config":{"nesting_mode":"list","block":{"attributes":{"external_traffic_policy":{"type":"string","description":"The external traffic policy for the cluster.","description_kind":"plain","optional":true},"host_endpoint_type":{"type":"string","description":"The type of endpoint for the cluster. Can be either 'Ingress' or 'LoadBalancer'. The default is 'Ingress'.","description_kind":"plain","optional":true},"ingress_host":{"type":"string","description":"The host for the Ingress endpoint. Required if 'host_endpoint_type' is set to 'Ingress'.","description_kind":"plain","optional":true},"load_balancer_source_ranges":{"type":"string","description":"The source ranges for the load balancer. Required if 'host_endpoint_type' is set to 'LoadBalancer'.","description_kind":"plain","optional":true}},"description_kind":"plain"}},"machine_pool":{"nesting_mode":"list","block":{"attributes":{"additional_labels":{"type":["map","string"],"description_kind":"plain","optional":true},"az_subnets":{"type":["map","string"],"description_kind":"plain","optional":true},"azs":{"type":["list","string"],"description_kind":"plain","optional":true},"capacity_type":{"type":"string","description":"Capacity type is an instance type,  can be 'on-demand' or 'spot'. Defaults to 'on-demand'.","description_kind":"plain","optional":true},"count":{"type":"number","description":"Number of nodes in the machine pool.","description_kind":"plain","required":true},"disk_size_gb":{"type":"number","description_kind":"plain","required":true},"instance_type":{"type":"string","description_kind":"plain","required":true},"max":{"type":"number","description_kind":"plain","optional":true},"max_price":{"type":"string","description_kind":"plain","optional":true},"min":{"type":"number","description_kind":"plain","optional":true},"name":{"type":"string","description_kind":"plain","required":true},"update_strategy":{"type":"string","description":"Update strategy for the machine pool. Valid values are `RollingUpdateScaleOut` and `RollingUpdateScaleIn`.","description_kind":"plain","optional":true}},"block_types":{"taints":{"nesting_mode":"list","block":{"attributes":{"effect":{"type":"string","description":"The effect of the taint. Allowed values are: `NoSchedule`, `PreferNoSchedule` or `NoExecute`.","description_kind":"plain","required":true},"key":{"type":"string","description":"The key of the taint.","description_kind":"plain","required":true},"value":{"type":"string","description":"The value of the taint.","description_kind":"plain","required":true}},"description_kind":"plain"}}},"description":"The machine pool configuration for the cluster.","description_kind":"plain"},"min_items":1},"namespaces":{"nesting_mode":"list","block":{"attributes":{"images_blacklist":{"type":["list","string"],"description":"List of images to disallow for the namespace. For example, `['nginx:latest', 'redis:latest']`","description_kind":"plain","optional":true},"name":{"type":"string","description":"Name of the namespace. This is the name of the Kubernetes namespace in the cluster.","description_kind":"plain","required":true},"resource_allocation":{"type":["map","string"],"description":"Resource allocation for the namespace. This is a map containing the resource type and the resource value. For example, `{cpu_cores: '2', memory_MiB: '2048'}`","description_kind":"plain","required":true}},"description_kind":"plain"}},"scan_policy":{"nesting_mode":"list","block":{"attributes":{"configuration_scan_schedule":{"type":"string","description":"The schedule for configuration scan.","description_kind":"plain","required":true},"conformance_scan_schedule":{"type":"string","description":"The schedule for conformance scan.","description_kind":"plain","required":true},"penetration_scan_schedule":{"type":"string","description":"The schedule for penetration scan.","description_kind":"plain","required":true}},"description_kind":"plain"},"max_items":1},"timeouts":{"nesting_mode":"single","block":{"attributes":{"create":{"type":"string","description_kind":"plain","optional":true},"delete":{"type":"string","description_kind":"plain","optional":true},"update":{"type":"string","description_kind":"plain","optional":true}},"description_kind":"plain"}}},"description":"Resource for managing EKS clusters in Spectro Cloud through Palette.","description_kind":"plain"}},"spectrocloud_cluster_gcp":{"version":2,"block":{"attributes":{"apply_setting":{"type":"string","description_kind":"plain","optional":true},"cloud_account_id":{"type":"string","description_kind":"plain","required":true},"cloud_config_id":{"type":"string","description":"ID of the cloud config used for the cluster. This cloud config must be of type `azure`.","description_kind":"plain","deprecated":true,"computed":true},"id":{"type":"string","description_kind":"plain","optional":true,"computed":true},"kubeconfig":{"type":"string","description":"Kubeconfig for the cluster. This can be used to connect to the cluster using `kubectl`.","description_kind":"plain","computed":true},"location_config":{"type":["list",["object",{"country_code":"string","country_name":"string","latitude":"number","longitude":"number","region_code":"string","region_name":"string"}]],"description_kind":"plain","computed":true},"name":{"type":"string","description_kind":"plain","required":true},"os_patch_after":{"type":"string","description":"Date and time after which to patch cluster `RFC3339: 2006-01-02T15:04:05Z07:00`","description_kind":"plain","optional":true},"os_patch_on_boot":{"type":"bool","description":"Whether to apply OS patch on boot. Default is `false`.","description_kind":"plain","optional":true},"os_patch_schedule":{"type":"string","description":"Cron schedule for OS patching. This must be in the form of `0 0 * * *`.","description_kind":"plain","optional":true},"skip_completion":{"type":"bool","description":"If `true`, the cluster will be created asynchronously. Default value is `false`.","description_kind":"plain","optional":true},"tags":{"type":["set","string"],"description":"A list of tags to be applied to the cluster. Tags must be in the form of `key:value`.","description_kind":"plain","optional":true}},"block_types":{"backup_policy":{"nesting_mode":"list","block":{"attributes":{"backup_location_id":{"type":"string","description":"The ID of the backup location to use for the backup.","description_kind":"plain","required":true},"cluster_uids":{"type":["set","string"],"description":"The list of cluster UIDs to include in the backup. If `include_all_clusters` is set to `true`, then all clusters will be included.","description_kind":"plain","optional":true},"expiry_in_hour":{"type":"number","description":"The number of hours after which the backup will be deleted. For example, if the expiry is set to 24, the backup will be deleted after 24 hours.","description_kind":"plain","required":true},"include_all_clusters":{"type":"bool","description":"Whether to include all clusters in the backup. If set to false, only the clusters specified in `cluster_uids` will be included.","description_kind":"plain","optional":true},"include_cluster_resources":{"type":"bool","description":"Whether to include the cluster resources in the backup. If set to false, only the cluster configuration and disks will be backed up.","description_kind":"plain","optional":true},"include_disks":{"type":"bool","description":"Whether to include the disks in the backup. If set to false, only the cluster configuration will be backed up.","description_kind":"plain","optional":true},"namespaces":{"type":["set","string"],"description":"The list of Kubernetes namespaces to include in the backup. If not specified, all namespaces will be included.","description_kind":"plain","optional":true},"prefix":{"type":"string","description":"Prefix for the backup name. The backup name will be of the format \u003cprefix\u003e-\u003ccluster-name\u003e-\u003ctimestamp\u003e.","description_kind":"plain","required":true},"schedule":{"type":"string","description":"The schedule for the backup. The schedule is specified in cron format. For example, to run the backup every day at 1:00 AM, the schedule should be set to `0 1 * * *`.","description_kind":"plain","required":true}},"description_kind":"plain"},"max_items":1},"cloud_config":{"nesting_mode":"list","block":{"attributes":{"network":{"type":"string","description_kind":"plain","optional":true},"project":{"type":"string","description_kind":"plain","required":true},"region":{"type":"string","description_kind":"plain","required":true}},"description_kind":"plain"},"min_items":1,"max_items":1},"cluster_profile":{"nesting_mode":"list","block":{"attributes":{"id":{"type":"string","description":"The ID of the cluster profile.","description_kind":"plain","required":true}},"block_types":{"pack":{"nesting_mode":"list","block":{"attributes":{"name":{"type":"string","description":"The name of the pack. The name must be unique within the cluster profile. ","description_kind":"plain","required":true},"registry_uid":{"type":"string","description":"The registry UID of the pack. The registry UID is the unique identifier of the registry. ","description_kind":"plain","optional":true},"tag":{"type":"string","description":"The tag of the pack. The tag is the version of the pack.","description_kind":"plain","optional":true},"type":{"type":"string","description":"The type of the pack. The default value is `spectro`.","description_kind":"plain","optional":true},"uid":{"type":"string","description_kind":"plain","optional":true,"computed":true},"values":{"type":"string","description":"The values of the pack. The values are the configuration values of the pack. The values are specified in YAML format. ","description_kind":"plain","required":true}},"block_types":{"manifest":{"nesting_mode":"list","block":{"attributes":{"content":{"type":"string","description":"The content of the manifest. The content is the YAML content of the manifest. ","description_kind":"plain","required":true},"name":{"type":"string","description":"The name of the manifest. The name must be unique within the pack. ","description_kind":"plain","required":true},"uid":{"type":"string","description_kind":"plain","computed":true}},"description_kind":"plain"}}},"description_kind":"plain"}}},"description_kind":"plain"}},"cluster_rbac_binding":{"nesting_mode":"list","block":{"attributes":{"namespace":{"type":"string","description":"The Kubernetes namespace of the RBAC binding. Required if 'type' is set to 'RoleBinding'.","description_kind":"plain","optional":true},"role":{"type":["map","string"],"description":"The role of the RBAC binding. Required if 'type' is set to 'RoleBinding'.","description_kind":"plain","optional":true},"type":{"type":"string","description":"The type of the RBAC binding. Can be one of the following values: `RoleBinding`, or `ClusterRoleBinding`.","description_kind":"plain","required":true}},"block_types":{"subjects":{"nesting_mode":"list","block":{"attributes":{"name":{"type":"string","description":"The name of the subject. Required if 'type' is set to 'User' or 'Group'.","description_kind":"plain","required":true},"namespace":{"type":"string","description":"The Kubernetes namespace of the subject. Required if 'type' is set to 'ServiceAccount'.","description_kind":"plain","optional":true},"type":{"type":"string","description":"The type of the subject. Can be one of the following values: `User`, `Group`, or `ServiceAccount`.","description_kind":"plain","required":true}},"description_kind":"plain"}}},"description_kind":"plain"}},"host_config":{"nesting_mode":"list","block":{"attributes":{"external_traffic_policy":{"type":"string","description":"The external traffic policy for the cluster.","description_kind":"plain","optional":true},"host_endpoint_type":{"type":"string","description":"The type of endpoint for the cluster. Can be either 'Ingress' or 'LoadBalancer'. The default is 'Ingress'.","description_kind":"plain","optional":true},"ingress_host":{"type":"string","description":"The host for the Ingress endpoint. Required if 'host_endpoint_type' is set to 'Ingress'.","description_kind":"plain","optional":true},"load_balancer_source_ranges":{"type":"string","description":"The source ranges for the load balancer. Required if 'host_endpoint_type' is set to 'LoadBalancer'.","description_kind":"plain","optional":true}},"description_kind":"plain"}},"machine_pool":{"nesting_mode":"set","block":{"attributes":{"additional_labels":{"type":["map","string"],"description_kind":"plain","optional":true},"azs":{"type":["set","string"],"description_kind":"plain","required":true},"control_plane":{"type":"bool","description":"Whether this machine pool is a control plane. Defaults to `false`.","description_kind":"plain","optional":true},"control_plane_as_worker":{"type":"bool","description":"Whether this machine pool is a control plane and a worker. Defaults to `false`.","description_kind":"plain","optional":true},"count":{"type":"number","description":"Number of nodes in the machine pool.","description_kind":"plain","required":true},"disk_size_gb":{"type":"number","description_kind":"plain","optional":true},"instance_type":{"type":"string","description_kind":"plain","required":true},"name":{"type":"string","description_kind":"plain","required":true},"update_strategy":{"type":"string","description":"Update strategy for the machine pool. Valid values are `RollingUpdateScaleOut` and `RollingUpdateScaleIn`.","description_kind":"plain","optional":true}},"block_types":{"taints":{"nesting_mode":"list","block":{"attributes":{"effect":{"type":"string","description":"The effect of the taint. Allowed values are: `NoSchedule`, `PreferNoSchedule` or `NoExecute`.","description_kind":"plain","required":true},"key":{"type":"string","description":"The key of the taint.","description_kind":"plain","required":true},"value":{"type":"string","description":"The value of the taint.","description_kind":"plain","required":true}},"description_kind":"plain"}}},"description_kind":"plain"},"min_items":1},"namespaces":{"nesting_mode":"list","block":{"attributes":{"images_blacklist":{"type":["list","string"],"description":"List of images to disallow for the namespace. For example, `['nginx:latest', 'redis:latest']`","description_kind":"plain","optional":true},"name":{"type":"string","description":"Name of the namespace. This is the name of the Kubernetes namespace in the cluster.","description_kind":"plain","required":true},"resource_allocation":{"type":["map","string"],"description":"Resource allocation for the namespace. This is a map containing the resource type and the resource value. For example, `{cpu_cores: '2', memory_MiB: '2048'}`","description_kind":"plain","required":true}},"description_kind":"plain"}},"scan_policy":{"nesting_mode":"list","block":{"attributes":{"configuration_scan_schedule":{"type":"string","description":"The schedule for configuration scan.","description_kind":"plain","required":true},"conformance_scan_schedule":{"type":"string","description":"The schedule for conformance scan.","description_kind":"plain","required":true},"penetration_scan_schedule":{"type":"string","description":"The schedule for penetration scan.","description_kind":"plain","required":true}},"description_kind":"plain"},"max_items":1},"timeouts":{"nesting_mode":"single","block":{"attributes":{"create":{"type":"string","description_kind":"plain","optional":true},"delete":{"type":"string","description_kind":"plain","optional":true},"update":{"type":"string","description_kind":"plain","optional":true}},"description_kind":"plain"}}},"description":"Resource for managing GCP clusters in Spectro Cloud through Palette.","description_kind":"plain"}},"spectrocloud_cluster_group":{"version":2,"block":{"attributes":{"context":{"type":"string","description":"The context of the Cluster group. Allowed values are 'project' or 'tenant'. Defaults to 'tenant'.","description_kind":"plain","optional":true},"id":{"type":"string","description_kind":"plain","optional":true,"computed":true},"name":{"type":"string","description":"Name of the cluster group","description_kind":"plain","required":true},"tags":{"type":["set","string"],"description":"A list of tags to be applied to the cluster group. Tags must be in the form of `key:value`.","description_kind":"plain","optional":true}},"block_types":{"clusters":{"nesting_mode":"list","block":{"attributes":{"cluster_uid":{"type":"string","description":"The UID of the host cluster.","description_kind":"plain","required":true},"host_dns":{"type":"string","description":"The host DNS wildcard for the cluster. i.e. `*.dev` or `*test.com`","description_kind":"plain","optional":true}},"description":"A list of clusters to include in the cluster group.","description_kind":"plain"}},"config":{"nesting_mode":"list","block":{"attributes":{"cpu_millicore":{"type":"number","description":"The CPU limit in millicores.","description_kind":"plain","optional":true},"host_endpoint_type":{"type":"string","description":"The host endpoint type. Allowed values are 'Ingress' or 'LoadBalancer'. Defaults to 'Ingress'.","description_kind":"plain","optional":true},"memory_in_mb":{"type":"number","description":"The memory limit in megabytes (MB).","description_kind":"plain","optional":true},"oversubscription_percent":{"type":"number","description":"The allowed oversubscription percentage.","description_kind":"plain","optional":true},"storage_in_gb":{"type":"number","description":"The storage limit in gigabytes (GB).","description_kind":"plain","optional":true},"values":{"type":"string","description_kind":"plain","optional":true}},"description_kind":"plain"},"min_items":1,"max_items":1},"timeouts":{"nesting_mode":"single","block":{"attributes":{"create":{"type":"string","description_kind":"plain","optional":true},"delete":{"type":"string","description_kind":"plain","optional":true},"update":{"type":"string","description_kind":"plain","optional":true}},"description_kind":"plain"}}},"description_kind":"plain"}},"spectrocloud_cluster_import":{"version":2,"block":{"attributes":{"cloud":{"type":"string","description_kind":"plain","required":true},"cloud_config_id":{"type":"string","description":"ID of the cloud config used for the cluster. This cloud config must be of type `azure`.","description_kind":"plain","deprecated":true,"computed":true},"cluster_import_manifest":{"type":"string","description_kind":"plain","computed":true},"cluster_import_manifest_apply_command":{"type":"string","description_kind":"plain","computed":true},"id":{"type":"string","description_kind":"plain","optional":true,"computed":true},"name":{"type":"string","description_kind":"plain","required":true},"tags":{"type":["set","string"],"description":"A list of tags to be applied to the cluster. Tags must be in the form of `key:value`.","description_kind":"plain","optional":true}},"block_types":{"cluster_profile":{"nesting_mode":"list","block":{"attributes":{"id":{"type":"string","description":"The ID of the cluster profile.","description_kind":"plain","required":true}},"block_types":{"pack":{"nesting_mode":"list","block":{"attributes":{"name":{"type":"string","description":"The name of the pack. The name must be unique within the cluster profile. ","description_kind":"plain","required":true},"registry_uid":{"type":"string","description":"The registry UID of the pack. The registry UID is the unique identifier of the registry. ","description_kind":"plain","optional":true},"tag":{"type":"string","description":"The tag of the pack. The tag is the version of the pack.","description_kind":"plain","optional":true},"type":{"type":"string","description":"The type of the pack. The default value is `spectro`.","description_kind":"plain","optional":true},"uid":{"type":"string","description_kind":"plain","optional":true,"computed":true},"values":{"type":"string","description":"The values of the pack. The values are the configuration values of the pack. The values are specified in YAML format. ","description_kind":"plain","required":true}},"block_types":{"manifest":{"nesting_mode":"list","block":{"attributes":{"content":{"type":"string","description":"The content of the manifest. The content is the YAML content of the manifest. ","description_kind":"plain","required":true},"name":{"type":"string","description":"The name of the manifest. The name must be unique within the pack. ","description_kind":"plain","required":true},"uid":{"type":"string","description_kind":"plain","computed":true}},"description_kind":"plain"}}},"description_kind":"plain"}}},"description_kind":"plain"}},"timeouts":{"nesting_mode":"single","block":{"attributes":{"create":{"type":"string","description_kind":"plain","optional":true},"delete":{"type":"string","description_kind":"plain","optional":true},"update":{"type":"string","description_kind":"plain","optional":true}},"description_kind":"plain"}}},"description_kind":"plain"}},"spectrocloud_cluster_libvirt":{"version":2,"block":{"attributes":{"apply_setting":{"type":"string","description_kind":"plain","optional":true},"cloud_account_id":{"type":"string","description_kind":"plain","optional":true},"cloud_config_id":{"type":"string","description":"ID of the cloud config used for the cluster. This cloud config must be of type `azure`.","description_kind":"plain","deprecated":true,"computed":true},"id":{"type":"string","description_kind":"plain","optional":true,"computed":true},"kubeconfig":{"type":"string","description":"Kubeconfig for the cluster. This can be used to connect to the cluster using `kubectl`.","description_kind":"plain","computed":true},"name":{"type":"string","description_kind":"plain","required":true},"os_patch_after":{"type":"string","description":"Date and time after which to patch cluster `RFC3339: 2006-01-02T15:04:05Z07:00`","description_kind":"plain","optional":true},"os_patch_on_boot":{"type":"bool","description":"Whether to apply OS patch on boot. Default is `false`.","description_kind":"plain","optional":true},"os_patch_schedule":{"type":"string","description":"Cron schedule for OS patching. This must be in the form of `0 0 * * *`.","description_kind":"plain","optional":true},"skip_completion":{"type":"bool","description":"If `true`, the cluster will be created asynchronously. Default value is `false`.","description_kind":"plain","optional":true},"tags":{"type":["set","string"],"description":"A list of tags to be applied to the cluster. Tags must be in the form of `key:value`.","description_kind":"plain","optional":true}},"block_types":{"backup_policy":{"nesting_mode":"list","block":{"attributes":{"backup_location_id":{"type":"string","description":"The ID of the backup location to use for the backup.","description_kind":"plain","required":true},"cluster_uids":{"type":["set","string"],"description":"The list of cluster UIDs to include in the backup. If `include_all_clusters` is set to `true`, then all clusters will be included.","description_kind":"plain","optional":true},"expiry_in_hour":{"type":"number","description":"The number of hours after which the backup will be deleted. For example, if the expiry is set to 24, the backup will be deleted after 24 hours.","description_kind":"plain","required":true},"include_all_clusters":{"type":"bool","description":"Whether to include all clusters in the backup. If set to false, only the clusters specified in `cluster_uids` will be included.","description_kind":"plain","optional":true},"include_cluster_resources":{"type":"bool","description":"Whether to include the cluster resources in the backup. If set to false, only the cluster configuration and disks will be backed up.","description_kind":"plain","optional":true},"include_disks":{"type":"bool","description":"Whether to include the disks in the backup. If set to false, only the cluster configuration will be backed up.","description_kind":"plain","optional":true},"namespaces":{"type":["set","string"],"description":"The list of Kubernetes namespaces to include in the backup. If not specified, all namespaces will be included.","description_kind":"plain","optional":true},"prefix":{"type":"string","description":"Prefix for the backup name. The backup name will be of the format \u003cprefix\u003e-\u003ccluster-name\u003e-\u003ctimestamp\u003e.","description_kind":"plain","required":true},"schedule":{"type":"string","description":"The schedule for the backup. The schedule is specified in cron format. For example, to run the backup every day at 1:00 AM, the schedule should be set to `0 1 * * *`.","description_kind":"plain","required":true}},"description_kind":"plain"},"max_items":1},"cloud_config":{"nesting_mode":"list","block":{"attributes":{"ntp_servers":{"type":["set","string"],"description_kind":"plain","optional":true},"ssh_key":{"type":"string","description_kind":"plain","required":true},"vip":{"type":"string","description_kind":"plain","required":true}},"description_kind":"plain"},"min_items":1,"max_items":1},"cluster_profile":{"nesting_mode":"list","block":{"attributes":{"id":{"type":"string","description":"The ID of the cluster profile.","description_kind":"plain","required":true}},"block_types":{"pack":{"nesting_mode":"list","block":{"attributes":{"name":{"type":"string","description":"The name of the pack. The name must be unique within the cluster profile. ","description_kind":"plain","required":true},"registry_uid":{"type":"string","description":"The registry UID of the pack. The registry UID is the unique identifier of the registry. ","description_kind":"plain","optional":true},"tag":{"type":"string","description":"The tag of the pack. The tag is the version of the pack.","description_kind":"plain","optional":true},"type":{"type":"string","description":"The type of the pack. The default value is `spectro`.","description_kind":"plain","optional":true},"uid":{"type":"string","description_kind":"plain","optional":true,"computed":true},"values":{"type":"string","description":"The values of the pack. The values are the configuration values of the pack. The values are specified in YAML format. ","description_kind":"plain","required":true}},"block_types":{"manifest":{"nesting_mode":"list","block":{"attributes":{"content":{"type":"string","description":"The content of the manifest. The content is the YAML content of the manifest. ","description_kind":"plain","required":true},"name":{"type":"string","description":"The name of the manifest. The name must be unique within the pack. ","description_kind":"plain","required":true},"uid":{"type":"string","description_kind":"plain","computed":true}},"description_kind":"plain"}}},"description_kind":"plain"}}},"description_kind":"plain"}},"cluster_rbac_binding":{"nesting_mode":"list","block":{"attributes":{"namespace":{"type":"string","description":"The Kubernetes namespace of the RBAC binding. Required if 'type' is set to 'RoleBinding'.","description_kind":"plain","optional":true},"role":{"type":["map","string"],"description":"The role of the RBAC binding. Required if 'type' is set to 'RoleBinding'.","description_kind":"plain","optional":true},"type":{"type":"string","description":"The type of the RBAC binding. Can be one of the following values: `RoleBinding`, or `ClusterRoleBinding`.","description_kind":"plain","required":true}},"block_types":{"subjects":{"nesting_mode":"list","block":{"attributes":{"name":{"type":"string","description":"The name of the subject. Required if 'type' is set to 'User' or 'Group'.","description_kind":"plain","required":true},"namespace":{"type":"string","description":"The Kubernetes namespace of the subject. Required if 'type' is set to 'ServiceAccount'.","description_kind":"plain","optional":true},"type":{"type":"string","description":"The type of the subject. Can be one of the following values: `User`, `Group`, or `ServiceAccount`.","description_kind":"plain","required":true}},"description_kind":"plain"}}},"description_kind":"plain"}},"host_config":{"nesting_mode":"list","block":{"attributes":{"external_traffic_policy":{"type":"string","description":"The external traffic policy for the cluster.","description_kind":"plain","optional":true},"host_endpoint_type":{"type":"string","description":"The type of endpoint for the cluster. Can be either 'Ingress' or 'LoadBalancer'. The default is 'Ingress'.","description_kind":"plain","optional":true},"ingress_host":{"type":"string","description":"The host for the Ingress endpoint. Required if 'host_endpoint_type' is set to 'Ingress'.","description_kind":"plain","optional":true},"load_balancer_source_ranges":{"type":"string","description":"The source ranges for the load balancer. Required if 'host_endpoint_type' is set to 'LoadBalancer'.","description_kind":"plain","optional":true}},"description_kind":"plain"}},"location_config":{"nesting_mode":"list","block":{"attributes":{"country_code":{"type":"string","description":"The country code of the country the cluster is located in.","description_kind":"plain","optional":true},"country_name":{"type":"string","description":"The name of the country.","description_kind":"plain","optional":true},"latitude":{"type":"number","description":"The latitude coordinates value.","description_kind":"plain","required":true},"longitude":{"type":"number","description":"The longitude coordinates value.","description_kind":"plain","required":true},"region_code":{"type":"string","description":"The region code of where the cluster is located in.","description_kind":"plain","optional":true},"region_name":{"type":"string","description":"The name of the region.","description_kind":"plain","optional":true}},"description_kind":"plain"}},"machine_pool":{"nesting_mode":"list","block":{"attributes":{"additional_labels":{"type":["map","string"],"description_kind":"plain","optional":true},"control_plane":{"type":"bool","description":"Whether this machine pool is a control plane. Defaults to `false`.","description_kind":"plain","optional":true},"control_plane_as_worker":{"type":"bool","description":"Whether this machine pool is a control plane and a worker. Defaults to `false`.","description_kind":"plain","optional":true},"count":{"type":"number","description":"Number of nodes in the machine pool.","description_kind":"plain","required":true},"name":{"type":"string","description_kind":"plain","required":true},"update_strategy":{"type":"string","description":"Update strategy for the machine pool. Valid values are `RollingUpdateScaleOut` and `RollingUpdateScaleIn`.","description_kind":"plain","optional":true}},"block_types":{"instance_type":{"nesting_mode":"list","block":{"attributes":{"cache_passthrough":{"type":"bool","description_kind":"plain","optional":true},"cpu":{"type":"number","description_kind":"plain","required":true},"cpus_sets":{"type":"string","description_kind":"plain","optional":true},"disk_size_gb":{"type":"number","description_kind":"plain","required":true},"memory_mb":{"type":"number","description_kind":"plain","required":true}},"block_types":{"attached_disks":{"nesting_mode":"list","block":{"attributes":{"managed":{"type":"bool","description_kind":"plain","optional":true},"size_in_gb":{"type":"number","description_kind":"plain","required":true}},"description_kind":"plain"}},"gpu_config":{"nesting_mode":"list","block":{"attributes":{"addresses":{"type":["map","string"],"description_kind":"plain","optional":true},"device_model":{"type":"string","description_kind":"plain","required":true},"num_gpus":{"type":"number","description_kind":"plain","required":true},"vendor":{"type":"string","description_kind":"plain","required":true}},"description_kind":"plain"}}},"description_kind":"plain"},"min_items":1,"max_items":1},"placements":{"nesting_mode":"list","block":{"attributes":{"appliance_id":{"type":"string","description_kind":"plain","required":true},"data_storage_pool":{"type":"string","description_kind":"plain","required":true},"image_storage_pool":{"type":"string","description_kind":"plain","required":true},"network":{"type":"string","description_kind":"plain","optional":true},"network_names":{"type":"string","description_kind":"plain","required":true},"network_type":{"type":"string","description_kind":"plain","required":true},"target_storage_pool":{"type":"string","description_kind":"plain","required":true}},"description_kind":"plain"},"min_items":1},"taints":{"nesting_mode":"list","block":{"attributes":{"effect":{"type":"string","description":"The effect of the taint. Allowed values are: `NoSchedule`, `PreferNoSchedule` or `NoExecute`.","description_kind":"plain","required":true},"key":{"type":"string","description":"The key of the taint.","description_kind":"plain","required":true},"value":{"type":"string","description":"The value of the taint.","description_kind":"plain","required":true}},"description_kind":"plain"}}},"description_kind":"plain"},"min_items":1},"namespaces":{"nesting_mode":"list","block":{"attributes":{"images_blacklist":{"type":["list","string"],"description":"List of images to disallow for the namespace. For example, `['nginx:latest', 'redis:latest']`","description_kind":"plain","optional":true},"name":{"type":"string","description":"Name of the namespace. This is the name of the Kubernetes namespace in the cluster.","description_kind":"plain","required":true},"resource_allocation":{"type":["map","string"],"description":"Resource allocation for the namespace. This is a map containing the resource type and the resource value. For example, `{cpu_cores: '2', memory_MiB: '2048'}`","description_kind":"plain","required":true}},"description_kind":"plain"}},"scan_policy":{"nesting_mode":"list","block":{"attributes":{"configuration_scan_schedule":{"type":"string","description":"The schedule for configuration scan.","description_kind":"plain","required":true},"conformance_scan_schedule":{"type":"string","description":"The schedule for conformance scan.","description_kind":"plain","required":true},"penetration_scan_schedule":{"type":"string","description":"The schedule for penetration scan.","description_kind":"plain","required":true}},"description_kind":"plain"},"max_items":1},"timeouts":{"nesting_mode":"single","block":{"attributes":{"create":{"type":"string","description_kind":"plain","optional":true},"delete":{"type":"string","description_kind":"plain","optional":true},"update":{"type":"string","description_kind":"plain","optional":true}},"description_kind":"plain"}}},"description":"Resource for managing Libvirt clusters in Spectro Cloud through Palette.","description_kind":"plain"}},"spectrocloud_cluster_maas":{"version":2,"block":{"attributes":{"apply_setting":{"type":"string","description_kind":"plain","optional":true},"cloud_account_id":{"type":"string","description_kind":"plain","optional":true},"cloud_config_id":{"type":"string","description":"ID of the cloud config used for the cluster. This cloud config must be of type `azure`.","description_kind":"plain","deprecated":true,"computed":true},"id":{"type":"string","description_kind":"plain","optional":true,"computed":true},"kubeconfig":{"type":"string","description":"Kubeconfig for the cluster. This can be used to connect to the cluster using `kubectl`.","description_kind":"plain","computed":true},"name":{"type":"string","description_kind":"plain","required":true},"os_patch_after":{"type":"string","description":"The date and time after which to patch the cluster. Prefix the time value with the respective RFC. Ex: `RFC3339: 2006-01-02T15:04:05Z07:00`","description_kind":"plain","optional":true},"os_patch_on_boot":{"type":"bool","description":"Whether to apply OS patch on boot. Default is `false`.","description_kind":"plain","optional":true},"os_patch_schedule":{"type":"string","description":"Cron schedule for OS patching. This must be in the form of `0 0 * * *`.","description_kind":"plain","optional":true},"skip_completion":{"type":"bool","description":"If `true`, the cluster will be created asynchronously. Default value is `false`.","description_kind":"plain","optional":true},"tags":{"type":["set","string"],"description":"A list of tags to be applied to the cluster. Tags must be in the form of `key:value`.","description_kind":"plain","optional":true}},"block_types":{"backup_policy":{"nesting_mode":"list","block":{"attributes":{"backup_location_id":{"type":"string","description":"The ID of the backup location to use for the backup.","description_kind":"plain","required":true},"cluster_uids":{"type":["set","string"],"description":"The list of cluster UIDs to include in the backup. If `include_all_clusters` is set to `true`, then all clusters will be included.","description_kind":"plain","optional":true},"expiry_in_hour":{"type":"number","description":"The number of hours after which the backup will be deleted. For example, if the expiry is set to 24, the backup will be deleted after 24 hours.","description_kind":"plain","required":true},"include_all_clusters":{"type":"bool","description":"Whether to include all clusters in the backup. If set to false, only the clusters specified in `cluster_uids` will be included.","description_kind":"plain","optional":true},"include_cluster_resources":{"type":"bool","description":"Whether to include the cluster resources in the backup. If set to false, only the cluster configuration and disks will be backed up.","description_kind":"plain","optional":true},"include_disks":{"type":"bool","description":"Whether to include the disks in the backup. If set to false, only the cluster configuration will be backed up.","description_kind":"plain","optional":true},"namespaces":{"type":["set","string"],"description":"The list of Kubernetes namespaces to include in the backup. If not specified, all namespaces will be included.","description_kind":"plain","optional":true},"prefix":{"type":"string","description":"Prefix for the backup name. The backup name will be of the format \u003cprefix\u003e-\u003ccluster-name\u003e-\u003ctimestamp\u003e.","description_kind":"plain","required":true},"schedule":{"type":"string","description":"The schedule for the backup. The schedule is specified in cron format. For example, to run the backup every day at 1:00 AM, the schedule should be set to `0 1 * * *`.","description_kind":"plain","required":true}},"description_kind":"plain"},"max_items":1},"cloud_config":{"nesting_mode":"list","block":{"attributes":{"domain":{"type":"string","description_kind":"plain","required":true}},"description_kind":"plain"},"min_items":1,"max_items":1},"cluster_profile":{"nesting_mode":"list","block":{"attributes":{"id":{"type":"string","description":"The ID of the cluster profile.","description_kind":"plain","required":true}},"block_types":{"pack":{"nesting_mode":"list","block":{"attributes":{"name":{"type":"string","description":"The name of the pack. The name must be unique within the cluster profile. ","description_kind":"plain","required":true},"registry_uid":{"type":"string","description":"The registry UID of the pack. The registry UID is the unique identifier of the registry. ","description_kind":"plain","optional":true},"tag":{"type":"string","description":"The tag of the pack. The tag is the version of the pack.","description_kind":"plain","optional":true},"type":{"type":"string","description":"The type of the pack. The default value is `spectro`.","description_kind":"plain","optional":true},"uid":{"type":"string","description_kind":"plain","optional":true,"computed":true},"values":{"type":"string","description":"The values of the pack. The values are the configuration values of the pack. The values are specified in YAML format. ","description_kind":"plain","required":true}},"block_types":{"manifest":{"nesting_mode":"list","block":{"attributes":{"content":{"type":"string","description":"The content of the manifest. The content is the YAML content of the manifest. ","description_kind":"plain","required":true},"name":{"type":"string","description":"The name of the manifest. The name must be unique within the pack. ","description_kind":"plain","required":true},"uid":{"type":"string","description_kind":"plain","computed":true}},"description_kind":"plain"}}},"description_kind":"plain"}}},"description_kind":"plain"}},"cluster_rbac_binding":{"nesting_mode":"list","block":{"attributes":{"namespace":{"type":"string","description":"The Kubernetes namespace of the RBAC binding. Required if 'type' is set to 'RoleBinding'.","description_kind":"plain","optional":true},"role":{"type":["map","string"],"description":"The role of the RBAC binding. Required if 'type' is set to 'RoleBinding'.","description_kind":"plain","optional":true},"type":{"type":"string","description":"The type of the RBAC binding. Can be one of the following values: `RoleBinding`, or `ClusterRoleBinding`.","description_kind":"plain","required":true}},"block_types":{"subjects":{"nesting_mode":"list","block":{"attributes":{"name":{"type":"string","description":"The name of the subject. Required if 'type' is set to 'User' or 'Group'.","description_kind":"plain","required":true},"namespace":{"type":"string","description":"The Kubernetes namespace of the subject. Required if 'type' is set to 'ServiceAccount'.","description_kind":"plain","optional":true},"type":{"type":"string","description":"The type of the subject. Can be one of the following values: `User`, `Group`, or `ServiceAccount`.","description_kind":"plain","required":true}},"description_kind":"plain"}}},"description_kind":"plain"}},"host_config":{"nesting_mode":"list","block":{"attributes":{"external_traffic_policy":{"type":"string","description":"The external traffic policy for the cluster.","description_kind":"plain","optional":true},"host_endpoint_type":{"type":"string","description":"The type of endpoint for the cluster. Can be either 'Ingress' or 'LoadBalancer'. The default is 'Ingress'.","description_kind":"plain","optional":true},"ingress_host":{"type":"string","description":"The host for the Ingress endpoint. Required if 'host_endpoint_type' is set to 'Ingress'.","description_kind":"plain","optional":true},"load_balancer_source_ranges":{"type":"string","description":"The source ranges for the load balancer. Required if 'host_endpoint_type' is set to 'LoadBalancer'.","description_kind":"plain","optional":true}},"description_kind":"plain"}},"location_config":{"nesting_mode":"list","block":{"attributes":{"country_code":{"type":"string","description":"The country code of the country the cluster is located in.","description_kind":"plain","optional":true},"country_name":{"type":"string","description":"The name of the country.","description_kind":"plain","optional":true},"latitude":{"type":"number","description":"The latitude coordinates value.","description_kind":"plain","required":true},"longitude":{"type":"number","description":"The longitude coordinates value.","description_kind":"plain","required":true},"region_code":{"type":"string","description":"The region code of where the cluster is located in.","description_kind":"plain","optional":true},"region_name":{"type":"string","description":"The name of the region.","description_kind":"plain","optional":true}},"description_kind":"plain"}},"machine_pool":{"nesting_mode":"set","block":{"attributes":{"additional_labels":{"type":["map","string"],"description_kind":"plain","optional":true},"azs":{"type":["set","string"],"description_kind":"plain","required":true},"control_plane":{"type":"bool","description":"Whether this machine pool is a control plane. Defaults to `false`.","description_kind":"plain","optional":true},"control_plane_as_worker":{"type":"bool","description":"Whether this machine pool is a control plane and a worker. Defaults to `false`.","description_kind":"plain","optional":true},"count":{"type":"number","description":"Number of nodes in the machine pool.","description_kind":"plain","required":true},"name":{"type":"string","description_kind":"plain","required":true},"update_strategy":{"type":"string","description":"Update strategy for the machine pool. Valid values are `RollingUpdateScaleOut` and `RollingUpdateScaleIn`.","description_kind":"plain","optional":true}},"block_types":{"instance_type":{"nesting_mode":"list","block":{"attributes":{"min_cpu":{"type":"number","description_kind":"plain","required":true},"min_memory_mb":{"type":"number","description_kind":"plain","required":true}},"description_kind":"plain"},"min_items":1,"max_items":1},"placement":{"nesting_mode":"list","block":{"attributes":{"id":{"type":"string","description_kind":"plain","computed":true},"resource_pool":{"type":"string","description_kind":"plain","required":true}},"description_kind":"plain"},"min_items":1},"taints":{"nesting_mode":"list","block":{"attributes":{"effect":{"type":"string","description":"The effect of the taint. Allowed values are: `NoSchedule`, `PreferNoSchedule` or `NoExecute`.","description_kind":"plain","required":true},"key":{"type":"string","description":"The key of the taint.","description_kind":"plain","required":true},"value":{"type":"string","description":"The value of the taint.","description_kind":"plain","required":true}},"description_kind":"plain"}}},"description_kind":"plain"},"min_items":1},"namespaces":{"nesting_mode":"list","block":{"attributes":{"images_blacklist":{"type":["list","string"],"description":"List of images to disallow for the namespace. For example, `['nginx:latest', 'redis:latest']`","description_kind":"plain","optional":true},"name":{"type":"string","description":"Name of the namespace. This is the name of the Kubernetes namespace in the cluster.","description_kind":"plain","required":true},"resource_allocation":{"type":["map","string"],"description":"Resource allocation for the namespace. This is a map containing the resource type and the resource value. For example, `{cpu_cores: '2', memory_MiB: '2048'}`","description_kind":"plain","required":true}},"description_kind":"plain"}},"scan_policy":{"nesting_mode":"list","block":{"attributes":{"configuration_scan_schedule":{"type":"string","description":"The schedule for configuration scan.","description_kind":"plain","required":true},"conformance_scan_schedule":{"type":"string","description":"The schedule for conformance scan.","description_kind":"plain","required":true},"penetration_scan_schedule":{"type":"string","description":"The schedule for penetration scan.","description_kind":"plain","required":true}},"description_kind":"plain"},"max_items":1},"timeouts":{"nesting_mode":"single","block":{"attributes":{"create":{"type":"string","description_kind":"plain","optional":true},"delete":{"type":"string","description_kind":"plain","optional":true},"update":{"type":"string","description_kind":"plain","optional":true}},"description_kind":"plain"}}},"description":"Resource for managing MAAS clusters in Spectro Cloud through Palette.","description_kind":"plain"}},"spectrocloud_cluster_openstack":{"version":0,"block":{"attributes":{"apply_setting":{"type":"string","description_kind":"plain","optional":true},"cloud_account_id":{"type":"string","description_kind":"plain","required":true},"cloud_config_id":{"type":"string","description":"ID of the cloud config used for the cluster. This cloud config must be of type `azure`.","description_kind":"plain","deprecated":true,"computed":true},"id":{"type":"string","description_kind":"plain","optional":true,"computed":true},"kubeconfig":{"type":"string","description":"Kubeconfig for the cluster. This can be used to connect to the cluster using `kubectl`.","description_kind":"plain","computed":true},"name":{"type":"string","description_kind":"plain","required":true},"os_patch_after":{"type":"string","description":"The date and time after which to patch the cluster. Prefix the time value with the respective RFC. Ex: `RFC3339: 2006-01-02T15:04:05Z07:00`","description_kind":"plain","optional":true},"os_patch_on_boot":{"type":"bool","description":"Whether to apply OS patch on boot. Default is `false`.","description_kind":"plain","optional":true},"os_patch_schedule":{"type":"string","description":"Cron schedule for OS patching. This must be in the form of `0 0 * * *`.","description_kind":"plain","optional":true},"skip_completion":{"type":"bool","description":"If `true`, the cluster will be created asynchronously. Default value is `false`.","description_kind":"plain","optional":true},"tags":{"type":["set","string"],"description":"A list of tags to be applied to the cluster. Tags must be in the form of `key:value`.","description_kind":"plain","optional":true}},"block_types":{"backup_policy":{"nesting_mode":"list","block":{"attributes":{"backup_location_id":{"type":"string","description":"The ID of the backup location to use for the backup.","description_kind":"plain","required":true},"cluster_uids":{"type":["set","string"],"description":"The list of cluster UIDs to include in the backup. If `include_all_clusters` is set to `true`, then all clusters will be included.","description_kind":"plain","optional":true},"expiry_in_hour":{"type":"number","description":"The number of hours after which the backup will be deleted. For example, if the expiry is set to 24, the backup will be deleted after 24 hours.","description_kind":"plain","required":true},"include_all_clusters":{"type":"bool","description":"Whether to include all clusters in the backup. If set to false, only the clusters specified in `cluster_uids` will be included.","description_kind":"plain","optional":true},"include_cluster_resources":{"type":"bool","description":"Whether to include the cluster resources in the backup. If set to false, only the cluster configuration and disks will be backed up.","description_kind":"plain","optional":true},"include_disks":{"type":"bool","description":"Whether to include the disks in the backup. If set to false, only the cluster configuration will be backed up.","description_kind":"plain","optional":true},"namespaces":{"type":["set","string"],"description":"The list of Kubernetes namespaces to include in the backup. If not specified, all namespaces will be included.","description_kind":"plain","optional":true},"prefix":{"type":"string","description":"Prefix for the backup name. The backup name will be of the format \u003cprefix\u003e-\u003ccluster-name\u003e-\u003ctimestamp\u003e.","description_kind":"plain","required":true},"schedule":{"type":"string","description":"The schedule for the backup. The schedule is specified in cron format. For example, to run the backup every day at 1:00 AM, the schedule should be set to `0 1 * * *`.","description_kind":"plain","required":true}},"description_kind":"plain"},"max_items":1},"cloud_config":{"nesting_mode":"list","block":{"attributes":{"dns_servers":{"type":["set","string"],"description_kind":"plain","required":true},"domain":{"type":"string","description_kind":"plain","required":true},"network_id":{"type":"string","description_kind":"plain","optional":true},"project":{"type":"string","description_kind":"plain","required":true},"region":{"type":"string","description_kind":"plain","required":true},"ssh_key":{"type":"string","description_kind":"plain","required":true},"subnet_cidr":{"type":"string","description_kind":"plain","required":true},"subnet_id":{"type":"string","description_kind":"plain","optional":true}},"description_kind":"plain"},"min_items":1,"max_items":1},"cluster_profile":{"nesting_mode":"list","block":{"attributes":{"id":{"type":"string","description":"The ID of the cluster profile.","description_kind":"plain","required":true}},"block_types":{"pack":{"nesting_mode":"list","block":{"attributes":{"name":{"type":"string","description":"The name of the pack. The name must be unique within the cluster profile. ","description_kind":"plain","required":true},"registry_uid":{"type":"string","description":"The registry UID of the pack. The registry UID is the unique identifier of the registry. ","description_kind":"plain","optional":true},"tag":{"type":"string","description":"The tag of the pack. The tag is the version of the pack.","description_kind":"plain","optional":true},"type":{"type":"string","description":"The type of the pack. The default value is `spectro`.","description_kind":"plain","optional":true},"uid":{"type":"string","description_kind":"plain","optional":true,"computed":true},"values":{"type":"string","description":"The values of the pack. The values are the configuration values of the pack. The values are specified in YAML format. ","description_kind":"plain","required":true}},"block_types":{"manifest":{"nesting_mode":"list","block":{"attributes":{"content":{"type":"string","description":"The content of the manifest. The content is the YAML content of the manifest. ","description_kind":"plain","required":true},"name":{"type":"string","description":"The name of the manifest. The name must be unique within the pack. ","description_kind":"plain","required":true},"uid":{"type":"string","description_kind":"plain","computed":true}},"description_kind":"plain"}}},"description_kind":"plain"}}},"description_kind":"plain"}},"cluster_rbac_binding":{"nesting_mode":"list","block":{"attributes":{"namespace":{"type":"string","description":"The Kubernetes namespace of the RBAC binding. Required if 'type' is set to 'RoleBinding'.","description_kind":"plain","optional":true},"role":{"type":["map","string"],"description":"The role of the RBAC binding. Required if 'type' is set to 'RoleBinding'.","description_kind":"plain","optional":true},"type":{"type":"string","description":"The type of the RBAC binding. Can be one of the following values: `RoleBinding`, or `ClusterRoleBinding`.","description_kind":"plain","required":true}},"block_types":{"subjects":{"nesting_mode":"list","block":{"attributes":{"name":{"type":"string","description":"The name of the subject. Required if 'type' is set to 'User' or 'Group'.","description_kind":"plain","required":true},"namespace":{"type":"string","description":"The Kubernetes namespace of the subject. Required if 'type' is set to 'ServiceAccount'.","description_kind":"plain","optional":true},"type":{"type":"string","description":"The type of the subject. Can be one of the following values: `User`, `Group`, or `ServiceAccount`.","description_kind":"plain","required":true}},"description_kind":"plain"}}},"description_kind":"plain"}},"host_config":{"nesting_mode":"list","block":{"attributes":{"external_traffic_policy":{"type":"string","description":"The external traffic policy for the cluster.","description_kind":"plain","optional":true},"host_endpoint_type":{"type":"string","description":"The type of endpoint for the cluster. Can be either 'Ingress' or 'LoadBalancer'. The default is 'Ingress'.","description_kind":"plain","optional":true},"ingress_host":{"type":"string","description":"The host for the Ingress endpoint. Required if 'host_endpoint_type' is set to 'Ingress'.","description_kind":"plain","optional":true},"load_balancer_source_ranges":{"type":"string","description":"The source ranges for the load balancer. Required if 'host_endpoint_type' is set to 'LoadBalancer'.","description_kind":"plain","optional":true}},"description_kind":"plain"}},"location_config":{"nesting_mode":"list","block":{"attributes":{"country_code":{"type":"string","description":"The country code of the country the cluster is located in.","description_kind":"plain","optional":true},"country_name":{"type":"string","description":"The name of the country.","description_kind":"plain","optional":true},"latitude":{"type":"number","description":"The latitude coordinates value.","description_kind":"plain","required":true},"longitude":{"type":"number","description":"The longitude coordinates value.","description_kind":"plain","required":true},"region_code":{"type":"string","description":"The region code of where the cluster is located in.","description_kind":"plain","optional":true},"region_name":{"type":"string","description":"The name of the region.","description_kind":"plain","optional":true}},"description_kind":"plain"}},"machine_pool":{"nesting_mode":"list","block":{"attributes":{"additional_labels":{"type":["map","string"],"description_kind":"plain","optional":true},"azs":{"type":["set","string"],"description_kind":"plain","optional":true},"control_plane":{"type":"bool","description":"Whether this machine pool is a control plane. Defaults to `false`.","description_kind":"plain","optional":true},"control_plane_as_worker":{"type":"bool","description":"Whether this machine pool is a control plane and a worker. Defaults to `false`.","description_kind":"plain","optional":true},"count":{"type":"number","description":"Number of nodes in the machine pool.","description_kind":"plain","required":true},"instance_type":{"type":"string","description_kind":"plain","required":true},"name":{"type":"string","description_kind":"plain","required":true},"subnet_id":{"type":"string","description_kind":"plain","optional":true},"update_strategy":{"type":"string","description":"Update strategy for the machine pool. Valid values are `RollingUpdateScaleOut` and `RollingUpdateScaleIn`.","description_kind":"plain","optional":true}},"block_types":{"taints":{"nesting_mode":"list","block":{"attributes":{"effect":{"type":"string","description":"The effect of the taint. Allowed values are: `NoSchedule`, `PreferNoSchedule` or `NoExecute`.","description_kind":"plain","required":true},"key":{"type":"string","description":"The key of the taint.","description_kind":"plain","required":true},"value":{"type":"string","description":"The value of the taint.","description_kind":"plain","required":true}},"description_kind":"plain"}}},"description_kind":"plain"},"min_items":1},"namespaces":{"nesting_mode":"list","block":{"attributes":{"images_blacklist":{"type":["list","string"],"description":"List of images to disallow for the namespace. For example, `['nginx:latest', 'redis:latest']`","description_kind":"plain","optional":true},"name":{"type":"string","description":"Name of the namespace. This is the name of the Kubernetes namespace in the cluster.","description_kind":"plain","required":true},"resource_allocation":{"type":["map","string"],"description":"Resource allocation for the namespace. This is a map containing the resource type and the resource value. For example, `{cpu_cores: '2', memory_MiB: '2048'}`","description_kind":"plain","required":true}},"description_kind":"plain"}},"scan_policy":{"nesting_mode":"list","block":{"attributes":{"configuration_scan_schedule":{"type":"string","description":"The schedule for configuration scan.","description_kind":"plain","required":true},"conformance_scan_schedule":{"type":"string","description":"The schedule for conformance scan.","description_kind":"plain","required":true},"penetration_scan_schedule":{"type":"string","description":"The schedule for penetration scan.","description_kind":"plain","required":true}},"description_kind":"plain"},"max_items":1},"timeouts":{"nesting_mode":"single","block":{"attributes":{"create":{"type":"string","description_kind":"plain","optional":true},"delete":{"type":"string","description_kind":"plain","optional":true},"update":{"type":"string","description_kind":"plain","optional":true}},"description_kind":"plain"}}},"description":"Resource for managing Openstack clusters in Spectro Cloud through Palette.","description_kind":"plain"}},"spectrocloud_cluster_profile":{"version":0,"block":{"attributes":{"cloud":{"type":"string","description_kind":"plain","optional":true},"context":{"type":"string","description_kind":"plain","optional":true},"description":{"type":"string","description_kind":"plain","optional":true},"id":{"type":"string","description_kind":"plain","optional":true,"computed":true},"name":{"type":"string","description_kind":"plain","required":true},"tags":{"type":["set","string"],"description":"A list of tags to be applied to the cluster. Tags must be in the form of `key:value`.","description_kind":"plain","optional":true},"type":{"type":"string","description_kind":"plain","optional":true},"version":{"type":"string","description_kind":"plain","optional":true}},"block_types":{"pack":{"nesting_mode":"list","block":{"attributes":{"name":{"type":"string","description":"The name of the pack. The name must be unique within the cluster profile. ","description_kind":"plain","required":true},"registry_uid":{"type":"string","description":"The registry UID of the pack. The registry UID is the unique identifier of the registry. ","description_kind":"plain","optional":true},"tag":{"type":"string","description":"The tag of the pack. The tag is the version of the pack.","description_kind":"plain","optional":true},"type":{"type":"string","description":"The type of the pack. The default value is `spectro`.","description_kind":"plain","optional":true},"uid":{"type":"string","description_kind":"plain","optional":true,"computed":true},"values":{"type":"string","description":"The values of the pack. The values are the configuration values of the pack. The values are specified in YAML format. ","description_kind":"plain","required":true}},"block_types":{"manifest":{"nesting_mode":"list","block":{"attributes":{"content":{"type":"string","description":"The content of the manifest. The content is the YAML content of the manifest. ","description_kind":"plain","required":true},"name":{"type":"string","description":"The name of the manifest. The name must be unique within the pack. ","description_kind":"plain","required":true},"uid":{"type":"string","description_kind":"plain","computed":true}},"description_kind":"plain"}}},"description_kind":"plain"}},"timeouts":{"nesting_mode":"single","block":{"attributes":{"create":{"type":"string","description_kind":"plain","optional":true},"delete":{"type":"string","description_kind":"plain","optional":true},"update":{"type":"string","description_kind":"plain","optional":true}},"description_kind":"plain"}}},"description_kind":"plain"}},"spectrocloud_cluster_profile_import":{"version":0,"block":{"attributes":{"context":{"type":"string","description_kind":"plain","optional":true},"id":{"type":"string","description_kind":"plain","optional":true,"computed":true},"import_file":{"type":"string","description_kind":"plain","required":true}},"description_kind":"plain"}},"spectrocloud_cluster_tke":{"version":2,"block":{"attributes":{"apply_setting":{"type":"string","description_kind":"plain","optional":true},"cloud_account_id":{"type":"string","description_kind":"plain","required":true},"cloud_config_id":{"type":"string","description":"ID of the cloud config used for the cluster. This cloud config must be of type `azure`.","description_kind":"plain","deprecated":true,"computed":true},"id":{"type":"string","description_kind":"plain","optional":true,"computed":true},"kubeconfig":{"type":"string","description":"Kubeconfig for the cluster. This can be used to connect to the cluster using `kubectl`.","description_kind":"plain","computed":true},"location_config":{"type":["list",["object",{"country_code":"string","country_name":"string","latitude":"number","longitude":"number","region_code":"string","region_name":"string"}]],"description_kind":"plain","computed":true},"name":{"type":"string","description_kind":"plain","required":true},"skip_completion":{"type":"bool","description":"If `true`, the cluster will be created asynchronously. Default value is `false`.","description_kind":"plain","optional":true},"tags":{"type":["set","string"],"description":"A list of tags to be applied to the cluster. Tags must be in the form of `key:value`.","description_kind":"plain","optional":true}},"block_types":{"backup_policy":{"nesting_mode":"list","block":{"attributes":{"backup_location_id":{"type":"string","description":"The ID of the backup location to use for the backup.","description_kind":"plain","required":true},"cluster_uids":{"type":["set","string"],"description":"The list of cluster UIDs to include in the backup. If `include_all_clusters` is set to `true`, then all clusters will be included.","description_kind":"plain","optional":true},"expiry_in_hour":{"type":"number","description":"The number of hours after which the backup will be deleted. For example, if the expiry is set to 24, the backup will be deleted after 24 hours.","description_kind":"plain","required":true},"include_all_clusters":{"type":"bool","description":"Whether to include all clusters in the backup. If set to false, only the clusters specified in `cluster_uids` will be included.","description_kind":"plain","optional":true},"include_cluster_resources":{"type":"bool","description":"Whether to include the cluster resources in the backup. If set to false, only the cluster configuration and disks will be backed up.","description_kind":"plain","optional":true},"include_disks":{"type":"bool","description":"Whether to include the disks in the backup. If set to false, only the cluster configuration will be backed up.","description_kind":"plain","optional":true},"namespaces":{"type":["set","string"],"description":"The list of Kubernetes namespaces to include in the backup. If not specified, all namespaces will be included.","description_kind":"plain","optional":true},"prefix":{"type":"string","description":"Prefix for the backup name. The backup name will be of the format \u003cprefix\u003e-\u003ccluster-name\u003e-\u003ctimestamp\u003e.","description_kind":"plain","required":true},"schedule":{"type":"string","description":"The schedule for the backup. The schedule is specified in cron format. For example, to run the backup every day at 1:00 AM, the schedule should be set to `0 1 * * *`.","description_kind":"plain","required":true}},"description_kind":"plain"},"max_items":1},"cloud_config":{"nesting_mode":"list","block":{"attributes":{"az_subnets":{"type":["map","string"],"description_kind":"plain","optional":true},"azs":{"type":["list","string"],"description_kind":"plain","optional":true},"endpoint_access":{"type":"string","description_kind":"plain","optional":true},"public_access_cidrs":{"type":["set","string"],"description_kind":"plain","optional":true},"region":{"type":"string","description_kind":"plain","required":true},"ssh_key_name":{"type":"string","description_kind":"plain","optional":true},"vpc_id":{"type":"string","description_kind":"plain","optional":true}},"description_kind":"plain"},"min_items":1,"max_items":1},"cluster_profile":{"nesting_mode":"list","block":{"attributes":{"id":{"type":"string","description":"The ID of the cluster profile.","description_kind":"plain","required":true}},"block_types":{"pack":{"nesting_mode":"list","block":{"attributes":{"name":{"type":"string","description":"The name of the pack. The name must be unique within the cluster profile. ","description_kind":"plain","required":true},"registry_uid":{"type":"string","description":"The registry UID of the pack. The registry UID is the unique identifier of the registry. ","description_kind":"plain","optional":true},"tag":{"type":"string","description":"The tag of the pack. The tag is the version of the pack.","description_kind":"plain","optional":true},"type":{"type":"string","description":"The type of the pack. The default value is `spectro`.","description_kind":"plain","optional":true},"uid":{"type":"string","description_kind":"plain","optional":true,"computed":true},"values":{"type":"string","description":"The values of the pack. The values are the configuration values of the pack. The values are specified in YAML format. ","description_kind":"plain","required":true}},"block_types":{"manifest":{"nesting_mode":"list","block":{"attributes":{"content":{"type":"string","description":"The content of the manifest. The content is the YAML content of the manifest. ","description_kind":"plain","required":true},"name":{"type":"string","description":"The name of the manifest. The name must be unique within the pack. ","description_kind":"plain","required":true},"uid":{"type":"string","description_kind":"plain","computed":true}},"description_kind":"plain"}}},"description_kind":"plain"}}},"description_kind":"plain"}},"cluster_rbac_binding":{"nesting_mode":"list","block":{"attributes":{"namespace":{"type":"string","description":"The Kubernetes namespace of the RBAC binding. Required if 'type' is set to 'RoleBinding'.","description_kind":"plain","optional":true},"role":{"type":["map","string"],"description":"The role of the RBAC binding. Required if 'type' is set to 'RoleBinding'.","description_kind":"plain","optional":true},"type":{"type":"string","description":"The type of the RBAC binding. Can be one of the following values: `RoleBinding`, or `ClusterRoleBinding`.","description_kind":"plain","required":true}},"block_types":{"subjects":{"nesting_mode":"list","block":{"attributes":{"name":{"type":"string","description":"The name of the subject. Required if 'type' is set to 'User' or 'Group'.","description_kind":"plain","required":true},"namespace":{"type":"string","description":"The Kubernetes namespace of the subject. Required if 'type' is set to 'ServiceAccount'.","description_kind":"plain","optional":true},"type":{"type":"string","description":"The type of the subject. Can be one of the following values: `User`, `Group`, or `ServiceAccount`.","description_kind":"plain","required":true}},"description_kind":"plain"}}},"description_kind":"plain"}},"host_config":{"nesting_mode":"list","block":{"attributes":{"external_traffic_policy":{"type":"string","description":"The external traffic policy for the cluster.","description_kind":"plain","optional":true},"host_endpoint_type":{"type":"string","description":"The type of endpoint for the cluster. Can be either 'Ingress' or 'LoadBalancer'. The default is 'Ingress'.","description_kind":"plain","optional":true},"ingress_host":{"type":"string","description":"The host for the Ingress endpoint. Required if 'host_endpoint_type' is set to 'Ingress'.","description_kind":"plain","optional":true},"load_balancer_source_ranges":{"type":"string","description":"The source ranges for the load balancer. Required if 'host_endpoint_type' is set to 'LoadBalancer'.","description_kind":"plain","optional":true}},"description_kind":"plain"}},"machine_pool":{"nesting_mode":"list","block":{"attributes":{"additional_labels":{"type":["map","string"],"description_kind":"plain","optional":true},"az_subnets":{"type":["map","string"],"description_kind":"plain","optional":true},"azs":{"type":["list","string"],"description_kind":"plain","optional":true},"capacity_type":{"type":"string","description_kind":"plain","optional":true},"count":{"type":"number","description":"Number of nodes in the machine pool.","description_kind":"plain","required":true},"disk_size_gb":{"type":"number","description_kind":"plain","required":true},"instance_type":{"type":"string","description_kind":"plain","required":true},"max":{"type":"number","description_kind":"plain","optional":true},"max_price":{"type":"string","description_kind":"plain","optional":true},"min":{"type":"number","description_kind":"plain","optional":true},"name":{"type":"string","description_kind":"plain","required":true},"update_strategy":{"type":"string","description":"Update strategy for the machine pool. Valid values are `RollingUpdateScaleOut` and `RollingUpdateScaleIn`.","description_kind":"plain","optional":true}},"block_types":{"taints":{"nesting_mode":"list","block":{"attributes":{"effect":{"type":"string","description":"The effect of the taint. Allowed values are: `NoSchedule`, `PreferNoSchedule` or `NoExecute`.","description_kind":"plain","required":true},"key":{"type":"string","description":"The key of the taint.","description_kind":"plain","required":true},"value":{"type":"string","description":"The value of the taint.","description_kind":"plain","required":true}},"description_kind":"plain"}}},"description_kind":"plain"},"min_items":1},"namespaces":{"nesting_mode":"list","block":{"attributes":{"images_blacklist":{"type":["list","string"],"description":"List of images to disallow for the namespace. For example, `['nginx:latest', 'redis:latest']`","description_kind":"plain","optional":true},"name":{"type":"string","description":"Name of the namespace. This is the name of the Kubernetes namespace in the cluster.","description_kind":"plain","required":true},"resource_allocation":{"type":["map","string"],"description":"Resource allocation for the namespace. This is a map containing the resource type and the resource value. For example, `{cpu_cores: '2', memory_MiB: '2048'}`","description_kind":"plain","required":true}},"description_kind":"plain"}},"scan_policy":{"nesting_mode":"list","block":{"attributes":{"configuration_scan_schedule":{"type":"string","description":"The schedule for configuration scan.","description_kind":"plain","required":true},"conformance_scan_schedule":{"type":"string","description":"The schedule for conformance scan.","description_kind":"plain","required":true},"penetration_scan_schedule":{"type":"string","description":"The schedule for penetration scan.","description_kind":"plain","required":true}},"description_kind":"plain"},"max_items":1},"timeouts":{"nesting_mode":"single","block":{"attributes":{"create":{"type":"string","description_kind":"plain","optional":true},"delete":{"type":"string","description_kind":"plain","optional":true},"update":{"type":"string","description_kind":"plain","optional":true}},"description_kind":"plain"}}},"description":"Resource for managing TKE clusters in Spectro Cloud through Palette.","description_kind":"plain"}},"spectrocloud_cluster_vsphere":{"version":0,"block":{"attributes":{"apply_setting":{"type":"string","description":"The setting to apply the cluster profile. `DownloadAndInstall` will download and install packs in one action. `DownloadAndInstallLater` will only download artifact and postpone install for later. Default value is `DownloadAndInstall`.","description_kind":"plain","optional":true},"cloud_account_id":{"type":"string","description":"ID of the cloud account to be used for the cluster. This cloud account must be of type `vsphere`.","description_kind":"plain","required":true},"cloud_config_id":{"type":"string","description":"ID of the cloud config used for the cluster. This cloud config must be of type `azure`.","description_kind":"plain","deprecated":true,"computed":true},"id":{"type":"string","description_kind":"plain","optional":true,"computed":true},"kubeconfig":{"type":"string","description":"Kubeconfig for the cluster. This can be used to connect to the cluster using `kubectl`.","description_kind":"plain","computed":true},"name":{"type":"string","description":"The name of the cluster.","description_kind":"plain","required":true},"os_patch_after":{"type":"string","description":"The date and time after which to patch the cluster. Prefix the time value with the respective RFC. Ex: `RFC3339: 2006-01-02T15:04:05Z07:00`","description_kind":"plain","optional":true},"os_patch_on_boot":{"type":"bool","description":"Whether to apply OS patch on boot. Default is `false`.","description_kind":"plain","optional":true},"os_patch_schedule":{"type":"string","description":"The cron schedule for OS patching. This must be in the form of cron syntax. Ex: `0 0 * * *`.","description_kind":"plain","optional":true},"skip_completion":{"type":"bool","description":"If `true`, the cluster will be created asynchronously. Default value is `false`.","description_kind":"plain","optional":true},"tags":{"type":["set","string"],"description":"A list of tags to be applied to the cluster. Tags must be in the form of `key:value`.","description_kind":"plain","optional":true}},"block_types":{"backup_policy":{"nesting_mode":"list","block":{"attributes":{"backup_location_id":{"type":"string","description":"The ID of the backup location to use for the backup.","description_kind":"plain","required":true},"cluster_uids":{"type":["set","string"],"description":"The list of cluster UIDs to include in the backup. If `include_all_clusters` is set to `true`, then all clusters will be included.","description_kind":"plain","optional":true},"expiry_in_hour":{"type":"number","description":"The number of hours after which the backup will be deleted. For example, if the expiry is set to 24, the backup will be deleted after 24 hours.","description_kind":"plain","required":true},"include_all_clusters":{"type":"bool","description":"Whether to include all clusters in the backup. If set to false, only the clusters specified in `cluster_uids` will be included.","description_kind":"plain","optional":true},"include_cluster_resources":{"type":"bool","description":"Whether to include the cluster resources in the backup. If set to false, only the cluster configuration and disks will be backed up.","description_kind":"plain","optional":true},"include_disks":{"type":"bool","description":"Whether to include the disks in the backup. If set to false, only the cluster configuration will be backed up.","description_kind":"plain","optional":true},"namespaces":{"type":["set","string"],"description":"The list of Kubernetes namespaces to include in the backup. If not specified, all namespaces will be included.","description_kind":"plain","optional":true},"prefix":{"type":"string","description":"Prefix for the backup name. The backup name will be of the format \u003cprefix\u003e-\u003ccluster-name\u003e-\u003ctimestamp\u003e.","description_kind":"plain","required":true},"schedule":{"type":"string","description":"The schedule for the backup. The schedule is specified in cron format. For example, to run the backup every day at 1:00 AM, the schedule should be set to `0 1 * * *`.","description_kind":"plain","required":true}},"description_kind":"plain"},"max_items":1},"cloud_config":{"nesting_mode":"list","block":{"attributes":{"datacenter":{"type":"string","description":"The name of the datacenter in vSphere. This is the name of the datacenter as it appears in vSphere.","description_kind":"plain","required":true},"folder":{"type":"string","description":"The name of the folder in vSphere. This is the name of the folder as it appears in vSphere.","description_kind":"plain","required":true},"image_template_folder":{"type":"string","description":"The name of the image template folder in vSphere. This is the name of the folder as it appears in vSphere.","description_kind":"plain","optional":true},"network_search_domain":{"type":"string","description":"The search domain to use for the cluster in case of DHCP.","description_kind":"plain","optional":true},"network_type":{"type":"string","description":"The type of network to use for the cluster. This can be `VIP` or `DDNS`.","description_kind":"plain","optional":true},"ssh_key":{"type":"string","description":"The SSH key to be used for the cluster. This is the public key that will be used to access the cluster.","description_kind":"plain","required":true},"static_ip":{"type":"bool","description":"Whether to use static IP addresses for the cluster. If `true`, the cluster will use static IP addresses. If `false`, the cluster will use DDNS. Default is `false`.","description_kind":"plain","optional":true}},"description_kind":"plain"},"min_items":1,"max_items":1},"cluster_profile":{"nesting_mode":"list","block":{"attributes":{"id":{"type":"string","description":"The ID of the cluster profile.","description_kind":"plain","required":true}},"block_types":{"pack":{"nesting_mode":"list","block":{"attributes":{"name":{"type":"string","description":"The name of the pack. The name must be unique within the cluster profile. ","description_kind":"plain","required":true},"registry_uid":{"type":"string","description":"The registry UID of the pack. The registry UID is the unique identifier of the registry. ","description_kind":"plain","optional":true},"tag":{"type":"string","description":"The tag of the pack. The tag is the version of the pack.","description_kind":"plain","optional":true},"type":{"type":"string","description":"The type of the pack. The default value is `spectro`.","description_kind":"plain","optional":true},"uid":{"type":"string","description_kind":"plain","optional":true,"computed":true},"values":{"type":"string","description":"The values of the pack. The values are the configuration values of the pack. The values are specified in YAML format. ","description_kind":"plain","required":true}},"block_types":{"manifest":{"nesting_mode":"list","block":{"attributes":{"content":{"type":"string","description":"The content of the manifest. The content is the YAML content of the manifest. ","description_kind":"plain","required":true},"name":{"type":"string","description":"The name of the manifest. The name must be unique within the pack. ","description_kind":"plain","required":true},"uid":{"type":"string","description_kind":"plain","computed":true}},"description_kind":"plain"}}},"description_kind":"plain"}}},"description_kind":"plain"}},"cluster_rbac_binding":{"nesting_mode":"list","block":{"attributes":{"namespace":{"type":"string","description":"The Kubernetes namespace of the RBAC binding. Required if 'type' is set to 'RoleBinding'.","description_kind":"plain","optional":true},"role":{"type":["map","string"],"description":"The role of the RBAC binding. Required if 'type' is set to 'RoleBinding'.","description_kind":"plain","optional":true},"type":{"type":"string","description":"The type of the RBAC binding. Can be one of the following values: `RoleBinding`, or `ClusterRoleBinding`.","description_kind":"plain","required":true}},"block_types":{"subjects":{"nesting_mode":"list","block":{"attributes":{"name":{"type":"string","description":"The name of the subject. Required if 'type' is set to 'User' or 'Group'.","description_kind":"plain","required":true},"namespace":{"type":"string","description":"The Kubernetes namespace of the subject. Required if 'type' is set to 'ServiceAccount'.","description_kind":"plain","optional":true},"type":{"type":"string","description":"The type of the subject. Can be one of the following values: `User`, `Group`, or `ServiceAccount`.","description_kind":"plain","required":true}},"description_kind":"plain"}}},"description_kind":"plain"}},"host_config":{"nesting_mode":"list","block":{"attributes":{"external_traffic_policy":{"type":"string","description":"The external traffic policy for the cluster.","description_kind":"plain","optional":true},"host_endpoint_type":{"type":"string","description":"The type of endpoint for the cluster. Can be either 'Ingress' or 'LoadBalancer'. The default is 'Ingress'.","description_kind":"plain","optional":true},"ingress_host":{"type":"string","description":"The host for the Ingress endpoint. Required if 'host_endpoint_type' is set to 'Ingress'.","description_kind":"plain","optional":true},"load_balancer_source_ranges":{"type":"string","description":"The source ranges for the load balancer. Required if 'host_endpoint_type' is set to 'LoadBalancer'.","description_kind":"plain","optional":true}},"description_kind":"plain"}},"location_config":{"nesting_mode":"list","block":{"attributes":{"country_code":{"type":"string","description":"The country code of the country the cluster is located in.","description_kind":"plain","optional":true},"country_name":{"type":"string","description":"The name of the country.","description_kind":"plain","optional":true},"latitude":{"type":"number","description":"The latitude coordinates value.","description_kind":"plain","required":true},"longitude":{"type":"number","description":"The longitude coordinates value.","description_kind":"plain","required":true},"region_code":{"type":"string","description":"The region code of where the cluster is located in.","description_kind":"plain","optional":true},"region_name":{"type":"string","description":"The name of the region.","description_kind":"plain","optional":true}},"description_kind":"plain"}},"machine_pool":{"nesting_mode":"set","block":{"attributes":{"additional_labels":{"type":["map","string"],"description_kind":"plain","optional":true},"control_plane":{"type":"bool","description":"Whether this machine pool is a control plane. Defaults to `false`.","description_kind":"plain","optional":true},"control_plane_as_worker":{"type":"bool","description":"Whether this machine pool is a control plane and a worker. Defaults to `false`.","description_kind":"plain","optional":true},"count":{"type":"number","description":"Number of nodes in the machine pool.","description_kind":"plain","required":true},"name":{"type":"string","description":"The name of the machine pool. This is used to identify the machine pool in the cluster.","description_kind":"plain","required":true},"update_strategy":{"type":"string","description":"Update strategy for the machine pool. Valid values are `RollingUpdateScaleOut` and `RollingUpdateScaleIn`.","description_kind":"plain","optional":true}},"block_types":{"instance_type":{"nesting_mode":"list","block":{"attributes":{"cpu":{"type":"number","description":"The number of CPUs.","description_kind":"plain","required":true},"disk_size_gb":{"type":"number","description":"The size of the disk in GB.","description_kind":"plain","required":true},"memory_mb":{"type":"number","description":"The amount of memory in MB.","description_kind":"plain","required":true}},"description_kind":"plain"},"min_items":1,"max_items":1},"placement":{"nesting_mode":"list","block":{"attributes":{"cluster":{"type":"string","description":"The name of the cluster to use for the machine pool. As it appears in the vSphere.","description_kind":"plain","required":true},"datastore":{"type":"string","description":"The name of the datastore to use for the machine pool. As it appears in the vSphere.","description_kind":"plain","required":true},"id":{"type":"string","description_kind":"plain","computed":true},"network":{"type":"string","description":"The name of the network to use for the machine pool. As it appears in the vSphere.","description_kind":"plain","required":true},"resource_pool":{"type":"string","description":"The name of the resource pool to use for the machine pool. As it appears in the vSphere.","description_kind":"plain","required":true},"static_ip_pool_id":{"type":"string","description":"The ID of the static IP pool to use for the machine pool in case of static cluster placement.","description_kind":"plain","optional":true}},"description_kind":"plain"},"min_items":1},"taints":{"nesting_mode":"list","block":{"attributes":{"effect":{"type":"string","description":"The effect of the taint. Allowed values are: `NoSchedule`, `PreferNoSchedule` or `NoExecute`.","description_kind":"plain","required":true},"key":{"type":"string","description":"The key of the taint.","description_kind":"plain","required":true},"value":{"type":"string","description":"The value of the taint.","description_kind":"plain","required":true}},"description_kind":"plain"}}},"description_kind":"plain"},"min_items":1},"namespaces":{"nesting_mode":"list","block":{"attributes":{"images_blacklist":{"type":["list","string"],"description":"List of images to disallow for the namespace. For example, `['nginx:latest', 'redis:latest']`","description_kind":"plain","optional":true},"name":{"type":"string","description":"Name of the namespace. This is the name of the Kubernetes namespace in the cluster.","description_kind":"plain","required":true},"resource_allocation":{"type":["map","string"],"description":"Resource allocation for the namespace. This is a map containing the resource type and the resource value. For example, `{cpu_cores: '2', memory_MiB: '2048'}`","description_kind":"plain","required":true}},"description_kind":"plain"}},"scan_policy":{"nesting_mode":"list","block":{"attributes":{"configuration_scan_schedule":{"type":"string","description":"The schedule for configuration scan.","description_kind":"plain","required":true},"conformance_scan_schedule":{"type":"string","description":"The schedule for conformance scan.","description_kind":"plain","required":true},"penetration_scan_schedule":{"type":"string","description":"The schedule for penetration scan.","description_kind":"plain","required":true}},"description_kind":"plain"},"max_items":1},"timeouts":{"nesting_mode":"single","block":{"attributes":{"create":{"type":"string","description_kind":"plain","optional":true},"delete":{"type":"string","description_kind":"plain","optional":true},"update":{"type":"string","description_kind":"plain","optional":true}},"description_kind":"plain"}}},"description":"A resource to manage a vSphere cluster in Pallette.","description_kind":"plain"}},"spectrocloud_macro":{"version":2,"block":{"attributes":{"id":{"type":"string","description_kind":"plain","optional":true,"computed":true},"name":{"type":"string","description":"The name of the macro or service variable output.","description_kind":"plain","required":true},"project":{"type":"string","description":"The Spectro Cloud project name.","description_kind":"plain","optional":true},"value":{"type":"string","description":"The value that the macro or service output variable will contain.","description_kind":"plain","required":true}},"block_types":{"timeouts":{"nesting_mode":"single","block":{"attributes":{"create":{"type":"string","description_kind":"plain","optional":true},"delete":{"type":"string","description_kind":"plain","optional":true},"update":{"type":"string","description_kind":"plain","optional":true}},"description_kind":"plain"}}},"description":"A resource for creating and managing service output variables and macros.","description_kind":"plain"}},"spectrocloud_privatecloudgateway_ippool":{"version":2,"block":{"attributes":{"gateway":{"type":"string","description_kind":"plain","required":true},"id":{"type":"string","description_kind":"plain","optional":true,"computed":true},"ip_end_range":{"type":"string","description_kind":"plain","optional":true},"ip_start_range":{"type":"string","description_kind":"plain","optional":true},"name":{"type":"string","description_kind":"plain","required":true},"nameserver_addresses":{"type":["set","string"],"description_kind":"plain","optional":true},"nameserver_search_suffix":{"type":["set","string"],"description_kind":"plain","optional":true},"network_type":{"type":"string","description_kind":"plain","required":true},"prefix":{"type":"number","description_kind":"plain","required":true},"private_cloud_gateway_id":{"type":"string","description_kind":"plain","required":true},"restrict_to_single_cluster":{"type":"bool","description_kind":"plain","optional":true},"subnet_cidr":{"type":"string","description_kind":"plain","optional":true}},"block_types":{"timeouts":{"nesting_mode":"single","block":{"attributes":{"create":{"type":"string","description_kind":"plain","optional":true},"delete":{"type":"string","description_kind":"plain","optional":true},"update":{"type":"string","description_kind":"plain","optional":true}},"description_kind":"plain"}}},"description_kind":"plain"}},"spectrocloud_project":{"version":2,"block":{"attributes":{"description":{"type":"string","description_kind":"plain","optional":true},"id":{"type":"string","description_kind":"plain","optional":true,"computed":true},"name":{"type":"string","description_kind":"plain","required":true},"tags":{"type":["set","string"],"description_kind":"plain","optional":true}},"block_types":{"timeouts":{"nesting_mode":"single","block":{"attributes":{"create":{"type":"string","description_kind":"plain","optional":true},"delete":{"type":"string","description_kind":"plain","optional":true},"update":{"type":"string","description_kind":"plain","optional":true}},"description_kind":"plain"}}},"description_kind":"plain"}},"spectrocloud_registry_helm":{"version":2,"block":{"attributes":{"endpoint":{"type":"string","description_kind":"plain","required":true},"id":{"type":"string","description_kind":"plain","optional":true,"computed":true},"is_private":{"type":"bool","description_kind":"plain","required":true},"name":{"type":"string","description_kind":"plain","required":true}},"block_types":{"credentials":{"nesting_mode":"list","block":{"attributes":{"credential_type":{"type":"string","description_kind":"plain","required":true},"password":{"type":"string","description_kind":"plain","optional":true},"token":{"type":"string","description_kind":"plain","optional":true},"username":{"type":"string","description_kind":"plain","optional":true}},"description_kind":"plain"},"min_items":1,"max_items":1},"timeouts":{"nesting_mode":"single","block":{"attributes":{"create":{"type":"string","description_kind":"plain","optional":true},"delete":{"type":"string","description_kind":"plain","optional":true},"update":{"type":"string","description_kind":"plain","optional":true}},"description_kind":"plain"}}},"description_kind":"plain"}},"spectrocloud_registry_oci":{"version":2,"block":{"attributes":{"endpoint":{"type":"string","description_kind":"plain","required":true},"id":{"type":"string","description_kind":"plain","optional":true,"computed":true},"is_private":{"type":"bool","description_kind":"plain","required":true},"name":{"type":"string","description_kind":"plain","required":true},"type":{"type":"string","description_kind":"plain","required":true}},"block_types":{"credentials":{"nesting_mode":"list","block":{"attributes":{"arn":{"type":"string","description_kind":"plain","optional":true},"credential_type":{"type":"string","description_kind":"plain","required":true},"external_id":{"type":"string","description_kind":"plain","optional":true}},"description_kind":"plain"},"min_items":1,"max_items":1},"timeouts":{"nesting_mode":"single","block":{"attributes":{"create":{"type":"string","description_kind":"plain","optional":true},"delete":{"type":"string","description_kind":"plain","optional":true},"update":{"type":"string","description_kind":"plain","optional":true}},"description_kind":"plain"}}},"description_kind":"plain"}},"spectrocloud_team":{"version":2,"block":{"attributes":{"id":{"type":"string","description_kind":"plain","optional":true,"computed":true},"name":{"type":"string","description_kind":"plain","required":true},"users":{"type":["set","string"],"description_kind":"plain","optional":true}},"block_types":{"project_role_mapping":{"nesting_mode":"list","block":{"attributes":{"id":{"type":"string","description_kind":"plain","required":true},"roles":{"type":["set","string"],"description_kind":"plain","required":true}},"description_kind":"plain"}},"timeouts":{"nesting_mode":"single","block":{"attributes":{"create":{"type":"string","description_kind":"plain","optional":true},"delete":{"type":"string","description_kind":"plain","optional":true},"update":{"type":"string","description_kind":"plain","optional":true}},"description_kind":"plain"}}},"description_kind":"plain"}},"spectrocloud_virtual_cluster":{"version":2,"block":{"attributes":{"apply_setting":{"type":"string","description_kind":"plain","optional":true},"cloud_config_id":{"type":"string","description":"ID of the cloud config used for the cluster. This cloud config must be of type `azure`.","description_kind":"plain","deprecated":true,"computed":true},"cluster_group_uid":{"type":"string","description_kind":"plain","optional":true},"host_cluster_uid":{"type":"string","description_kind":"plain","optional":true},"id":{"type":"string","description_kind":"plain","optional":true,"computed":true},"kubeconfig":{"type":"string","description":"Kubeconfig for the cluster. This can be used to connect to the cluster using `kubectl`.","description_kind":"plain","computed":true},"location_config":{"type":["list",["object",{"country_code":"string","country_name":"string","latitude":"number","longitude":"number","region_code":"string","region_name":"string"}]],"description_kind":"plain","computed":true},"name":{"type":"string","description_kind":"plain","required":true},"os_patch_after":{"type":"string","description":"The date and time after which to patch the cluster. Prefix the time value with the respective RFC. Ex: `RFC3339: 2006-01-02T15:04:05Z07:00`","description_kind":"plain","optional":true},"os_patch_on_boot":{"type":"bool","description":"Whether to apply OS patch on boot. Default is `false`.","description_kind":"plain","optional":true},"os_patch_schedule":{"type":"string","description":"Cron schedule for OS patching. This must be in the form of `0 0 * * *`.","description_kind":"plain","optional":true},"pause_cluster":{"type":"bool","description":"To pause and resume cluster state. Set to true to pause running cluster \u0026 false to resume it.","description_kind":"plain","optional":true},"skip_completion":{"type":"bool","description":"If `true`, the cluster will be created asynchronously. Default value is `false`.","description_kind":"plain","optional":true},"tags":{"type":["set","string"],"description":"A list of tags to be applied to the cluster. Tags must be in the form of `key:value`.","description_kind":"plain","optional":true}},"block_types":{"backup_policy":{"nesting_mode":"list","block":{"attributes":{"backup_location_id":{"type":"string","description":"The ID of the backup location to use for the backup.","description_kind":"plain","required":true},"cluster_uids":{"type":["set","string"],"description":"The list of cluster UIDs to include in the backup. If `include_all_clusters` is set to `true`, then all clusters will be included.","description_kind":"plain","optional":true},"expiry_in_hour":{"type":"number","description":"The number of hours after which the backup will be deleted. For example, if the expiry is set to 24, the backup will be deleted after 24 hours.","description_kind":"plain","required":true},"include_all_clusters":{"type":"bool","description":"Whether to include all clusters in the backup. If set to false, only the clusters specified in `cluster_uids` will be included.","description_kind":"plain","optional":true},"include_cluster_resources":{"type":"bool","description":"Whether to include the cluster resources in the backup. If set to false, only the cluster configuration and disks will be backed up.","description_kind":"plain","optional":true},"include_disks":{"type":"bool","description":"Whether to include the disks in the backup. If set to false, only the cluster configuration will be backed up.","description_kind":"plain","optional":true},"namespaces":{"type":["set","string"],"description":"The list of Kubernetes namespaces to include in the backup. If not specified, all namespaces will be included.","description_kind":"plain","optional":true},"prefix":{"type":"string","description":"Prefix for the backup name. The backup name will be of the format \u003cprefix\u003e-\u003ccluster-name\u003e-\u003ctimestamp\u003e.","description_kind":"plain","required":true},"schedule":{"type":"string","description":"The schedule for the backup. The schedule is specified in cron format. For example, to run the backup every day at 1:00 AM, the schedule should be set to `0 1 * * *`.","description_kind":"plain","required":true}},"description_kind":"plain"},"max_items":1},"cloud_config":{"nesting_mode":"list","block":{"attributes":{"chart_name":{"type":"string","description_kind":"plain","optional":true},"chart_repo":{"type":"string","description_kind":"plain","optional":true},"chart_values":{"type":"string","description_kind":"plain","optional":true},"chart_version":{"type":"string","description_kind":"plain","optional":true},"k8s_version":{"type":"string","description_kind":"plain","optional":true}},"description_kind":"plain"},"max_items":1},"cluster_profile":{"nesting_mode":"list","block":{"attributes":{"id":{"type":"string","description":"The ID of the cluster profile.","description_kind":"plain","required":true}},"block_types":{"pack":{"nesting_mode":"list","block":{"attributes":{"name":{"type":"string","description":"The name of the pack. The name must be unique within the cluster profile. ","description_kind":"plain","required":true},"registry_uid":{"type":"string","description":"The registry UID of the pack. The registry UID is the unique identifier of the registry. ","description_kind":"plain","optional":true},"tag":{"type":"string","description":"The tag of the pack. The tag is the version of the pack.","description_kind":"plain","optional":true},"type":{"type":"string","description":"The type of the pack. The default value is `spectro`.","description_kind":"plain","optional":true},"uid":{"type":"string","description_kind":"plain","optional":true,"computed":true},"values":{"type":"string","description":"The values of the pack. The values are the configuration values of the pack. The values are specified in YAML format. ","description_kind":"plain","required":true}},"block_types":{"manifest":{"nesting_mode":"list","block":{"attributes":{"content":{"type":"string","description":"The content of the manifest. The content is the YAML content of the manifest. ","description_kind":"plain","required":true},"name":{"type":"string","description":"The name of the manifest. The name must be unique within the pack. ","description_kind":"plain","required":true},"uid":{"type":"string","description_kind":"plain","computed":true}},"description_kind":"plain"}}},"description_kind":"plain"}}},"description_kind":"plain"}},"cluster_rbac_binding":{"nesting_mode":"list","block":{"attributes":{"namespace":{"type":"string","description":"The Kubernetes namespace of the RBAC binding. Required if 'type' is set to 'RoleBinding'.","description_kind":"plain","optional":true},"role":{"type":["map","string"],"description":"The role of the RBAC binding. Required if 'type' is set to 'RoleBinding'.","description_kind":"plain","optional":true},"type":{"type":"string","description":"The type of the RBAC binding. Can be one of the following values: `RoleBinding`, or `ClusterRoleBinding`.","description_kind":"plain","required":true}},"block_types":{"subjects":{"nesting_mode":"list","block":{"attributes":{"name":{"type":"string","description":"The name of the subject. Required if 'type' is set to 'User' or 'Group'.","description_kind":"plain","required":true},"namespace":{"type":"string","description":"The Kubernetes namespace of the subject. Required if 'type' is set to 'ServiceAccount'.","description_kind":"plain","optional":true},"type":{"type":"string","description":"The type of the subject. Can be one of the following values: `User`, `Group`, or `ServiceAccount`.","description_kind":"plain","required":true}},"description_kind":"plain"}}},"description_kind":"plain"}},"namespaces":{"nesting_mode":"list","block":{"attributes":{"images_blacklist":{"type":["list","string"],"description":"List of images to disallow for the namespace. For example, `['nginx:latest', 'redis:latest']`","description_kind":"plain","optional":true},"name":{"type":"string","description":"Name of the namespace. This is the name of the Kubernetes namespace in the cluster.","description_kind":"plain","required":true},"resource_allocation":{"type":["map","string"],"description":"Resource allocation for the namespace. This is a map containing the resource type and the resource value. For example, `{cpu_cores: '2', memory_MiB: '2048'}`","description_kind":"plain","required":true}},"description_kind":"plain"}},"resources":{"nesting_mode":"list","block":{"attributes":{"max_cpu":{"type":"number","description_kind":"plain","optional":true},"max_mem_in_mb":{"type":"number","description_kind":"plain","optional":true},"max_storage_in_gb":{"type":"number","description_kind":"plain","optional":true},"min_cpu":{"type":"number","description_kind":"plain","optional":true},"min_mem_in_mb":{"type":"number","description_kind":"plain","optional":true},"min_storage_in_gb":{"type":"number","description_kind":"plain","optional":true}},"description_kind":"plain"}},"scan_policy":{"nesting_mode":"list","block":{"attributes":{"configuration_scan_schedule":{"type":"string","description":"The schedule for configuration scan.","description_kind":"plain","required":true},"conformance_scan_schedule":{"type":"string","description":"The schedule for conformance scan.","description_kind":"plain","required":true},"penetration_scan_schedule":{"type":"string","description":"The schedule for penetration scan.","description_kind":"plain","required":true}},"description_kind":"plain"},"max_items":1},"timeouts":{"nesting_mode":"single","block":{"attributes":{"create":{"type":"string","description_kind":"plain","optional":true},"delete":{"type":"string","description_kind":"plain","optional":true},"update":{"type":"string","description_kind":"plain","optional":true}},"description_kind":"plain"}}},"description":"A resource to manage a Palette Virtual Cluster.","description_kind":"plain"}},"spectrocloud_virtual_machine":{"version":0,"block":{"attributes":{"annotations":{"type":["map","string"],"description":"The annotations of the virtual machine.","description_kind":"plain","optional":true},"base_vm_name":{"type":"string","description":"The name of the source virtual machine that a clone will be created of.","description_kind":"plain","optional":true},"cloud_init_user_data":{"type":"string","description":"The cloud-init user data to be used for the virtual machine. Default value is `#cloud-config\nssh_pwauth: True\nchpasswd: { expire: False }\npassword: spectro\ndisable_root: false\n`.","description_kind":"plain","optional":true},"cluster_uid":{"type":"string","description":"The cluster UID to which the virtual machine belongs to.","description_kind":"plain","required":true},"cpu_cores":{"type":"number","description":"The number of CPU cores to be allocated to the virtual machine. Default value is `1`.","description_kind":"plain","optional":true},"id":{"type":"string","description_kind":"plain","optional":true,"computed":true},"image_url":{"type":"string","description":"The URL of the VM template image to be used for the virtual machine.","description_kind":"plain","optional":true},"labels":{"type":["set","string"],"description":"The labels of the virtual machine.","description_kind":"plain","optional":true},"memory":{"type":"string","description":"The amount of memory to be allocated to the virtual machine. Default value is `2G`.","description_kind":"plain","optional":true},"name":{"type":"string","description":"The name of the virtual machine.","description_kind":"plain","required":true},"namespace":{"type":"string","description":"The namespace of the virtual machine.","description_kind":"plain","required":true},"run_on_launch":{"type":"bool","description":"If set to `true`, the virtual machine will be started when the cluster is launched. Default value is `true`.","description_kind":"plain","optional":true},"vm_action":{"type":"string","description":"The action to be performed on the virtual machine. Valid values are: `start`, `stop`, `restart`, `pause`, `resume`, `migrate`. Default value is `start`.","description_kind":"plain","optional":true},"vm_state":{"type":"string","description":"The state of the virtual machine.  The virtual machine can be in one of the following states: `running`, `stopped`, `paused`, `migrating`, `error`, `unknown`.","description_kind":"plain","optional":true,"computed":true}},"block_types":{"devices":{"nesting_mode":"set","block":{"block_types":{"disk":{"nesting_mode":"list","block":{"attributes":{"bus":{"type":"string","description":"The bus type of the disk. This is the name that will be used to identify the disk in the guest OS.","description_kind":"plain","required":true},"name":{"type":"string","description":"The name of the disk. This is the name that will be used to identify the disk in the guest OS.","description_kind":"plain","required":true}},"description_kind":"plain"},"min_items":1},"interface":{"nesting_mode":"list","block":{"attributes":{"name":{"type":"string","description":"The name of the interface. This is the name that will be used to identify the device interface in the guest OS.","description_kind":"plain","required":true}},"description_kind":"plain"},"min_items":1}},"description_kind":"plain"}},"network_spec":{"nesting_mode":"set","block":{"block_types":{"network":{"nesting_mode":"list","block":{"attributes":{"name":{"type":"string","description":"The name of the network to be attached to the virtual machine.","description_kind":"plain","required":true}},"description":"The network specification for the virtual machine.","description_kind":"plain"}}},"description_kind":"plain"}},"volume_spec":{"nesting_mode":"set","block":{"block_types":{"volume":{"nesting_mode":"list","block":{"attributes":{"name":{"type":"string","description_kind":"plain","required":true}},"block_types":{"cloud_init_no_cloud":{"nesting_mode":"set","block":{"attributes":{"user_data":{"type":"string","description":"The user data to use for the cloud-init no cloud disk. This can be a local file path, a remote URL, or a registry URL.","description_kind":"plain","required":true}},"description":"Used to specify a cloud-init `noCloud` image. The image is expected to contain a disk image in a supported format. The disk image is extracted from the cloud-init `noCloud `image and used as the disk for the VM","description_kind":"plain"}},"container_disk":{"nesting_mode":"set","block":{"attributes":{"image_url":{"type":"string","description":"The URL of the container image to use as the disk. This can be a local file path, a remote URL, or a registry URL.","description_kind":"plain","required":true}},"description":"A container disk is a disk that is backed by a container image. The container image is expected to contain a disk image in a supported format. The disk image is extracted from the container image and used as the disk for the VM.","description_kind":"plain"}}},"description_kind":"plain"}}},"description":"The volume specification for the virtual machine.","description_kind":"plain"}}},"description":"A resource to manage Virtual Machines (VM) through Palette.","description_kind":"plain"}},"spectrocloud_workspace":{"version":2,"block":{"attributes":{"description":{"type":"string","description_kind":"plain","optional":true},"id":{"type":"string","description_kind":"plain","optional":true,"computed":true},"name":{"type":"string","description_kind":"plain","required":true},"tags":{"type":["set","string"],"description_kind":"plain","optional":true}},"block_types":{"backup_policy":{"nesting_mode":"list","block":{"attributes":{"backup_location_id":{"type":"string","description":"The ID of the backup location to use for the backup.","description_kind":"plain","required":true},"cluster_uids":{"type":["set","string"],"description":"The list of cluster UIDs to include in the backup. If `include_all_clusters` is set to `true`, then all clusters will be included.","description_kind":"plain","optional":true},"expiry_in_hour":{"type":"number","description":"The number of hours after which the backup will be deleted. For example, if the expiry is set to 24, the backup will be deleted after 24 hours.","description_kind":"plain","required":true},"include_all_clusters":{"type":"bool","description":"Whether to include all clusters in the backup. If set to false, only the clusters specified in `cluster_uids` will be included.","description_kind":"plain","optional":true},"include_cluster_resources":{"type":"bool","description":"Whether to include the cluster resources in the backup. If set to false, only the cluster configuration and disks will be backed up.","description_kind":"plain","optional":true},"include_disks":{"type":"bool","description":"Whether to include the disks in the backup. If set to false, only the cluster configuration will be backed up.","description_kind":"plain","optional":true},"namespaces":{"type":["set","string"],"description":"The list of Kubernetes namespaces to include in the backup. If not specified, all namespaces will be included.","description_kind":"plain","optional":true},"prefix":{"type":"string","description":"Prefix for the backup name. The backup name will be of the format \u003cprefix\u003e-\u003ccluster-name\u003e-\u003ctimestamp\u003e.","description_kind":"plain","required":true},"schedule":{"type":"string","description":"The schedule for the backup. The schedule is specified in cron format. For example, to run the backup every day at 1:00 AM, the schedule should be set to `0 1 * * *`.","description_kind":"plain","required":true}},"description_kind":"plain"},"max_items":1},"cluster_rbac_binding":{"nesting_mode":"list","block":{"attributes":{"namespace":{"type":"string","description":"The Kubernetes namespace of the RBAC binding. Required if 'type' is set to 'RoleBinding'.","description_kind":"plain","optional":true},"role":{"type":["map","string"],"description":"The role of the RBAC binding. Required if 'type' is set to 'RoleBinding'.","description_kind":"plain","optional":true},"type":{"type":"string","description":"The type of the RBAC binding. Can be one of the following values: `RoleBinding`, or `ClusterRoleBinding`.","description_kind":"plain","required":true}},"block_types":{"subjects":{"nesting_mode":"list","block":{"attributes":{"name":{"type":"string","description":"The name of the subject. Required if 'type' is set to 'User' or 'Group'.","description_kind":"plain","required":true},"namespace":{"type":"string","description":"The Kubernetes namespace of the subject. Required if 'type' is set to 'ServiceAccount'.","description_kind":"plain","optional":true},"type":{"type":"string","description":"The type of the subject. Can be one of the following values: `User`, `Group`, or `ServiceAccount`.","description_kind":"plain","required":true}},"description_kind":"plain"}}},"description_kind":"plain"}},"clusters":{"nesting_mode":"set","block":{"attributes":{"uid":{"type":"string","description_kind":"plain","required":true}},"description_kind":"plain"},"min_items":1},"namespaces":{"nesting_mode":"list","block":{"attributes":{"images_blacklist":{"type":["list","string"],"description":"List of images to disallow for the namespace. For example, `['nginx:latest', 'redis:latest']`","description_kind":"plain","optional":true},"name":{"type":"string","description":"Name of the namespace. This is the name of the Kubernetes namespace in the cluster.","description_kind":"plain","required":true},"resource_allocation":{"type":["map","string"],"description":"Resource allocation for the namespace. This is a map containing the resource type and the resource value. For example, `{cpu_cores: '2', memory_MiB: '2048'}`","description_kind":"plain","required":true}},"description_kind":"plain"}}},"description_kind":"plain"}}},"data_source_schemas":{"spectrocloud_appliance":{"version":2,"block":{"attributes":{"id":{"type":"string","description_kind":"plain","optional":true,"computed":true},"name":{"type":"string","description_kind":"plain","required":true},"tags":{"type":["map","string"],"description_kind":"plain","optional":true}},"description_kind":"plain"}},"spectrocloud_appliances":{"version":0,"block":{"attributes":{"id":{"type":"string","description_kind":"plain","optional":true,"computed":true},"ids":{"type":["list","string"],"description":"The unique ids of the appliances. This is a computed field and is not required to be set.","description_kind":"plain","computed":true},"tags":{"type":["map","string"],"description":"A list of tags to filter the appliances.","description_kind":"plain","optional":true}},"description":"Provides details about for a set of appliances.","description_kind":"plain"}},"spectrocloud_application_profile":{"version":0,"block":{"attributes":{"id":{"type":"string","description_kind":"plain","optional":true,"computed":true},"name":{"type":"string","description":"Name of the application profile","description_kind":"plain","required":true},"version":{"type":"string","description":"The version of the app profile. Default value is '1.0.0'.","description_kind":"plain","optional":true,"computed":true}},"description":"Use this data source to get the details of an existing application profile.","description_kind":"plain"}},"spectrocloud_backup_storage_location":{"version":2,"block":{"attributes":{"id":{"type":"string","description_kind":"plain","optional":true,"computed":true},"name":{"type":"string","description_kind":"plain","optional":true,"computed":true}},"description_kind":"plain"}},"spectrocloud_cloudaccount_aws":{"version":0,"block":{"attributes":{"depends":{"type":"string","description_kind":"plain","optional":true,"computed":true},"id":{"type":"string","description_kind":"plain","optional":true,"computed":true},"name":{"type":"string","description_kind":"plain","optional":true,"computed":true}},"description_kind":"plain"}},"spectrocloud_cloudaccount_azure":{"version":0,"block":{"attributes":{"azure_client_id":{"type":"string","description_kind":"plain","computed":true},"azure_tenant_id":{"type":"string","description_kind":"plain","computed":true},"id":{"type":"string","description_kind":"plain","optional":true,"computed":true},"name":{"type":"string","description_kind":"plain","optional":true,"computed":true}},"description_kind":"plain"}},"spectrocloud_cloudaccount_gcp":{"version":0,"block":{"attributes":{"id":{"type":"string","description_kind":"plain","optional":true,"computed":true},"name":{"type":"string","description_kind":"plain","optional":true,"computed":true}},"description_kind":"plain"}},"spectrocloud_cloudaccount_maas":{"version":0,"block":{"attributes":{"id":{"type":"string","description_kind":"plain","optional":true,"computed":true},"maas_api_endpoint":{"type":"string","description_kind":"plain","computed":true},"maas_api_key":{"type":"string","description_kind":"plain","computed":true},"name":{"type":"string","description_kind":"plain","optional":true,"computed":true}},"description_kind":"plain"}},"spectrocloud_cloudaccount_openstack":{"version":0,"block":{"attributes":{"id":{"type":"string","description_kind":"plain","optional":true,"computed":true},"name":{"type":"string","description_kind":"plain","optional":true,"computed":true}},"description_kind":"plain"}},"spectrocloud_cloudaccount_tencent":{"version":0,"block":{"attributes":{"id":{"type":"string","description_kind":"plain","optional":true,"computed":true},"name":{"type":"string","description_kind":"plain","optional":true,"computed":true},"tencent_secret_id":{"type":"string","description_kind":"plain","computed":true}},"description_kind":"plain"}},"spectrocloud_cloudaccount_vsphere":{"version":0,"block":{"attributes":{"id":{"type":"string","description_kind":"plain","optional":true,"computed":true},"name":{"type":"string","description_kind":"plain","optional":true,"computed":true}},"description_kind":"plain"}},"spectrocloud_cluster":{"version":0,"block":{"attributes":{"context":{"type":"string","description":"Cluster context can be 'project' or 'tenant'. Defaults to 'project'.","description_kind":"plain","optional":true},"id":{"type":"string","description_kind":"plain","optional":true,"computed":true},"name":{"type":"string","description_kind":"plain","required":true}},"description_kind":"plain"}},"spectrocloud_cluster_group":{"version":2,"block":{"attributes":{"context":{"type":"string","description":"The context of where the cluster group is located. Allowed values  are `system` or `tenant`. Defaults to 'tenant'.","description_kind":"plain","optional":true},"id":{"type":"string","description_kind":"plain","optional":true,"computed":true},"name":{"type":"string","description":"The name of the cluster group.","description_kind":"plain","required":true}},"description_kind":"plain"}},"spectrocloud_cluster_profile":{"version":0,"block":{"attributes":{"context":{"type":"string","description_kind":"plain","optional":true,"computed":true},"id":{"type":"string","description_kind":"plain","optional":true,"computed":true},"name":{"type":"string","description_kind":"plain","optional":true,"computed":true},"version":{"type":"string","description_kind":"plain","optional":true,"computed":true}},"block_types":{"pack":{"nesting_mode":"list","block":{"attributes":{"name":{"type":"string","description":"The name of the pack. The name must be unique within the cluster profile. ","description_kind":"plain","required":true},"registry_uid":{"type":"string","description":"The registry UID of the pack. The registry UID is the unique identifier of the registry. ","description_kind":"plain","optional":true},"tag":{"type":"string","description":"The tag of the pack. The tag is the version of the pack.","description_kind":"plain","optional":true},"type":{"type":"string","description":"The type of the pack. The default value is `spectro`.","description_kind":"plain","optional":true},"uid":{"type":"string","description_kind":"plain","optional":true,"computed":true},"values":{"type":"string","description":"The values of the pack. The values are the configuration values of the pack. The values are specified in YAML format. ","description_kind":"plain","required":true}},"block_types":{"manifest":{"nesting_mode":"list","block":{"attributes":{"content":{"type":"string","description":"The content of the manifest. The content is the YAML content of the manifest. ","description_kind":"plain","required":true},"name":{"type":"string","description":"The name of the manifest. The name must be unique within the pack. ","description_kind":"plain","required":true},"uid":{"type":"string","description_kind":"plain","computed":true}},"description_kind":"plain"}}},"description_kind":"plain"}}},"description_kind":"plain"}},"spectrocloud_ippool":{"version":0,"block":{"attributes":{"id":{"type":"string","description_kind":"plain","optional":true,"computed":true},"name":{"type":"string","description":"The name of the IP pool.","description_kind":"plain","required":true},"private_cloud_gateway_id":{"type":"string","description":"The ID of the private cloud gateway.","description_kind":"plain","required":true}},"description_kind":"plain"}},"spectrocloud_pack":{"version":0,"block":{"attributes":{"cloud":{"type":["set","string"],"description_kind":"plain","optional":true,"computed":true},"filters":{"type":"string","description_kind":"plain","optional":true},"id":{"type":"string","description_kind":"plain","optional":true,"computed":true},"name":{"type":"string","description_kind":"plain","optional":true,"computed":true},"registry_uid":{"type":"string","description_kind":"plain","optional":true,"computed":true},"type":{"type":"string","description_kind":"plain","optional":true,"computed":true},"values":{"type":"string","description_kind":"plain","computed":true},"version":{"type":"string","description_kind":"plain","optional":true,"computed":true}},"description_kind":"plain"}},"spectrocloud_pack_simple":{"version":0,"block":{"attributes":{"context":{"type":"string","description_kind":"plain","optional":true},"id":{"type":"string","description_kind":"plain","optional":true,"computed":true},"name":{"type":"string","description":"The name of the pack.","description_kind":"plain","required":true},"registry_uid":{"type":"string","description":"The unique identifier of the registry the pack belongs to.","description_kind":"plain","optional":true},"type":{"type":"string","description":"The type of Pack. Allowed values are `helm`, `manifest`, `container` or `operator-instance`.","description_kind":"plain","required":true},"values":{"type":"string","description":"This is a stringified YAML object containing the pack configuration details. ","description_kind":"plain","computed":true},"version":{"type":"string","description":"The version of the pack.","description_kind":"plain","optional":true}},"description_kind":"plain"}},"spectrocloud_private_cloud_gateway":{"version":0,"block":{"attributes":{"id":{"type":"string","description":"The ID of Private Cloud Gateway.","description_kind":"plain","optional":true,"computed":true},"name":{"type":"string","description":"The Name of Private Cloud Gateway.","description_kind":"plain","optional":true,"computed":true}},"description_kind":"plain"}},"spectrocloud_project":{"version":2,"block":{"attributes":{"id":{"type":"string","description_kind":"plain","optional":true,"computed":true},"name":{"type":"string","description_kind":"plain","optional":true,"computed":true}},"description_kind":"plain"}},"spectrocloud_registry":{"version":0,"block":{"attributes":{"id":{"type":"string","description_kind":"plain","optional":true,"computed":true},"name":{"type":"string","description_kind":"plain","required":true}},"description_kind":"plain"}},"spectrocloud_registry_helm":{"version":2,"block":{"attributes":{"id":{"type":"string","description_kind":"plain","optional":true,"computed":true},"name":{"type":"string","description_kind":"plain","required":true}},"description_kind":"plain"}},"spectrocloud_registry_oci":{"version":2,"block":{"attributes":{"id":{"type":"string","description_kind":"plain","optional":true,"computed":true},"name":{"type":"string","description_kind":"plain","required":true}},"description_kind":"plain"}},"spectrocloud_registry_pack":{"version":0,"block":{"attributes":{"id":{"type":"string","description_kind":"plain","optional":true,"computed":true},"name":{"type":"string","description_kind":"plain","required":true}},"description_kind":"plain"}},"spectrocloud_role":{"version":0,"block":{"attributes":{"id":{"type":"string","description_kind":"plain","optional":true,"computed":true},"name":{"type":"string","description_kind":"plain","optional":true,"computed":true}},"description_kind":"plain"}},"spectrocloud_user":{"version":0,"block":{"attributes":{"id":{"type":"string","description_kind":"plain","optional":true,"computed":true},"name":{"type":"string","description_kind":"plain","optional":true,"computed":true}},"description_kind":"plain"}},"spectrocloud_workspace":{"version":2,"block":{"attributes":{"id":{"type":"string","description_kind":"plain","optional":true,"computed":true},"name":{"type":"string","description_kind":"plain","required":true}},"description_kind":"plain"}}}}}}
