{"format_version":"1.0","provider_schemas":{"registry.terraform.io/spectrocloud/spectrocloud":{"provider":{"version":0,"block":{"attributes":{"api_key":{"type":"string","description":"The Spectro Cloud API key. Can also be set with the `SPECTROCLOUD_API_KEY` environment variable.","description_kind":"plain","optional":true,"sensitive":true},"host":{"type":"string","description":"The Spectro Cloud API host url. Can also be set with the `SPECTROCLOUD_HOST` environment variable. Defaults to https://api.spectrocloud.com","description_kind":"plain","optional":true},"ignore_insecure_tls_error":{"type":"bool","description":"Ignore insecure TLS errors for Spectro Cloud API endpoints. Defaults to false.","description_kind":"plain","optional":true},"password":{"type":"string","description":"The Spectro Cloud user password. Can also be set with the `SPECTROCLOUD_PASSWORD` environment variable.","description_kind":"plain","optional":true,"sensitive":true},"project_name":{"type":"string","description":"The Spectro Cloud project name.","description_kind":"plain","optional":true},"retry_attempts":{"type":"number","description":"Number of retry attempts. Can also be set with the `SPECTROCLOUD_RETRY_ATTEMPTS` environment variable. Defaults to 10.","description_kind":"plain","optional":true},"trace":{"type":"bool","description":"Enable HTTP request tracing. Can also be set with the `SPECTROCLOUD_TRACE` environment variable. To enable Terraform debug logging, set `TF_LOG=DEBUG`. Visit the Terraform documentation to learn more about Terraform [debugging](https://developer.hashicorp.com/terraform/plugin/log/managing).","description_kind":"plain","optional":true},"username":{"type":"string","description":"The Spectro Cloud username. Can also be set with the `SPECTROCLOUD_USERNAME` environment variable.","description_kind":"plain","optional":true}},"description_kind":"plain"}},"resource_schemas":{"spectrocloud_addon_deployment":{"version":2,"block":{"attributes":{"apply_setting":{"type":"string","description_kind":"plain","optional":true},"cluster_uid":{"type":"string","description_kind":"plain","required":true},"id":{"type":"string","description_kind":"plain","optional":true,"computed":true}},"block_types":{"cluster_profile":{"nesting_mode":"list","block":{"attributes":{"id":{"type":"string","description_kind":"plain","required":true}},"block_types":{"pack":{"nesting_mode":"list","block":{"attributes":{"name":{"type":"string","description_kind":"plain","required":true},"registry_uid":{"type":"string","description_kind":"plain","optional":true},"tag":{"type":"string","description_kind":"plain","optional":true},"type":{"type":"string","description_kind":"plain","optional":true},"uid":{"type":"string","description_kind":"plain","optional":true,"computed":true},"values":{"type":"string","description_kind":"plain","optional":true}},"block_types":{"manifest":{"nesting_mode":"list","block":{"attributes":{"content":{"type":"string","description_kind":"plain","required":true},"name":{"type":"string","description_kind":"plain","required":true}},"description_kind":"plain"}}},"description_kind":"plain"}}},"description_kind":"plain"},"max_items":1},"timeouts":{"nesting_mode":"single","block":{"attributes":{"create":{"type":"string","description_kind":"plain","optional":true},"delete":{"type":"string","description_kind":"plain","optional":true},"update":{"type":"string","description_kind":"plain","optional":true}},"description_kind":"plain"}}},"description_kind":"plain"}},"spectrocloud_alert":{"version":2,"block":{"attributes":{"alert_all_users":{"type":"bool","description_kind":"plain","optional":true},"component":{"type":"string","description_kind":"plain","required":true},"created_by":{"type":"string","description_kind":"plain","optional":true},"id":{"type":"string","description_kind":"plain","optional":true,"computed":true},"identifiers":{"type":["set","string"],"description_kind":"plain","optional":true},"is_active":{"type":"bool","description_kind":"plain","required":true},"project":{"type":"string","description_kind":"plain","required":true},"type":{"type":"string","description_kind":"plain","required":true}},"block_types":{"http":{"nesting_mode":"list","block":{"attributes":{"body":{"type":"string","description_kind":"plain","required":true},"headers":{"type":["map","string"],"description_kind":"plain","optional":true},"method":{"type":"string","description_kind":"plain","required":true},"url":{"type":"string","description_kind":"plain","required":true}},"description_kind":"plain"}},"status":{"nesting_mode":"list","block":{"attributes":{"is_succeeded":{"type":"bool","description_kind":"plain","optional":true},"message":{"type":"string","description_kind":"plain","optional":true},"time":{"type":"string","description_kind":"plain","optional":true}},"description_kind":"plain"}},"timeouts":{"nesting_mode":"single","block":{"attributes":{"create":{"type":"string","description_kind":"plain","optional":true},"delete":{"type":"string","description_kind":"plain","optional":true},"update":{"type":"string","description_kind":"plain","optional":true}},"description_kind":"plain"}}},"description_kind":"plain"}},"spectrocloud_appliance":{"version":2,"block":{"attributes":{"id":{"type":"string","description_kind":"plain","optional":true,"computed":true},"pairing_key":{"type":"string","description_kind":"plain","optional":true},"tags":{"type":["map","string"],"description_kind":"plain","optional":true},"uid":{"type":"string","description_kind":"plain","required":true},"wait":{"type":"bool","description_kind":"plain","optional":true}},"block_types":{"timeouts":{"nesting_mode":"single","block":{"attributes":{"create":{"type":"string","description_kind":"plain","optional":true},"delete":{"type":"string","description_kind":"plain","optional":true},"update":{"type":"string","description_kind":"plain","optional":true}},"description_kind":"plain"}}},"description_kind":"plain"}},"spectrocloud_application":{"version":2,"block":{"attributes":{"application_profile_uid":{"type":"string","description_kind":"plain","required":true},"id":{"type":"string","description_kind":"plain","optional":true,"computed":true},"name":{"type":"string","description_kind":"plain","required":true},"tags":{"type":["set","string"],"description_kind":"plain","optional":true}},"block_types":{"config":{"nesting_mode":"list","block":{"attributes":{"cluster_group_uid":{"type":"string","description_kind":"plain","optional":true},"cluster_name":{"type":"string","description_kind":"plain","optional":true},"cluster_uid":{"type":"string","description_kind":"plain","optional":true}},"block_types":{"limits":{"nesting_mode":"list","block":{"attributes":{"cpu":{"type":"number","description_kind":"plain","optional":true},"memory":{"type":"number","description_kind":"plain","optional":true},"storage":{"type":"number","description_kind":"plain","optional":true}},"description_kind":"plain"}}},"description_kind":"plain"},"max_items":1},"timeouts":{"nesting_mode":"single","block":{"attributes":{"create":{"type":"string","description_kind":"plain","optional":true},"delete":{"type":"string","description_kind":"plain","optional":true},"update":{"type":"string","description_kind":"plain","optional":true}},"description_kind":"plain"}}},"description_kind":"plain"}},"spectrocloud_application_profile":{"version":0,"block":{"attributes":{"cloud":{"type":"string","description":"The cloud provider the profile is eligible for. Default value is `all`.","description_kind":"plain","optional":true},"context":{"type":"string","description":"Context of the profile. Allowed values are `project`, `cluster`, or `namespace`. Default value is `project`.","description_kind":"plain","optional":true},"description":{"type":"string","description":"Description of the profile.","description_kind":"plain","optional":true},"id":{"type":"string","description_kind":"plain","optional":true,"computed":true},"name":{"type":"string","description":"Name of the application profile","description_kind":"plain","required":true},"tags":{"type":["set","string"],"description":"A list of tags to be applied to the application profile. Tags must be in the form of `key:value`.","description_kind":"plain","optional":true},"version":{"type":"string","description":"Version of the profile. Default value is 1.0.0.","description_kind":"plain","optional":true}},"block_types":{"pack":{"nesting_mode":"list","block":{"attributes":{"install_order":{"type":"number","description":"The installation priority order of the app profile. The order of priority goes from lowest number to highest number. For example, a value of `-3` would be installed before an app profile with a higher number value. No upper and lower limits exist, and you may specify positive and negative integers. The default value is `0`. ","description_kind":"plain","optional":true},"name":{"type":"string","description":"The name of the specified pack.","description_kind":"plain","required":true},"properties":{"type":["map","string"],"description":"The various properties required by different database tiers eg: `databaseName` and `databaseVolumeSize` size for Redis etc.","description_kind":"plain","optional":true},"registry_uid":{"type":"string","description":"The unique id of the registry to be used for the pack.","description_kind":"plain","optional":true,"computed":true},"source_app_tier":{"type":"string","description":"The unique id of the pack to be used as the source for the pack.","description_kind":"plain","optional":true},"tag":{"type":"string","description":"The identifier or version to label the pack.","description_kind":"plain","optional":true},"type":{"type":"string","description":"The type of Pack. Allowed values are `container`, `helm`, `manifest`, or `operator-instance`.","description_kind":"plain","optional":true},"uid":{"type":"string","description":"The unique id of the pack. This is a computed field and is not required to be set.","description_kind":"plain","optional":true,"computed":true},"values":{"type":"string","description":"The values to be used for the pack. This is a stringified JSON object.","description_kind":"plain","optional":true}},"block_types":{"manifest":{"nesting_mode":"list","block":{"attributes":{"content":{"type":"string","description":"The content of the manifest.","description_kind":"plain","required":true},"name":{"type":"string","description":"The name of the manifest.","description_kind":"plain","required":true},"uid":{"type":"string","description_kind":"plain","computed":true}},"description":"The manifest of the pack.","description_kind":"plain"}}},"description":"A list of packs to be applied to the application profile.","description_kind":"plain"},"min_items":1},"timeouts":{"nesting_mode":"single","block":{"attributes":{"create":{"type":"string","description_kind":"plain","optional":true},"delete":{"type":"string","description_kind":"plain","optional":true},"update":{"type":"string","description_kind":"plain","optional":true}},"description_kind":"plain"}}},"description":"Provisions an Application Profile. App Profiles are templates created with preconfigured services. You can create as many profiles as required, with multiple tiers serving different functionalities per use case.","description_kind":"plain"}},"spectrocloud_backup_storage_location":{"version":2,"block":{"attributes":{"bucket_name":{"type":"string","description_kind":"plain","required":true},"ca_cert":{"type":"string","description_kind":"plain","optional":true},"id":{"type":"string","description_kind":"plain","optional":true,"computed":true},"is_default":{"type":"bool","description_kind":"plain","required":true},"name":{"type":"string","description_kind":"plain","required":true},"region":{"type":"string","description_kind":"plain","required":true}},"block_types":{"s3":{"nesting_mode":"list","block":{"attributes":{"access_key":{"type":"string","description_kind":"plain","optional":true},"arn":{"type":"string","description_kind":"plain","optional":true},"credential_type":{"type":"string","description_kind":"plain","required":true},"external_id":{"type":"string","description_kind":"plain","optional":true},"s3_force_path_style":{"type":"bool","description_kind":"plain","optional":true},"s3_url":{"type":"string","description_kind":"plain","optional":true},"secret_key":{"type":"string","description_kind":"plain","optional":true}},"description_kind":"plain"},"min_items":1,"max_items":1},"timeouts":{"nesting_mode":"single","block":{"attributes":{"create":{"type":"string","description_kind":"plain","optional":true},"delete":{"type":"string","description_kind":"plain","optional":true},"update":{"type":"string","description_kind":"plain","optional":true}},"description_kind":"plain"}}},"description_kind":"plain"}},"spectrocloud_cloudaccount_aws":{"version":0,"block":{"attributes":{"arn":{"type":"string","description_kind":"plain","optional":true},"aws_access_key":{"type":"string","description_kind":"plain","optional":true},"aws_secret_key":{"type":"string","description_kind":"plain","optional":true,"sensitive":true},"context":{"type":"string","description_kind":"plain","optional":true},"external_id":{"type":"string","description_kind":"plain","optional":true,"sensitive":true},"id":{"type":"string","description_kind":"plain","optional":true,"computed":true},"name":{"type":"string","description_kind":"plain","required":true},"type":{"type":"string","description_kind":"plain","optional":true}},"description_kind":"plain"}},"spectrocloud_cloudaccount_azure":{"version":0,"block":{"attributes":{"azure_client_id":{"type":"string","description_kind":"plain","required":true},"azure_client_secret":{"type":"string","description_kind":"plain","required":true,"sensitive":true},"azure_tenant_id":{"type":"string","description_kind":"plain","required":true},"id":{"type":"string","description_kind":"plain","optional":true,"computed":true},"name":{"type":"string","description_kind":"plain","required":true}},"description_kind":"plain"}},"spectrocloud_cloudaccount_gcp":{"version":0,"block":{"attributes":{"gcp_json_credentials":{"type":"string","description_kind":"plain","required":true,"sensitive":true},"id":{"type":"string","description_kind":"plain","optional":true,"computed":true},"name":{"type":"string","description_kind":"plain","required":true}},"description_kind":"plain"}},"spectrocloud_cloudaccount_maas":{"version":0,"block":{"attributes":{"id":{"type":"string","description_kind":"plain","optional":true,"computed":true},"maas_api_endpoint":{"type":"string","description_kind":"plain","optional":true},"maas_api_key":{"type":"string","description_kind":"plain","optional":true,"sensitive":true},"name":{"type":"string","description_kind":"plain","required":true},"private_cloud_gateway_id":{"type":"string","description_kind":"plain","optional":true}},"description_kind":"plain"}},"spectrocloud_cloudaccount_openstack":{"version":0,"block":{"attributes":{"ca_certificate":{"type":"string","description_kind":"plain","optional":true},"default_domain":{"type":"string","description_kind":"plain","required":true},"default_project":{"type":"string","description_kind":"plain","required":true},"id":{"type":"string","description_kind":"plain","optional":true,"computed":true},"identity_endpoint":{"type":"string","description_kind":"plain","required":true},"name":{"type":"string","description_kind":"plain","required":true},"openstack_allow_insecure":{"type":"bool","description_kind":"plain","optional":true},"openstack_password":{"type":"string","description_kind":"plain","required":true,"sensitive":true},"openstack_username":{"type":"string","description_kind":"plain","required":true},"parent_region":{"type":"string","description_kind":"plain","required":true},"private_cloud_gateway_id":{"type":"string","description_kind":"plain","required":true}},"description_kind":"plain"}},"spectrocloud_cloudaccount_tencent":{"version":0,"block":{"attributes":{"id":{"type":"string","description_kind":"plain","optional":true,"computed":true},"name":{"type":"string","description_kind":"plain","required":true},"tencent_secret_id":{"type":"string","description_kind":"plain","optional":true},"tencent_secret_key":{"type":"string","description_kind":"plain","optional":true,"sensitive":true}},"description_kind":"plain"}},"spectrocloud_cluster_aks":{"version":2,"block":{"attributes":{"apply_setting":{"type":"string","description_kind":"plain","optional":true},"cloud_account_id":{"type":"string","description_kind":"plain","required":true},"cloud_config_id":{"type":"string","description_kind":"plain","computed":true},"id":{"type":"string","description_kind":"plain","optional":true,"computed":true},"kubeconfig":{"type":"string","description_kind":"plain","computed":true},"location_config":{"type":["list",["object",{"country_code":"string","country_name":"string","latitude":"number","longitude":"number","region_code":"string","region_name":"string"}]],"description_kind":"plain","computed":true},"name":{"type":"string","description_kind":"plain","required":true},"os_patch_after":{"type":"string","description_kind":"plain","optional":true},"os_patch_on_boot":{"type":"bool","description_kind":"plain","optional":true},"os_patch_schedule":{"type":"string","description_kind":"plain","optional":true},"skip_completion":{"type":"bool","description_kind":"plain","optional":true},"tags":{"type":["set","string"],"description_kind":"plain","optional":true}},"block_types":{"backup_policy":{"nesting_mode":"list","block":{"attributes":{"backup_location_id":{"type":"string","description_kind":"plain","required":true},"expiry_in_hour":{"type":"number","description_kind":"plain","required":true},"include_cluster_resources":{"type":"bool","description_kind":"plain","optional":true},"include_disks":{"type":"bool","description_kind":"plain","optional":true},"namespaces":{"type":["set","string"],"description_kind":"plain","optional":true},"prefix":{"type":"string","description_kind":"plain","required":true},"schedule":{"type":"string","description_kind":"plain","required":true}},"description_kind":"plain"},"max_items":1},"cloud_config":{"nesting_mode":"list","block":{"attributes":{"region":{"type":"string","description_kind":"plain","required":true},"resource_group":{"type":"string","description_kind":"plain","required":true},"ssh_key":{"type":"string","description_kind":"plain","required":true},"subscription_id":{"type":"string","description_kind":"plain","required":true},"vnet_cidr_block":{"type":"string","description_kind":"plain","optional":true},"vnet_name":{"type":"string","description_kind":"plain","optional":true},"vnet_resource_group":{"type":"string","description_kind":"plain","optional":true},"worker_cidr":{"type":"string","description_kind":"plain","optional":true},"worker_subnet_name":{"type":"string","description_kind":"plain","optional":true}},"description_kind":"plain"},"min_items":1,"max_items":1},"cluster_profile":{"nesting_mode":"list","block":{"attributes":{"id":{"type":"string","description_kind":"plain","required":true}},"block_types":{"pack":{"nesting_mode":"list","block":{"attributes":{"name":{"type":"string","description_kind":"plain","required":true},"registry_uid":{"type":"string","description_kind":"plain","optional":true},"tag":{"type":"string","description_kind":"plain","optional":true},"type":{"type":"string","description_kind":"plain","optional":true},"values":{"type":"string","description_kind":"plain","required":true}},"block_types":{"manifest":{"nesting_mode":"list","block":{"attributes":{"content":{"type":"string","description_kind":"plain","required":true},"name":{"type":"string","description_kind":"plain","required":true}},"description_kind":"plain"}}},"description_kind":"plain"}}},"description_kind":"plain"}},"cluster_rbac_binding":{"nesting_mode":"list","block":{"attributes":{"namespace":{"type":"string","description_kind":"plain","optional":true},"role":{"type":["map","string"],"description_kind":"plain","optional":true},"type":{"type":"string","description_kind":"plain","required":true}},"block_types":{"subjects":{"nesting_mode":"list","block":{"attributes":{"name":{"type":"string","description_kind":"plain","required":true},"namespace":{"type":"string","description_kind":"plain","optional":true},"type":{"type":"string","description_kind":"plain","required":true}},"description_kind":"plain"}}},"description_kind":"plain"}},"host_config":{"nesting_mode":"list","block":{"attributes":{"external_traffic_policy":{"type":"string","description":"The external traffic policy for the cluster.","description_kind":"plain","optional":true},"host_endpoint_type":{"type":"string","description":"The type of endpoint for the cluster. Can be either 'Ingress' or 'LoadBalancer'. The default is 'Ingress'.","description_kind":"plain","optional":true},"ingress_host":{"type":"string","description":"The host for the Ingress endpoint. Required if 'host_endpoint_type' is set to 'Ingress'.","description_kind":"plain","optional":true},"load_balancer_source_ranges":{"type":"string","description":"The source ranges for the load balancer. Required if 'host_endpoint_type' is set to 'LoadBalancer'.","description_kind":"plain","optional":true}},"description_kind":"plain"}},"machine_pool":{"nesting_mode":"list","block":{"attributes":{"additional_labels":{"type":["map","string"],"description_kind":"plain","optional":true},"count":{"type":"number","description_kind":"plain","required":true},"disk_size_gb":{"type":"number","description_kind":"plain","required":true},"instance_type":{"type":"string","description_kind":"plain","required":true},"is_system_node_pool":{"type":"bool","description_kind":"plain","required":true},"max":{"type":"number","description_kind":"plain","optional":true},"min":{"type":"number","description_kind":"plain","optional":true},"name":{"type":"string","description_kind":"plain","required":true},"storage_account_type":{"type":"string","description_kind":"plain","required":true},"update_strategy":{"type":"string","description_kind":"plain","optional":true}},"block_types":{"taints":{"nesting_mode":"list","block":{"attributes":{"effect":{"type":"string","description_kind":"plain","required":true},"key":{"type":"string","description_kind":"plain","required":true},"value":{"type":"string","description_kind":"plain","required":true}},"description_kind":"plain"}}},"description_kind":"plain"},"min_items":1},"namespaces":{"nesting_mode":"list","block":{"attributes":{"name":{"type":"string","description_kind":"plain","required":true},"resource_allocation":{"type":["map","string"],"description_kind":"plain","required":true}},"description_kind":"plain"}},"pack":{"nesting_mode":"list","block":{"attributes":{"name":{"type":"string","description_kind":"plain","required":true},"registry_uid":{"type":"string","description_kind":"plain","optional":true},"tag":{"type":"string","description_kind":"plain","required":true},"values":{"type":"string","description_kind":"plain","required":true}},"description_kind":"plain"}},"scan_policy":{"nesting_mode":"list","block":{"attributes":{"configuration_scan_schedule":{"type":"string","description_kind":"plain","required":true},"conformance_scan_schedule":{"type":"string","description_kind":"plain","required":true},"penetration_scan_schedule":{"type":"string","description_kind":"plain","required":true}},"description_kind":"plain"},"max_items":1},"timeouts":{"nesting_mode":"single","block":{"attributes":{"create":{"type":"string","description_kind":"plain","optional":true},"delete":{"type":"string","description_kind":"plain","optional":true},"update":{"type":"string","description_kind":"plain","optional":true}},"description_kind":"plain"}}},"description_kind":"plain"}},"spectrocloud_cluster_aws":{"version":2,"block":{"attributes":{"apply_setting":{"type":"string","description_kind":"plain","optional":true},"cloud_account_id":{"type":"string","description_kind":"plain","required":true},"cloud_config_id":{"type":"string","description_kind":"plain","computed":true},"cluster_profile_id":{"type":"string","description_kind":"plain","deprecated":true,"optional":true},"id":{"type":"string","description_kind":"plain","optional":true,"computed":true},"kubeconfig":{"type":"string","description_kind":"plain","computed":true},"location_config":{"type":["list",["object",{"country_code":"string","country_name":"string","latitude":"number","longitude":"number","region_code":"string","region_name":"string"}]],"description_kind":"plain","computed":true},"name":{"type":"string","description_kind":"plain","required":true},"os_patch_after":{"type":"string","description_kind":"plain","optional":true},"os_patch_on_boot":{"type":"bool","description_kind":"plain","optional":true},"os_patch_schedule":{"type":"string","description_kind":"plain","optional":true},"skip_completion":{"type":"bool","description_kind":"plain","optional":true},"tags":{"type":["set","string"],"description_kind":"plain","optional":true}},"block_types":{"backup_policy":{"nesting_mode":"list","block":{"attributes":{"backup_location_id":{"type":"string","description_kind":"plain","required":true},"expiry_in_hour":{"type":"number","description_kind":"plain","required":true},"include_cluster_resources":{"type":"bool","description_kind":"plain","optional":true},"include_disks":{"type":"bool","description_kind":"plain","optional":true},"namespaces":{"type":["set","string"],"description_kind":"plain","optional":true},"prefix":{"type":"string","description_kind":"plain","required":true},"schedule":{"type":"string","description_kind":"plain","required":true}},"description_kind":"plain"},"max_items":1},"cloud_config":{"nesting_mode":"list","block":{"attributes":{"region":{"type":"string","description_kind":"plain","required":true},"ssh_key_name":{"type":"string","description_kind":"plain","required":true},"vpc_id":{"type":"string","description_kind":"plain","optional":true}},"description_kind":"plain"},"min_items":1,"max_items":1},"cluster_profile":{"nesting_mode":"list","block":{"attributes":{"id":{"type":"string","description_kind":"plain","required":true}},"block_types":{"pack":{"nesting_mode":"list","block":{"attributes":{"name":{"type":"string","description_kind":"plain","required":true},"registry_uid":{"type":"string","description_kind":"plain","optional":true},"tag":{"type":"string","description_kind":"plain","optional":true},"type":{"type":"string","description_kind":"plain","optional":true},"values":{"type":"string","description_kind":"plain","required":true}},"block_types":{"manifest":{"nesting_mode":"list","block":{"attributes":{"content":{"type":"string","description_kind":"plain","required":true},"name":{"type":"string","description_kind":"plain","required":true}},"description_kind":"plain"}}},"description_kind":"plain"}}},"description_kind":"plain"}},"cluster_rbac_binding":{"nesting_mode":"list","block":{"attributes":{"namespace":{"type":"string","description_kind":"plain","optional":true},"role":{"type":["map","string"],"description_kind":"plain","optional":true},"type":{"type":"string","description_kind":"plain","required":true}},"block_types":{"subjects":{"nesting_mode":"list","block":{"attributes":{"name":{"type":"string","description_kind":"plain","required":true},"namespace":{"type":"string","description_kind":"plain","optional":true},"type":{"type":"string","description_kind":"plain","required":true}},"description_kind":"plain"}}},"description_kind":"plain"}},"host_config":{"nesting_mode":"list","block":{"attributes":{"external_traffic_policy":{"type":"string","description":"The external traffic policy for the cluster.","description_kind":"plain","optional":true},"host_endpoint_type":{"type":"string","description":"The type of endpoint for the cluster. Can be either 'Ingress' or 'LoadBalancer'. The default is 'Ingress'.","description_kind":"plain","optional":true},"ingress_host":{"type":"string","description":"The host for the Ingress endpoint. Required if 'host_endpoint_type' is set to 'Ingress'.","description_kind":"plain","optional":true},"load_balancer_source_ranges":{"type":"string","description":"The source ranges for the load balancer. Required if 'host_endpoint_type' is set to 'LoadBalancer'.","description_kind":"plain","optional":true}},"description_kind":"plain"}},"machine_pool":{"nesting_mode":"set","block":{"attributes":{"additional_labels":{"type":["map","string"],"description_kind":"plain","optional":true},"az_subnets":{"type":["map","string"],"description":"Mutually exclusive with `azs`. Use `az_subnets` for Static provisioning.","description_kind":"plain","optional":true},"azs":{"type":["set","string"],"description":"Mutually exclusive with `az_subnets`. Use `azs` for Dynamic provisioning.","description_kind":"plain","optional":true},"capacity_type":{"type":"string","description":"Capacity type is an instance type,  can be 'on-demand' or 'spot'. Defaults to 'on-demand'.","description_kind":"plain","optional":true},"control_plane":{"type":"bool","description_kind":"plain","optional":true},"control_plane_as_worker":{"type":"bool","description_kind":"plain","optional":true},"count":{"type":"number","description_kind":"plain","required":true},"disk_size_gb":{"type":"number","description_kind":"plain","optional":true},"instance_type":{"type":"string","description_kind":"plain","required":true},"max_price":{"type":"string","description_kind":"plain","optional":true},"name":{"type":"string","description_kind":"plain","required":true},"update_strategy":{"type":"string","description_kind":"plain","optional":true}},"block_types":{"taints":{"nesting_mode":"list","block":{"attributes":{"effect":{"type":"string","description_kind":"plain","required":true},"key":{"type":"string","description_kind":"plain","required":true},"value":{"type":"string","description_kind":"plain","required":true}},"description_kind":"plain"}}},"description_kind":"plain"},"min_items":1},"namespaces":{"nesting_mode":"list","block":{"attributes":{"name":{"type":"string","description_kind":"plain","required":true},"resource_allocation":{"type":["map","string"],"description_kind":"plain","required":true}},"description_kind":"plain"}},"pack":{"nesting_mode":"list","block":{"attributes":{"name":{"type":"string","description_kind":"plain","required":true},"registry_uid":{"type":"string","description_kind":"plain","optional":true},"tag":{"type":"string","description_kind":"plain","required":true},"values":{"type":"string","description_kind":"plain","required":true}},"description_kind":"plain"}},"scan_policy":{"nesting_mode":"list","block":{"attributes":{"configuration_scan_schedule":{"type":"string","description_kind":"plain","required":true},"conformance_scan_schedule":{"type":"string","description_kind":"plain","required":true},"penetration_scan_schedule":{"type":"string","description_kind":"plain","required":true}},"description_kind":"plain"},"max_items":1},"timeouts":{"nesting_mode":"single","block":{"attributes":{"create":{"type":"string","description_kind":"plain","optional":true},"delete":{"type":"string","description_kind":"plain","optional":true},"update":{"type":"string","description_kind":"plain","optional":true}},"description_kind":"plain"}}},"description_kind":"plain"}},"spectrocloud_cluster_azure":{"version":0,"block":{"attributes":{"apply_setting":{"type":"string","description_kind":"plain","optional":true},"cloud_account_id":{"type":"string","description_kind":"plain","required":true},"cloud_config_id":{"type":"string","description_kind":"plain","computed":true},"id":{"type":"string","description_kind":"plain","optional":true,"computed":true},"kubeconfig":{"type":"string","description_kind":"plain","computed":true},"location_config":{"type":["list",["object",{"country_code":"string","country_name":"string","latitude":"number","longitude":"number","region_code":"string","region_name":"string"}]],"description_kind":"plain","computed":true},"name":{"type":"string","description_kind":"plain","required":true},"os_patch_after":{"type":"string","description_kind":"plain","optional":true},"os_patch_on_boot":{"type":"bool","description_kind":"plain","optional":true},"os_patch_schedule":{"type":"string","description_kind":"plain","optional":true},"skip_completion":{"type":"bool","description_kind":"plain","optional":true},"tags":{"type":["set","string"],"description_kind":"plain","optional":true}},"block_types":{"backup_policy":{"nesting_mode":"list","block":{"attributes":{"backup_location_id":{"type":"string","description_kind":"plain","required":true},"expiry_in_hour":{"type":"number","description_kind":"plain","required":true},"include_cluster_resources":{"type":"bool","description_kind":"plain","optional":true},"include_disks":{"type":"bool","description_kind":"plain","optional":true},"namespaces":{"type":["set","string"],"description_kind":"plain","optional":true},"prefix":{"type":"string","description_kind":"plain","required":true},"schedule":{"type":"string","description_kind":"plain","required":true}},"description_kind":"plain"},"max_items":1},"cloud_config":{"nesting_mode":"list","block":{"attributes":{"region":{"type":"string","description_kind":"plain","required":true},"resource_group":{"type":"string","description_kind":"plain","required":true},"ssh_key":{"type":"string","description_kind":"plain","required":true},"subscription_id":{"type":"string","description_kind":"plain","required":true}},"description_kind":"plain"},"min_items":1,"max_items":1},"cluster_profile":{"nesting_mode":"list","block":{"attributes":{"id":{"type":"string","description_kind":"plain","required":true}},"block_types":{"pack":{"nesting_mode":"list","block":{"attributes":{"name":{"type":"string","description_kind":"plain","required":true},"registry_uid":{"type":"string","description_kind":"plain","optional":true},"tag":{"type":"string","description_kind":"plain","optional":true},"type":{"type":"string","description_kind":"plain","optional":true},"values":{"type":"string","description_kind":"plain","required":true}},"block_types":{"manifest":{"nesting_mode":"list","block":{"attributes":{"content":{"type":"string","description_kind":"plain","required":true},"name":{"type":"string","description_kind":"plain","required":true}},"description_kind":"plain"}}},"description_kind":"plain"}}},"description_kind":"plain"}},"cluster_rbac_binding":{"nesting_mode":"list","block":{"attributes":{"namespace":{"type":"string","description_kind":"plain","optional":true},"role":{"type":["map","string"],"description_kind":"plain","optional":true},"type":{"type":"string","description_kind":"plain","required":true}},"block_types":{"subjects":{"nesting_mode":"list","block":{"attributes":{"name":{"type":"string","description_kind":"plain","required":true},"namespace":{"type":"string","description_kind":"plain","optional":true},"type":{"type":"string","description_kind":"plain","required":true}},"description_kind":"plain"}}},"description_kind":"plain"}},"host_config":{"nesting_mode":"list","block":{"attributes":{"external_traffic_policy":{"type":"string","description":"The external traffic policy for the cluster.","description_kind":"plain","optional":true},"host_endpoint_type":{"type":"string","description":"The type of endpoint for the cluster. Can be either 'Ingress' or 'LoadBalancer'. The default is 'Ingress'.","description_kind":"plain","optional":true},"ingress_host":{"type":"string","description":"The host for the Ingress endpoint. Required if 'host_endpoint_type' is set to 'Ingress'.","description_kind":"plain","optional":true},"load_balancer_source_ranges":{"type":"string","description":"The source ranges for the load balancer. Required if 'host_endpoint_type' is set to 'LoadBalancer'.","description_kind":"plain","optional":true}},"description_kind":"plain"}},"machine_pool":{"nesting_mode":"set","block":{"attributes":{"additional_labels":{"type":["map","string"],"description_kind":"plain","optional":true},"azs":{"type":["set","string"],"description_kind":"plain","required":true},"control_plane":{"type":"bool","description_kind":"plain","optional":true},"control_plane_as_worker":{"type":"bool","description_kind":"plain","optional":true},"count":{"type":"number","description_kind":"plain","required":true},"instance_type":{"type":"string","description_kind":"plain","required":true},"is_system_node_pool":{"type":"bool","description_kind":"plain","required":true},"name":{"type":"string","description_kind":"plain","required":true},"os_type":{"type":"string","description_kind":"plain","optional":true},"update_strategy":{"type":"string","description_kind":"plain","optional":true}},"block_types":{"disk":{"nesting_mode":"list","block":{"attributes":{"size_gb":{"type":"number","description_kind":"plain","required":true},"type":{"type":"string","description_kind":"plain","required":true}},"description_kind":"plain"},"max_items":1},"taints":{"nesting_mode":"list","block":{"attributes":{"effect":{"type":"string","description_kind":"plain","required":true},"key":{"type":"string","description_kind":"plain","required":true},"value":{"type":"string","description_kind":"plain","required":true}},"description_kind":"plain"}}},"description_kind":"plain"},"min_items":1},"namespaces":{"nesting_mode":"list","block":{"attributes":{"name":{"type":"string","description_kind":"plain","required":true},"resource_allocation":{"type":["map","string"],"description_kind":"plain","required":true}},"description_kind":"plain"}},"pack":{"nesting_mode":"list","block":{"attributes":{"name":{"type":"string","description_kind":"plain","required":true},"registry_uid":{"type":"string","description_kind":"plain","optional":true},"tag":{"type":"string","description_kind":"plain","required":true},"values":{"type":"string","description_kind":"plain","required":true}},"description_kind":"plain"}},"scan_policy":{"nesting_mode":"list","block":{"attributes":{"configuration_scan_schedule":{"type":"string","description_kind":"plain","required":true},"conformance_scan_schedule":{"type":"string","description_kind":"plain","required":true},"penetration_scan_schedule":{"type":"string","description_kind":"plain","required":true}},"description_kind":"plain"},"max_items":1},"timeouts":{"nesting_mode":"single","block":{"attributes":{"create":{"type":"string","description_kind":"plain","optional":true},"delete":{"type":"string","description_kind":"plain","optional":true},"update":{"type":"string","description_kind":"plain","optional":true}},"description_kind":"plain"}}},"description_kind":"plain"}},"spectrocloud_cluster_edge":{"version":2,"block":{"attributes":{"apply_setting":{"type":"string","description_kind":"plain","optional":true},"cloud_account_id":{"type":"string","description_kind":"plain","optional":true},"cloud_config_id":{"type":"string","description_kind":"plain","computed":true},"id":{"type":"string","description_kind":"plain","optional":true,"computed":true},"kubeconfig":{"type":"string","description_kind":"plain","computed":true},"name":{"type":"string","description_kind":"plain","required":true},"os_patch_after":{"type":"string","description_kind":"plain","optional":true},"os_patch_on_boot":{"type":"bool","description_kind":"plain","optional":true},"os_patch_schedule":{"type":"string","description_kind":"plain","optional":true},"skip_completion":{"type":"bool","description_kind":"plain","optional":true},"tags":{"type":["set","string"],"description_kind":"plain","optional":true}},"block_types":{"backup_policy":{"nesting_mode":"list","block":{"attributes":{"backup_location_id":{"type":"string","description_kind":"plain","required":true},"expiry_in_hour":{"type":"number","description_kind":"plain","required":true},"include_cluster_resources":{"type":"bool","description_kind":"plain","optional":true},"include_disks":{"type":"bool","description_kind":"plain","optional":true},"namespaces":{"type":["set","string"],"description_kind":"plain","optional":true},"prefix":{"type":"string","description_kind":"plain","required":true},"schedule":{"type":"string","description_kind":"plain","required":true}},"description_kind":"plain"},"max_items":1},"cloud_config":{"nesting_mode":"list","block":{"attributes":{"ssh_key":{"type":"string","description_kind":"plain","required":true}},"description_kind":"plain"},"min_items":1,"max_items":1},"cluster_profile":{"nesting_mode":"list","block":{"attributes":{"id":{"type":"string","description_kind":"plain","required":true}},"block_types":{"pack":{"nesting_mode":"list","block":{"attributes":{"name":{"type":"string","description_kind":"plain","required":true},"registry_uid":{"type":"string","description_kind":"plain","optional":true},"tag":{"type":"string","description_kind":"plain","required":true},"type":{"type":"string","description_kind":"plain","optional":true},"values":{"type":"string","description_kind":"plain","required":true}},"block_types":{"manifest":{"nesting_mode":"list","block":{"attributes":{"content":{"type":"string","description_kind":"plain","required":true},"name":{"type":"string","description_kind":"plain","required":true}},"description_kind":"plain"}}},"description_kind":"plain"}}},"description_kind":"plain"}},"cluster_rbac_binding":{"nesting_mode":"list","block":{"attributes":{"namespace":{"type":"string","description_kind":"plain","optional":true},"role":{"type":["map","string"],"description_kind":"plain","optional":true},"type":{"type":"string","description_kind":"plain","required":true}},"block_types":{"subjects":{"nesting_mode":"list","block":{"attributes":{"name":{"type":"string","description_kind":"plain","required":true},"namespace":{"type":"string","description_kind":"plain","optional":true},"type":{"type":"string","description_kind":"plain","required":true}},"description_kind":"plain"}}},"description_kind":"plain"}},"host_config":{"nesting_mode":"list","block":{"attributes":{"external_traffic_policy":{"type":"string","description":"The external traffic policy for the cluster.","description_kind":"plain","optional":true},"host_endpoint_type":{"type":"string","description":"The type of endpoint for the cluster. Can be either 'Ingress' or 'LoadBalancer'. The default is 'Ingress'.","description_kind":"plain","optional":true},"ingress_host":{"type":"string","description":"The host for the Ingress endpoint. Required if 'host_endpoint_type' is set to 'Ingress'.","description_kind":"plain","optional":true},"load_balancer_source_ranges":{"type":"string","description":"The source ranges for the load balancer. Required if 'host_endpoint_type' is set to 'LoadBalancer'.","description_kind":"plain","optional":true}},"description_kind":"plain"}},"location_config":{"nesting_mode":"list","block":{"attributes":{"country_code":{"type":"string","description":"The country code of the country the cluster is located in.","description_kind":"plain","optional":true},"country_name":{"type":"string","description":"The name of the country.","description_kind":"plain","optional":true},"latitude":{"type":"number","description":"The latitude coordinates value.","description_kind":"plain","required":true},"longitude":{"type":"number","description":"The longitude coordinates value.","description_kind":"plain","required":true},"region_code":{"type":"string","description":"The region code of where the cluster is located in.","description_kind":"plain","optional":true},"region_name":{"type":"string","description":"The name of the region.","description_kind":"plain","optional":true}},"description_kind":"plain"}},"machine_pool":{"nesting_mode":"set","block":{"attributes":{"additional_labels":{"type":["map","string"],"description_kind":"plain","optional":true},"control_plane":{"type":"bool","description_kind":"plain","optional":true},"control_plane_as_worker":{"type":"bool","description_kind":"plain","optional":true},"count":{"type":"number","description_kind":"plain","required":true},"name":{"type":"string","description_kind":"plain","required":true},"update_strategy":{"type":"string","description_kind":"plain","optional":true}},"block_types":{"placements":{"nesting_mode":"list","block":{"attributes":{"appliance_id":{"type":"string","description_kind":"plain","required":true}},"description_kind":"plain"},"min_items":1},"taints":{"nesting_mode":"list","block":{"attributes":{"effect":{"type":"string","description_kind":"plain","required":true},"key":{"type":"string","description_kind":"plain","required":true},"value":{"type":"string","description_kind":"plain","required":true}},"description_kind":"plain"}}},"description_kind":"plain"},"min_items":1},"namespaces":{"nesting_mode":"list","block":{"attributes":{"name":{"type":"string","description_kind":"plain","required":true},"resource_allocation":{"type":["map","string"],"description_kind":"plain","required":true}},"description_kind":"plain"}},"pack":{"nesting_mode":"list","block":{"attributes":{"name":{"type":"string","description_kind":"plain","required":true},"registry_uid":{"type":"string","description_kind":"plain","optional":true},"tag":{"type":"string","description_kind":"plain","required":true},"values":{"type":"string","description_kind":"plain","required":true}},"description_kind":"plain"}},"scan_policy":{"nesting_mode":"list","block":{"attributes":{"configuration_scan_schedule":{"type":"string","description_kind":"plain","required":true},"conformance_scan_schedule":{"type":"string","description_kind":"plain","required":true},"penetration_scan_schedule":{"type":"string","description_kind":"plain","required":true}},"description_kind":"plain"},"max_items":1},"timeouts":{"nesting_mode":"single","block":{"attributes":{"create":{"type":"string","description_kind":"plain","optional":true},"delete":{"type":"string","description_kind":"plain","optional":true},"update":{"type":"string","description_kind":"plain","optional":true}},"description_kind":"plain"}}},"description_kind":"plain"}},"spectrocloud_cluster_edge_native":{"version":2,"block":{"attributes":{"apply_setting":{"type":"string","description_kind":"plain","optional":true},"cloud_account_id":{"type":"string","description_kind":"plain","optional":true},"cloud_config_id":{"type":"string","description_kind":"plain","computed":true},"id":{"type":"string","description_kind":"plain","optional":true,"computed":true},"kubeconfig":{"type":"string","description_kind":"plain","computed":true},"name":{"type":"string","description_kind":"plain","required":true},"os_patch_after":{"type":"string","description_kind":"plain","optional":true},"os_patch_on_boot":{"type":"bool","description_kind":"plain","optional":true},"os_patch_schedule":{"type":"string","description_kind":"plain","optional":true},"skip_completion":{"type":"bool","description_kind":"plain","optional":true},"tags":{"type":["set","string"],"description_kind":"plain","optional":true}},"block_types":{"backup_policy":{"nesting_mode":"list","block":{"attributes":{"backup_location_id":{"type":"string","description_kind":"plain","required":true},"expiry_in_hour":{"type":"number","description_kind":"plain","required":true},"include_cluster_resources":{"type":"bool","description_kind":"plain","optional":true},"include_disks":{"type":"bool","description_kind":"plain","optional":true},"namespaces":{"type":["set","string"],"description_kind":"plain","optional":true},"prefix":{"type":"string","description_kind":"plain","required":true},"schedule":{"type":"string","description_kind":"plain","required":true}},"description_kind":"plain"},"max_items":1},"cloud_config":{"nesting_mode":"list","block":{"attributes":{"ntp_servers":{"type":["set","string"],"description_kind":"plain","optional":true},"ssh_key":{"type":"string","description_kind":"plain","required":true},"vip":{"type":"string","description_kind":"plain","optional":true}},"description_kind":"plain"},"min_items":1,"max_items":1},"cluster_profile":{"nesting_mode":"list","block":{"attributes":{"id":{"type":"string","description_kind":"plain","required":true},"type":{"type":"string","description_kind":"plain","optional":true}},"block_types":{"pack":{"nesting_mode":"list","block":{"attributes":{"name":{"type":"string","description_kind":"plain","required":true},"registry_uid":{"type":"string","description_kind":"plain","optional":true},"tag":{"type":"string","description_kind":"plain","required":true},"type":{"type":"string","description_kind":"plain","optional":true},"values":{"type":"string","description_kind":"plain","required":true}},"block_types":{"manifest":{"nesting_mode":"list","block":{"attributes":{"content":{"type":"string","description_kind":"plain","required":true},"name":{"type":"string","description_kind":"plain","required":true}},"description_kind":"plain"}}},"description_kind":"plain"}}},"description_kind":"plain"}},"cluster_rbac_binding":{"nesting_mode":"list","block":{"attributes":{"namespace":{"type":"string","description_kind":"plain","optional":true},"role":{"type":["map","string"],"description_kind":"plain","optional":true},"type":{"type":"string","description_kind":"plain","required":true}},"block_types":{"subjects":{"nesting_mode":"list","block":{"attributes":{"name":{"type":"string","description_kind":"plain","required":true},"namespace":{"type":"string","description_kind":"plain","optional":true},"type":{"type":"string","description_kind":"plain","required":true}},"description_kind":"plain"}}},"description_kind":"plain"}},"host_config":{"nesting_mode":"list","block":{"attributes":{"external_traffic_policy":{"type":"string","description":"The external traffic policy for the cluster.","description_kind":"plain","optional":true},"host_endpoint_type":{"type":"string","description":"The type of endpoint for the cluster. Can be either 'Ingress' or 'LoadBalancer'. The default is 'Ingress'.","description_kind":"plain","optional":true},"ingress_host":{"type":"string","description":"The host for the Ingress endpoint. Required if 'host_endpoint_type' is set to 'Ingress'.","description_kind":"plain","optional":true},"load_balancer_source_ranges":{"type":"string","description":"The source ranges for the load balancer. Required if 'host_endpoint_type' is set to 'LoadBalancer'.","description_kind":"plain","optional":true}},"description_kind":"plain"}},"location_config":{"nesting_mode":"list","block":{"attributes":{"country_code":{"type":"string","description":"The country code of the country the cluster is located in.","description_kind":"plain","optional":true},"country_name":{"type":"string","description":"The name of the country.","description_kind":"plain","optional":true},"latitude":{"type":"number","description":"The latitude coordinates value.","description_kind":"plain","required":true},"longitude":{"type":"number","description":"The longitude coordinates value.","description_kind":"plain","required":true},"region_code":{"type":"string","description":"The region code of where the cluster is located in.","description_kind":"plain","optional":true},"region_name":{"type":"string","description":"The name of the region.","description_kind":"plain","optional":true}},"description_kind":"plain"}},"machine_pool":{"nesting_mode":"set","block":{"attributes":{"additional_labels":{"type":["map","string"],"description_kind":"plain","optional":true},"control_plane":{"type":"bool","description_kind":"plain","optional":true},"control_plane_as_worker":{"type":"bool","description_kind":"plain","optional":true},"host_uids":{"type":["list","string"],"description_kind":"plain","optional":true},"name":{"type":"string","description_kind":"plain","required":true},"update_strategy":{"type":"string","description_kind":"plain","optional":true}},"block_types":{"taints":{"nesting_mode":"list","block":{"attributes":{"effect":{"type":"string","description_kind":"plain","required":true},"key":{"type":"string","description_kind":"plain","required":true},"value":{"type":"string","description_kind":"plain","required":true}},"description_kind":"plain"}}},"description_kind":"plain"},"min_items":1},"namespaces":{"nesting_mode":"list","block":{"attributes":{"name":{"type":"string","description_kind":"plain","required":true},"resource_allocation":{"type":["map","string"],"description_kind":"plain","required":true}},"description_kind":"plain"}},"pack":{"nesting_mode":"list","block":{"attributes":{"name":{"type":"string","description_kind":"plain","required":true},"registry_uid":{"type":"string","description_kind":"plain","optional":true},"tag":{"type":"string","description_kind":"plain","required":true},"values":{"type":"string","description_kind":"plain","required":true}},"description_kind":"plain"}},"scan_policy":{"nesting_mode":"list","block":{"attributes":{"configuration_scan_schedule":{"type":"string","description_kind":"plain","required":true},"conformance_scan_schedule":{"type":"string","description_kind":"plain","required":true},"penetration_scan_schedule":{"type":"string","description_kind":"plain","required":true}},"description_kind":"plain"},"max_items":1},"timeouts":{"nesting_mode":"single","block":{"attributes":{"create":{"type":"string","description_kind":"plain","optional":true},"delete":{"type":"string","description_kind":"plain","optional":true},"update":{"type":"string","description_kind":"plain","optional":true}},"description_kind":"plain"}}},"description_kind":"plain"}},"spectrocloud_cluster_edge_vsphere":{"version":0,"block":{"attributes":{"cloud_config_id":{"type":"string","description_kind":"plain","computed":true},"edge_host_uid":{"type":"string","description_kind":"plain","required":true},"id":{"type":"string","description_kind":"plain","optional":true,"computed":true},"kubeconfig":{"type":"string","description_kind":"plain","computed":true},"name":{"type":"string","description_kind":"plain","required":true},"os_patch_after":{"type":"string","description_kind":"plain","optional":true},"os_patch_on_boot":{"type":"bool","description_kind":"plain","optional":true},"os_patch_schedule":{"type":"string","description_kind":"plain","optional":true},"skip_completion":{"type":"bool","description_kind":"plain","optional":true},"tags":{"type":["set","string"],"description_kind":"plain","optional":true}},"block_types":{"backup_policy":{"nesting_mode":"list","block":{"attributes":{"backup_location_id":{"type":"string","description_kind":"plain","required":true},"expiry_in_hour":{"type":"number","description_kind":"plain","required":true},"include_cluster_resources":{"type":"bool","description_kind":"plain","optional":true},"include_disks":{"type":"bool","description_kind":"plain","optional":true},"namespaces":{"type":["set","string"],"description_kind":"plain","optional":true},"prefix":{"type":"string","description_kind":"plain","required":true},"schedule":{"type":"string","description_kind":"plain","required":true}},"description_kind":"plain"},"max_items":1},"cloud_config":{"nesting_mode":"list","block":{"attributes":{"datacenter":{"type":"string","description_kind":"plain","required":true},"folder":{"type":"string","description_kind":"plain","required":true},"image_template_folder":{"type":"string","description_kind":"plain","optional":true},"network_search_domain":{"type":"string","description_kind":"plain","optional":true},"network_type":{"type":"string","description_kind":"plain","optional":true},"ssh_key":{"type":"string","description_kind":"plain","optional":true},"static_ip":{"type":"bool","description_kind":"plain","optional":true},"vip":{"type":"string","description_kind":"plain","required":true}},"description_kind":"plain"},"min_items":1,"max_items":1},"cluster_profile":{"nesting_mode":"list","block":{"attributes":{"id":{"type":"string","description_kind":"plain","required":true}},"block_types":{"pack":{"nesting_mode":"list","block":{"attributes":{"name":{"type":"string","description_kind":"plain","required":true},"registry_uid":{"type":"string","description_kind":"plain","optional":true},"tag":{"type":"string","description_kind":"plain","required":true},"type":{"type":"string","description_kind":"plain","optional":true},"values":{"type":"string","description_kind":"plain","required":true}},"block_types":{"manifest":{"nesting_mode":"list","block":{"attributes":{"content":{"type":"string","description_kind":"plain","required":true},"name":{"type":"string","description_kind":"plain","required":true}},"description_kind":"plain"}}},"description_kind":"plain"}}},"description_kind":"plain"}},"cluster_rbac_binding":{"nesting_mode":"list","block":{"attributes":{"namespace":{"type":"string","description_kind":"plain","optional":true},"role":{"type":["map","string"],"description_kind":"plain","optional":true},"type":{"type":"string","description_kind":"plain","required":true}},"block_types":{"subjects":{"nesting_mode":"list","block":{"attributes":{"name":{"type":"string","description_kind":"plain","required":true},"namespace":{"type":"string","description_kind":"plain","optional":true},"type":{"type":"string","description_kind":"plain","required":true}},"description_kind":"plain"}}},"description_kind":"plain"}},"host_config":{"nesting_mode":"list","block":{"attributes":{"external_traffic_policy":{"type":"string","description":"The external traffic policy for the cluster.","description_kind":"plain","optional":true},"host_endpoint_type":{"type":"string","description":"The type of endpoint for the cluster. Can be either 'Ingress' or 'LoadBalancer'. The default is 'Ingress'.","description_kind":"plain","optional":true},"ingress_host":{"type":"string","description":"The host for the Ingress endpoint. Required if 'host_endpoint_type' is set to 'Ingress'.","description_kind":"plain","optional":true},"load_balancer_source_ranges":{"type":"string","description":"The source ranges for the load balancer. Required if 'host_endpoint_type' is set to 'LoadBalancer'.","description_kind":"plain","optional":true}},"description_kind":"plain"}},"location_config":{"nesting_mode":"list","block":{"attributes":{"country_code":{"type":"string","description":"The country code of the country the cluster is located in.","description_kind":"plain","optional":true},"country_name":{"type":"string","description":"The name of the country.","description_kind":"plain","optional":true},"latitude":{"type":"number","description":"The latitude coordinates value.","description_kind":"plain","required":true},"longitude":{"type":"number","description":"The longitude coordinates value.","description_kind":"plain","required":true},"region_code":{"type":"string","description":"The region code of where the cluster is located in.","description_kind":"plain","optional":true},"region_name":{"type":"string","description":"The name of the region.","description_kind":"plain","optional":true}},"description_kind":"plain"}},"machine_pool":{"nesting_mode":"list","block":{"attributes":{"additional_labels":{"type":["map","string"],"description_kind":"plain","optional":true},"control_plane":{"type":"bool","description_kind":"plain","optional":true},"control_plane_as_worker":{"type":"bool","description_kind":"plain","optional":true},"count":{"type":"number","description_kind":"plain","required":true},"name":{"type":"string","description_kind":"plain","required":true},"update_strategy":{"type":"string","description_kind":"plain","optional":true}},"block_types":{"instance_type":{"nesting_mode":"list","block":{"attributes":{"cpu":{"type":"number","description_kind":"plain","required":true},"disk_size_gb":{"type":"number","description_kind":"plain","required":true},"memory_mb":{"type":"number","description_kind":"plain","required":true}},"description_kind":"plain"},"min_items":1,"max_items":1},"placement":{"nesting_mode":"list","block":{"attributes":{"cluster":{"type":"string","description_kind":"plain","required":true},"datastore":{"type":"string","description_kind":"plain","required":true},"id":{"type":"string","description_kind":"plain","computed":true},"network":{"type":"string","description_kind":"plain","required":true},"resource_pool":{"type":"string","description_kind":"plain","required":true},"static_ip_pool_id":{"type":"string","description_kind":"plain","optional":true}},"description_kind":"plain"},"min_items":1},"taints":{"nesting_mode":"list","block":{"attributes":{"effect":{"type":"string","description_kind":"plain","required":true},"key":{"type":"string","description_kind":"plain","required":true},"value":{"type":"string","description_kind":"plain","required":true}},"description_kind":"plain"}}},"description_kind":"plain"},"min_items":1},"namespaces":{"nesting_mode":"list","block":{"attributes":{"name":{"type":"string","description_kind":"plain","required":true},"resource_allocation":{"type":["map","string"],"description_kind":"plain","required":true}},"description_kind":"plain"}},"pack":{"nesting_mode":"list","block":{"attributes":{"name":{"type":"string","description_kind":"plain","required":true},"registry_uid":{"type":"string","description_kind":"plain","optional":true},"tag":{"type":"string","description_kind":"plain","required":true},"values":{"type":"string","description_kind":"plain","required":true}},"description_kind":"plain"}},"scan_policy":{"nesting_mode":"list","block":{"attributes":{"configuration_scan_schedule":{"type":"string","description_kind":"plain","required":true},"conformance_scan_schedule":{"type":"string","description_kind":"plain","required":true},"penetration_scan_schedule":{"type":"string","description_kind":"plain","required":true}},"description_kind":"plain"},"max_items":1},"timeouts":{"nesting_mode":"single","block":{"attributes":{"create":{"type":"string","description_kind":"plain","optional":true},"delete":{"type":"string","description_kind":"plain","optional":true},"update":{"type":"string","description_kind":"plain","optional":true}},"description_kind":"plain"}}},"description_kind":"plain"}},"spectrocloud_cluster_eks":{"version":2,"block":{"attributes":{"apply_setting":{"type":"string","description_kind":"plain","optional":true},"cloud_account_id":{"type":"string","description_kind":"plain","required":true},"cloud_config_id":{"type":"string","description_kind":"plain","computed":true},"cluster_profile_id":{"type":"string","description_kind":"plain","deprecated":true,"optional":true},"context":{"type":"string","description_kind":"plain","optional":true},"id":{"type":"string","description_kind":"plain","optional":true,"computed":true},"kubeconfig":{"type":"string","description_kind":"plain","computed":true},"location_config":{"type":["list",["object",{"country_code":"string","country_name":"string","latitude":"number","longitude":"number","region_code":"string","region_name":"string"}]],"description_kind":"plain","computed":true},"name":{"type":"string","description_kind":"plain","required":true},"os_patch_after":{"type":"string","description_kind":"plain","optional":true},"os_patch_on_boot":{"type":"bool","description_kind":"plain","optional":true},"os_patch_schedule":{"type":"string","description_kind":"plain","optional":true},"skip_completion":{"type":"bool","description_kind":"plain","optional":true},"tags":{"type":["set","string"],"description_kind":"plain","optional":true}},"block_types":{"backup_policy":{"nesting_mode":"list","block":{"attributes":{"backup_location_id":{"type":"string","description_kind":"plain","required":true},"expiry_in_hour":{"type":"number","description_kind":"plain","required":true},"include_cluster_resources":{"type":"bool","description_kind":"plain","optional":true},"include_disks":{"type":"bool","description_kind":"plain","optional":true},"namespaces":{"type":["set","string"],"description":"Provide namespaces that need to be backed up. If left empty then all the Namespaces will be backed up.","description_kind":"plain","optional":true},"prefix":{"type":"string","description_kind":"plain","required":true},"schedule":{"type":"string","description_kind":"plain","required":true}},"description_kind":"plain"},"max_items":1},"cloud_config":{"nesting_mode":"list","block":{"attributes":{"az_subnets":{"type":["map","string"],"description":"Mutually exclusive with `azs`. Use for Static provisioning.","description_kind":"plain","optional":true},"azs":{"type":["list","string"],"description":"Mutually exclusive with `az_subnets`. Use for Dynamic provisioning.","description_kind":"plain","optional":true},"encryption_config_arn":{"type":"string","description_kind":"plain","optional":true},"endpoint_access":{"type":"string","description_kind":"plain","optional":true},"public_access_cidrs":{"type":["set","string"],"description_kind":"plain","optional":true},"region":{"type":"string","description_kind":"plain","required":true},"ssh_key_name":{"type":"string","description_kind":"plain","optional":true},"vpc_id":{"type":"string","description_kind":"plain","optional":true}},"description_kind":"plain"},"min_items":1,"max_items":1},"cluster_profile":{"nesting_mode":"list","block":{"attributes":{"id":{"type":"string","description_kind":"plain","required":true}},"block_types":{"pack":{"nesting_mode":"list","block":{"attributes":{"name":{"type":"string","description_kind":"plain","required":true},"registry_uid":{"type":"string","description_kind":"plain","optional":true},"tag":{"type":"string","description_kind":"plain","optional":true},"type":{"type":"string","description_kind":"plain","optional":true},"values":{"type":"string","description_kind":"plain","optional":true}},"block_types":{"manifest":{"nesting_mode":"list","block":{"attributes":{"content":{"type":"string","description_kind":"plain","required":true},"name":{"type":"string","description_kind":"plain","required":true}},"description_kind":"plain"}}},"description_kind":"plain"}}},"description_kind":"plain"}},"cluster_rbac_binding":{"nesting_mode":"list","block":{"attributes":{"namespace":{"type":"string","description_kind":"plain","optional":true},"role":{"type":["map","string"],"description_kind":"plain","optional":true},"type":{"type":"string","description_kind":"plain","required":true}},"block_types":{"subjects":{"nesting_mode":"list","block":{"attributes":{"name":{"type":"string","description_kind":"plain","required":true},"namespace":{"type":"string","description_kind":"plain","optional":true},"type":{"type":"string","description":"Available types: `Users`, `Groups`, Service Account","description_kind":"plain","required":true}},"description_kind":"plain"}}},"description":"A Cluster Role binding defines the permissions defined across a cluster.","description_kind":"plain"}},"fargate_profile":{"nesting_mode":"list","block":{"attributes":{"additional_tags":{"type":["map","string"],"description_kind":"plain","optional":true},"name":{"type":"string","description_kind":"plain","required":true},"subnets":{"type":["list","string"],"description_kind":"plain","optional":true}},"block_types":{"selector":{"nesting_mode":"list","block":{"attributes":{"labels":{"type":["map","string"],"description_kind":"plain","optional":true},"namespace":{"type":"string","description_kind":"plain","required":true}},"description_kind":"plain"},"min_items":1}},"description_kind":"plain"}},"host_config":{"nesting_mode":"list","block":{"attributes":{"external_traffic_policy":{"type":"string","description":"The external traffic policy for the cluster.","description_kind":"plain","optional":true},"host_endpoint_type":{"type":"string","description":"The type of endpoint for the cluster. Can be either 'Ingress' or 'LoadBalancer'. The default is 'Ingress'.","description_kind":"plain","optional":true},"ingress_host":{"type":"string","description":"The host for the Ingress endpoint. Required if 'host_endpoint_type' is set to 'Ingress'.","description_kind":"plain","optional":true},"load_balancer_source_ranges":{"type":"string","description":"The source ranges for the load balancer. Required if 'host_endpoint_type' is set to 'LoadBalancer'.","description_kind":"plain","optional":true}},"description_kind":"plain"}},"machine_pool":{"nesting_mode":"list","block":{"attributes":{"additional_labels":{"type":["map","string"],"description_kind":"plain","optional":true},"az_subnets":{"type":["map","string"],"description_kind":"plain","optional":true},"azs":{"type":["list","string"],"description_kind":"plain","optional":true},"capacity_type":{"type":"string","description":"Capacity type is an instance type,  can be 'on-demand' or 'spot'. Defaults to 'on-demand'.","description_kind":"plain","optional":true},"count":{"type":"number","description_kind":"plain","required":true},"disk_size_gb":{"type":"number","description_kind":"plain","required":true},"instance_type":{"type":"string","description_kind":"plain","required":true},"max":{"type":"number","description_kind":"plain","optional":true},"max_price":{"type":"string","description_kind":"plain","optional":true},"min":{"type":"number","description_kind":"plain","optional":true},"name":{"type":"string","description_kind":"plain","required":true},"update_strategy":{"type":"string","description_kind":"plain","optional":true}},"block_types":{"taints":{"nesting_mode":"list","block":{"attributes":{"effect":{"type":"string","description_kind":"plain","required":true},"key":{"type":"string","description_kind":"plain","required":true},"value":{"type":"string","description_kind":"plain","required":true}},"description_kind":"plain"}}},"description_kind":"plain"},"min_items":1},"namespaces":{"nesting_mode":"list","block":{"attributes":{"name":{"type":"string","description_kind":"plain","required":true},"resource_allocation":{"type":["map","string"],"description_kind":"plain","required":true}},"description_kind":"plain"}},"pack":{"nesting_mode":"list","block":{"attributes":{"name":{"type":"string","description_kind":"plain","required":true},"registry_uid":{"type":"string","description_kind":"plain","optional":true},"tag":{"type":"string","description_kind":"plain","required":true},"values":{"type":"string","description_kind":"plain","required":true}},"description_kind":"plain"}},"scan_policy":{"nesting_mode":"list","block":{"attributes":{"configuration_scan_schedule":{"type":"string","description_kind":"plain","required":true},"conformance_scan_schedule":{"type":"string","description_kind":"plain","required":true},"penetration_scan_schedule":{"type":"string","description_kind":"plain","required":true}},"description_kind":"plain"},"max_items":1},"timeouts":{"nesting_mode":"single","block":{"attributes":{"create":{"type":"string","description_kind":"plain","optional":true},"delete":{"type":"string","description_kind":"plain","optional":true},"update":{"type":"string","description_kind":"plain","optional":true}},"description_kind":"plain"}}},"description_kind":"plain"}},"spectrocloud_cluster_gcp":{"version":2,"block":{"attributes":{"apply_setting":{"type":"string","description_kind":"plain","optional":true},"cloud_account_id":{"type":"string","description_kind":"plain","required":true},"cloud_config_id":{"type":"string","description_kind":"plain","computed":true},"id":{"type":"string","description_kind":"plain","optional":true,"computed":true},"kubeconfig":{"type":"string","description_kind":"plain","computed":true},"location_config":{"type":["list",["object",{"country_code":"string","country_name":"string","latitude":"number","longitude":"number","region_code":"string","region_name":"string"}]],"description_kind":"plain","computed":true},"name":{"type":"string","description_kind":"plain","required":true},"os_patch_after":{"type":"string","description_kind":"plain","optional":true},"os_patch_on_boot":{"type":"bool","description_kind":"plain","optional":true},"os_patch_schedule":{"type":"string","description_kind":"plain","optional":true},"skip_completion":{"type":"bool","description_kind":"plain","optional":true},"tags":{"type":["set","string"],"description_kind":"plain","optional":true}},"block_types":{"backup_policy":{"nesting_mode":"list","block":{"attributes":{"backup_location_id":{"type":"string","description_kind":"plain","required":true},"expiry_in_hour":{"type":"number","description_kind":"plain","required":true},"include_cluster_resources":{"type":"bool","description_kind":"plain","optional":true},"include_disks":{"type":"bool","description_kind":"plain","optional":true},"namespaces":{"type":["set","string"],"description_kind":"plain","optional":true},"prefix":{"type":"string","description_kind":"plain","required":true},"schedule":{"type":"string","description_kind":"plain","required":true}},"description_kind":"plain"},"max_items":1},"cloud_config":{"nesting_mode":"list","block":{"attributes":{"network":{"type":"string","description_kind":"plain","optional":true},"project":{"type":"string","description_kind":"plain","required":true},"region":{"type":"string","description_kind":"plain","required":true}},"description_kind":"plain"},"min_items":1,"max_items":1},"cluster_profile":{"nesting_mode":"list","block":{"attributes":{"id":{"type":"string","description_kind":"plain","required":true}},"block_types":{"pack":{"nesting_mode":"list","block":{"attributes":{"name":{"type":"string","description_kind":"plain","required":true},"registry_uid":{"type":"string","description_kind":"plain","optional":true},"tag":{"type":"string","description_kind":"plain","optional":true},"type":{"type":"string","description_kind":"plain","optional":true},"values":{"type":"string","description_kind":"plain","required":true}},"block_types":{"manifest":{"nesting_mode":"list","block":{"attributes":{"content":{"type":"string","description_kind":"plain","required":true},"name":{"type":"string","description_kind":"plain","required":true}},"description_kind":"plain"}}},"description_kind":"plain"}}},"description_kind":"plain"}},"cluster_rbac_binding":{"nesting_mode":"list","block":{"attributes":{"namespace":{"type":"string","description_kind":"plain","optional":true},"role":{"type":["map","string"],"description_kind":"plain","optional":true},"type":{"type":"string","description_kind":"plain","required":true}},"block_types":{"subjects":{"nesting_mode":"list","block":{"attributes":{"name":{"type":"string","description_kind":"plain","required":true},"namespace":{"type":"string","description_kind":"plain","optional":true},"type":{"type":"string","description_kind":"plain","required":true}},"description_kind":"plain"}}},"description_kind":"plain"}},"host_config":{"nesting_mode":"list","block":{"attributes":{"external_traffic_policy":{"type":"string","description":"The external traffic policy for the cluster.","description_kind":"plain","optional":true},"host_endpoint_type":{"type":"string","description":"The type of endpoint for the cluster. Can be either 'Ingress' or 'LoadBalancer'. The default is 'Ingress'.","description_kind":"plain","optional":true},"ingress_host":{"type":"string","description":"The host for the Ingress endpoint. Required if 'host_endpoint_type' is set to 'Ingress'.","description_kind":"plain","optional":true},"load_balancer_source_ranges":{"type":"string","description":"The source ranges for the load balancer. Required if 'host_endpoint_type' is set to 'LoadBalancer'.","description_kind":"plain","optional":true}},"description_kind":"plain"}},"machine_pool":{"nesting_mode":"set","block":{"attributes":{"additional_labels":{"type":["map","string"],"description_kind":"plain","optional":true},"azs":{"type":["set","string"],"description_kind":"plain","required":true},"control_plane":{"type":"bool","description_kind":"plain","optional":true},"control_plane_as_worker":{"type":"bool","description_kind":"plain","optional":true},"count":{"type":"number","description_kind":"plain","required":true},"disk_size_gb":{"type":"number","description_kind":"plain","optional":true},"instance_type":{"type":"string","description_kind":"plain","required":true},"name":{"type":"string","description_kind":"plain","required":true},"update_strategy":{"type":"string","description_kind":"plain","optional":true}},"block_types":{"taints":{"nesting_mode":"list","block":{"attributes":{"effect":{"type":"string","description_kind":"plain","required":true},"key":{"type":"string","description_kind":"plain","required":true},"value":{"type":"string","description_kind":"plain","required":true}},"description_kind":"plain"}}},"description_kind":"plain"},"min_items":1},"namespaces":{"nesting_mode":"list","block":{"attributes":{"name":{"type":"string","description_kind":"plain","required":true},"resource_allocation":{"type":["map","string"],"description_kind":"plain","required":true}},"description_kind":"plain"}},"pack":{"nesting_mode":"list","block":{"attributes":{"name":{"type":"string","description_kind":"plain","required":true},"registry_uid":{"type":"string","description_kind":"plain","optional":true},"tag":{"type":"string","description_kind":"plain","required":true},"values":{"type":"string","description_kind":"plain","required":true}},"description_kind":"plain"}},"scan_policy":{"nesting_mode":"list","block":{"attributes":{"configuration_scan_schedule":{"type":"string","description_kind":"plain","required":true},"conformance_scan_schedule":{"type":"string","description_kind":"plain","required":true},"penetration_scan_schedule":{"type":"string","description_kind":"plain","required":true}},"description_kind":"plain"},"max_items":1},"timeouts":{"nesting_mode":"single","block":{"attributes":{"create":{"type":"string","description_kind":"plain","optional":true},"delete":{"type":"string","description_kind":"plain","optional":true},"update":{"type":"string","description_kind":"plain","optional":true}},"description_kind":"plain"}}},"description_kind":"plain"}},"spectrocloud_cluster_group":{"version":2,"block":{"attributes":{"context":{"type":"string","description":"The context of the Cluster group. Allowed values are 'project' or 'tenant'. Defaults to 'tenant'.","description_kind":"plain","optional":true},"id":{"type":"string","description_kind":"plain","optional":true,"computed":true},"name":{"type":"string","description":"Name of the cluster group","description_kind":"plain","required":true},"tags":{"type":["set","string"],"description":"A list of tags to be applied to the cluster group. Tags must be in the form of `key:value`.","description_kind":"plain","optional":true}},"block_types":{"clusters":{"nesting_mode":"list","block":{"attributes":{"cluster_uid":{"type":"string","description":"The UID of the host cluster.","description_kind":"plain","required":true},"host_dns":{"type":"string","description":"The host DNS wildcard for the cluster. i.e. `*.dev` or `*test.com`","description_kind":"plain","optional":true}},"description":"A list of clusters to include in the cluster group.","description_kind":"plain"}},"config":{"nesting_mode":"list","block":{"attributes":{"cpu_millicore":{"type":"number","description":"The CPU limit in millicores.","description_kind":"plain","optional":true},"host_endpoint_type":{"type":"string","description":"The host endpoint type. Allowed values are 'Ingress' or 'LoadBalancer'. Defaults to 'Ingress'.","description_kind":"plain","optional":true},"memory_in_mb":{"type":"number","description":"The memory limit in megabytes (MB).","description_kind":"plain","optional":true},"oversubscription_percent":{"type":"number","description":"The allowed oversubscription percentage.","description_kind":"plain","optional":true},"storage_in_gb":{"type":"number","description":"The storage limit in gigabytes (GB).","description_kind":"plain","optional":true},"values":{"type":"string","description_kind":"plain","optional":true}},"description_kind":"plain"},"min_items":1,"max_items":1},"timeouts":{"nesting_mode":"single","block":{"attributes":{"create":{"type":"string","description_kind":"plain","optional":true},"delete":{"type":"string","description_kind":"plain","optional":true},"update":{"type":"string","description_kind":"plain","optional":true}},"description_kind":"plain"}}},"description_kind":"plain"}},"spectrocloud_cluster_import":{"version":2,"block":{"attributes":{"cloud":{"type":"string","description_kind":"plain","required":true},"cloud_config_id":{"type":"string","description_kind":"plain","computed":true},"cluster_import_manifest":{"type":"string","description_kind":"plain","computed":true},"cluster_import_manifest_apply_command":{"type":"string","description_kind":"plain","computed":true},"id":{"type":"string","description_kind":"plain","optional":true,"computed":true},"name":{"type":"string","description_kind":"plain","required":true},"tags":{"type":["set","string"],"description_kind":"plain","optional":true}},"block_types":{"cluster_profile":{"nesting_mode":"list","block":{"attributes":{"id":{"type":"string","description_kind":"plain","required":true}},"block_types":{"pack":{"nesting_mode":"list","block":{"attributes":{"name":{"type":"string","description_kind":"plain","required":true},"registry_uid":{"type":"string","description_kind":"plain","optional":true},"tag":{"type":"string","description_kind":"plain","required":true},"values":{"type":"string","description_kind":"plain","required":true}},"description_kind":"plain"}}},"description_kind":"plain"}},"timeouts":{"nesting_mode":"single","block":{"attributes":{"create":{"type":"string","description_kind":"plain","optional":true},"delete":{"type":"string","description_kind":"plain","optional":true},"update":{"type":"string","description_kind":"plain","optional":true}},"description_kind":"plain"}}},"description_kind":"plain"}},"spectrocloud_cluster_libvirt":{"version":2,"block":{"attributes":{"apply_setting":{"type":"string","description_kind":"plain","optional":true},"cloud_account_id":{"type":"string","description_kind":"plain","optional":true},"cloud_config_id":{"type":"string","description_kind":"plain","computed":true},"id":{"type":"string","description_kind":"plain","optional":true,"computed":true},"kubeconfig":{"type":"string","description_kind":"plain","computed":true},"name":{"type":"string","description_kind":"plain","required":true},"os_patch_after":{"type":"string","description_kind":"plain","optional":true},"os_patch_on_boot":{"type":"bool","description_kind":"plain","optional":true},"os_patch_schedule":{"type":"string","description_kind":"plain","optional":true},"skip_completion":{"type":"bool","description_kind":"plain","optional":true},"tags":{"type":["set","string"],"description_kind":"plain","optional":true}},"block_types":{"backup_policy":{"nesting_mode":"list","block":{"attributes":{"backup_location_id":{"type":"string","description_kind":"plain","required":true},"expiry_in_hour":{"type":"number","description_kind":"plain","required":true},"include_cluster_resources":{"type":"bool","description_kind":"plain","optional":true},"include_disks":{"type":"bool","description_kind":"plain","optional":true},"namespaces":{"type":["set","string"],"description_kind":"plain","optional":true},"prefix":{"type":"string","description_kind":"plain","required":true},"schedule":{"type":"string","description_kind":"plain","required":true}},"description_kind":"plain"},"max_items":1},"cloud_config":{"nesting_mode":"list","block":{"attributes":{"ntp_servers":{"type":["set","string"],"description_kind":"plain","optional":true},"ssh_key":{"type":"string","description_kind":"plain","required":true},"vip":{"type":"string","description_kind":"plain","required":true}},"description_kind":"plain"},"min_items":1,"max_items":1},"cluster_profile":{"nesting_mode":"list","block":{"attributes":{"id":{"type":"string","description_kind":"plain","required":true},"type":{"type":"string","description_kind":"plain","optional":true}},"block_types":{"pack":{"nesting_mode":"list","block":{"attributes":{"name":{"type":"string","description_kind":"plain","required":true},"registry_uid":{"type":"string","description_kind":"plain","optional":true},"tag":{"type":"string","description_kind":"plain","required":true},"type":{"type":"string","description_kind":"plain","optional":true},"values":{"type":"string","description_kind":"plain","required":true}},"block_types":{"manifest":{"nesting_mode":"list","block":{"attributes":{"content":{"type":"string","description_kind":"plain","required":true},"name":{"type":"string","description_kind":"plain","required":true}},"description_kind":"plain"}}},"description_kind":"plain"}}},"description_kind":"plain"}},"cluster_rbac_binding":{"nesting_mode":"list","block":{"attributes":{"namespace":{"type":"string","description_kind":"plain","optional":true},"role":{"type":["map","string"],"description_kind":"plain","optional":true},"type":{"type":"string","description_kind":"plain","required":true}},"block_types":{"subjects":{"nesting_mode":"list","block":{"attributes":{"name":{"type":"string","description_kind":"plain","required":true},"namespace":{"type":"string","description_kind":"plain","optional":true},"type":{"type":"string","description_kind":"plain","required":true}},"description_kind":"plain"}}},"description_kind":"plain"}},"host_config":{"nesting_mode":"list","block":{"attributes":{"external_traffic_policy":{"type":"string","description":"The external traffic policy for the cluster.","description_kind":"plain","optional":true},"host_endpoint_type":{"type":"string","description":"The type of endpoint for the cluster. Can be either 'Ingress' or 'LoadBalancer'. The default is 'Ingress'.","description_kind":"plain","optional":true},"ingress_host":{"type":"string","description":"The host for the Ingress endpoint. Required if 'host_endpoint_type' is set to 'Ingress'.","description_kind":"plain","optional":true},"load_balancer_source_ranges":{"type":"string","description":"The source ranges for the load balancer. Required if 'host_endpoint_type' is set to 'LoadBalancer'.","description_kind":"plain","optional":true}},"description_kind":"plain"}},"location_config":{"nesting_mode":"list","block":{"attributes":{"country_code":{"type":"string","description":"The country code of the country the cluster is located in.","description_kind":"plain","optional":true},"country_name":{"type":"string","description":"The name of the country.","description_kind":"plain","optional":true},"latitude":{"type":"number","description":"The latitude coordinates value.","description_kind":"plain","required":true},"longitude":{"type":"number","description":"The longitude coordinates value.","description_kind":"plain","required":true},"region_code":{"type":"string","description":"The region code of where the cluster is located in.","description_kind":"plain","optional":true},"region_name":{"type":"string","description":"The name of the region.","description_kind":"plain","optional":true}},"description_kind":"plain"}},"machine_pool":{"nesting_mode":"list","block":{"attributes":{"additional_labels":{"type":["map","string"],"description_kind":"plain","optional":true},"control_plane":{"type":"bool","description_kind":"plain","optional":true},"control_plane_as_worker":{"type":"bool","description_kind":"plain","optional":true},"count":{"type":"number","description_kind":"plain","required":true},"name":{"type":"string","description_kind":"plain","required":true},"update_strategy":{"type":"string","description_kind":"plain","optional":true}},"block_types":{"instance_type":{"nesting_mode":"list","block":{"attributes":{"cache_passthrough":{"type":"bool","description_kind":"plain","optional":true},"cpu":{"type":"number","description_kind":"plain","required":true},"cpus_sets":{"type":"string","description_kind":"plain","optional":true},"disk_size_gb":{"type":"number","description_kind":"plain","required":true},"memory_mb":{"type":"number","description_kind":"plain","required":true}},"block_types":{"attached_disks":{"nesting_mode":"list","block":{"attributes":{"managed":{"type":"bool","description_kind":"plain","optional":true},"size_in_gb":{"type":"number","description_kind":"plain","required":true}},"description_kind":"plain"}},"gpu_config":{"nesting_mode":"list","block":{"attributes":{"addresses":{"type":["map","string"],"description_kind":"plain","optional":true},"device_model":{"type":"string","description_kind":"plain","required":true},"num_gpus":{"type":"number","description_kind":"plain","required":true},"vendor":{"type":"string","description_kind":"plain","required":true}},"description_kind":"plain"}}},"description_kind":"plain"},"min_items":1,"max_items":1},"placements":{"nesting_mode":"list","block":{"attributes":{"appliance_id":{"type":"string","description_kind":"plain","required":true},"data_storage_pool":{"type":"string","description_kind":"plain","required":true},"image_storage_pool":{"type":"string","description_kind":"plain","required":true},"network":{"type":"string","description_kind":"plain","optional":true},"network_names":{"type":"string","description_kind":"plain","required":true},"network_type":{"type":"string","description_kind":"plain","required":true},"target_storage_pool":{"type":"string","description_kind":"plain","required":true}},"description_kind":"plain"},"min_items":1},"taints":{"nesting_mode":"list","block":{"attributes":{"effect":{"type":"string","description_kind":"plain","required":true},"key":{"type":"string","description_kind":"plain","required":true},"value":{"type":"string","description_kind":"plain","required":true}},"description_kind":"plain"}}},"description_kind":"plain"},"min_items":1},"namespaces":{"nesting_mode":"list","block":{"attributes":{"name":{"type":"string","description_kind":"plain","required":true},"resource_allocation":{"type":["map","string"],"description_kind":"plain","required":true}},"description_kind":"plain"}},"pack":{"nesting_mode":"list","block":{"attributes":{"name":{"type":"string","description_kind":"plain","required":true},"registry_uid":{"type":"string","description_kind":"plain","optional":true},"tag":{"type":"string","description_kind":"plain","required":true},"values":{"type":"string","description_kind":"plain","required":true}},"description_kind":"plain"}},"scan_policy":{"nesting_mode":"list","block":{"attributes":{"configuration_scan_schedule":{"type":"string","description_kind":"plain","required":true},"conformance_scan_schedule":{"type":"string","description_kind":"plain","required":true},"penetration_scan_schedule":{"type":"string","description_kind":"plain","required":true}},"description_kind":"plain"},"max_items":1},"timeouts":{"nesting_mode":"single","block":{"attributes":{"create":{"type":"string","description_kind":"plain","optional":true},"delete":{"type":"string","description_kind":"plain","optional":true},"update":{"type":"string","description_kind":"plain","optional":true}},"description_kind":"plain"}}},"description_kind":"plain"}},"spectrocloud_cluster_maas":{"version":2,"block":{"attributes":{"apply_setting":{"type":"string","description_kind":"plain","optional":true},"cloud_account_id":{"type":"string","description_kind":"plain","optional":true},"cloud_config_id":{"type":"string","description_kind":"plain","computed":true},"id":{"type":"string","description_kind":"plain","optional":true,"computed":true},"kubeconfig":{"type":"string","description_kind":"plain","computed":true},"name":{"type":"string","description_kind":"plain","required":true},"os_patch_after":{"type":"string","description_kind":"plain","optional":true},"os_patch_on_boot":{"type":"bool","description_kind":"plain","optional":true},"os_patch_schedule":{"type":"string","description_kind":"plain","optional":true},"skip_completion":{"type":"bool","description_kind":"plain","optional":true},"tags":{"type":["set","string"],"description_kind":"plain","optional":true}},"block_types":{"backup_policy":{"nesting_mode":"list","block":{"attributes":{"backup_location_id":{"type":"string","description_kind":"plain","required":true},"expiry_in_hour":{"type":"number","description_kind":"plain","required":true},"include_cluster_resources":{"type":"bool","description_kind":"plain","optional":true},"include_disks":{"type":"bool","description_kind":"plain","optional":true},"namespaces":{"type":["set","string"],"description_kind":"plain","optional":true},"prefix":{"type":"string","description_kind":"plain","required":true},"schedule":{"type":"string","description_kind":"plain","required":true}},"description_kind":"plain"},"max_items":1},"cloud_config":{"nesting_mode":"list","block":{"attributes":{"domain":{"type":"string","description_kind":"plain","required":true}},"description_kind":"plain"},"min_items":1,"max_items":1},"cluster_profile":{"nesting_mode":"list","block":{"attributes":{"id":{"type":"string","description_kind":"plain","required":true}},"block_types":{"pack":{"nesting_mode":"list","block":{"attributes":{"name":{"type":"string","description_kind":"plain","required":true},"registry_uid":{"type":"string","description_kind":"plain","optional":true},"tag":{"type":"string","description_kind":"plain","optional":true},"type":{"type":"string","description_kind":"plain","optional":true},"values":{"type":"string","description_kind":"plain","required":true}},"block_types":{"manifest":{"nesting_mode":"list","block":{"attributes":{"content":{"type":"string","description_kind":"plain","required":true},"name":{"type":"string","description_kind":"plain","required":true}},"description_kind":"plain"}}},"description_kind":"plain"}}},"description_kind":"plain"}},"cluster_rbac_binding":{"nesting_mode":"list","block":{"attributes":{"namespace":{"type":"string","description_kind":"plain","optional":true},"role":{"type":["map","string"],"description_kind":"plain","optional":true},"type":{"type":"string","description_kind":"plain","required":true}},"block_types":{"subjects":{"nesting_mode":"list","block":{"attributes":{"name":{"type":"string","description_kind":"plain","required":true},"namespace":{"type":"string","description_kind":"plain","optional":true},"type":{"type":"string","description_kind":"plain","required":true}},"description_kind":"plain"}}},"description_kind":"plain"}},"host_config":{"nesting_mode":"list","block":{"attributes":{"external_traffic_policy":{"type":"string","description":"The external traffic policy for the cluster.","description_kind":"plain","optional":true},"host_endpoint_type":{"type":"string","description":"The type of endpoint for the cluster. Can be either 'Ingress' or 'LoadBalancer'. The default is 'Ingress'.","description_kind":"plain","optional":true},"ingress_host":{"type":"string","description":"The host for the Ingress endpoint. Required if 'host_endpoint_type' is set to 'Ingress'.","description_kind":"plain","optional":true},"load_balancer_source_ranges":{"type":"string","description":"The source ranges for the load balancer. Required if 'host_endpoint_type' is set to 'LoadBalancer'.","description_kind":"plain","optional":true}},"description_kind":"plain"}},"location_config":{"nesting_mode":"list","block":{"attributes":{"country_code":{"type":"string","description":"The country code of the country the cluster is located in.","description_kind":"plain","optional":true},"country_name":{"type":"string","description":"The name of the country.","description_kind":"plain","optional":true},"latitude":{"type":"number","description":"The latitude coordinates value.","description_kind":"plain","required":true},"longitude":{"type":"number","description":"The longitude coordinates value.","description_kind":"plain","required":true},"region_code":{"type":"string","description":"The region code of where the cluster is located in.","description_kind":"plain","optional":true},"region_name":{"type":"string","description":"The name of the region.","description_kind":"plain","optional":true}},"description_kind":"plain"}},"machine_pool":{"nesting_mode":"set","block":{"attributes":{"additional_labels":{"type":["map","string"],"description_kind":"plain","optional":true},"azs":{"type":["set","string"],"description_kind":"plain","required":true},"control_plane":{"type":"bool","description_kind":"plain","optional":true},"control_plane_as_worker":{"type":"bool","description_kind":"plain","optional":true},"count":{"type":"number","description_kind":"plain","required":true},"name":{"type":"string","description_kind":"plain","required":true},"update_strategy":{"type":"string","description_kind":"plain","optional":true}},"block_types":{"instance_type":{"nesting_mode":"list","block":{"attributes":{"min_cpu":{"type":"number","description_kind":"plain","required":true},"min_memory_mb":{"type":"number","description_kind":"plain","required":true}},"description_kind":"plain"},"min_items":1,"max_items":1},"placement":{"nesting_mode":"list","block":{"attributes":{"id":{"type":"string","description_kind":"plain","computed":true},"resource_pool":{"type":"string","description_kind":"plain","required":true}},"description_kind":"plain"},"min_items":1},"taints":{"nesting_mode":"list","block":{"attributes":{"effect":{"type":"string","description_kind":"plain","required":true},"key":{"type":"string","description_kind":"plain","required":true},"value":{"type":"string","description_kind":"plain","required":true}},"description_kind":"plain"}}},"description_kind":"plain"},"min_items":1},"namespaces":{"nesting_mode":"list","block":{"attributes":{"name":{"type":"string","description_kind":"plain","required":true},"resource_allocation":{"type":["map","string"],"description_kind":"plain","required":true}},"description_kind":"plain"}},"pack":{"nesting_mode":"list","block":{"attributes":{"name":{"type":"string","description_kind":"plain","required":true},"registry_uid":{"type":"string","description_kind":"plain","optional":true},"tag":{"type":"string","description_kind":"plain","required":true},"values":{"type":"string","description_kind":"plain","required":true}},"description_kind":"plain"}},"scan_policy":{"nesting_mode":"list","block":{"attributes":{"configuration_scan_schedule":{"type":"string","description_kind":"plain","required":true},"conformance_scan_schedule":{"type":"string","description_kind":"plain","required":true},"penetration_scan_schedule":{"type":"string","description_kind":"plain","required":true}},"description_kind":"plain"},"max_items":1},"timeouts":{"nesting_mode":"single","block":{"attributes":{"create":{"type":"string","description_kind":"plain","optional":true},"delete":{"type":"string","description_kind":"plain","optional":true},"update":{"type":"string","description_kind":"plain","optional":true}},"description_kind":"plain"}}},"description_kind":"plain"}},"spectrocloud_cluster_openstack":{"version":0,"block":{"attributes":{"apply_setting":{"type":"string","description_kind":"plain","optional":true},"cloud_account_id":{"type":"string","description_kind":"plain","required":true},"cloud_config_id":{"type":"string","description_kind":"plain","computed":true},"id":{"type":"string","description_kind":"plain","optional":true,"computed":true},"kubeconfig":{"type":"string","description_kind":"plain","computed":true},"name":{"type":"string","description_kind":"plain","required":true},"os_patch_after":{"type":"string","description_kind":"plain","optional":true},"os_patch_on_boot":{"type":"bool","description_kind":"plain","optional":true},"os_patch_schedule":{"type":"string","description_kind":"plain","optional":true},"skip_completion":{"type":"bool","description_kind":"plain","optional":true},"tags":{"type":["set","string"],"description_kind":"plain","optional":true}},"block_types":{"backup_policy":{"nesting_mode":"list","block":{"attributes":{"backup_location_id":{"type":"string","description_kind":"plain","required":true},"expiry_in_hour":{"type":"number","description_kind":"plain","required":true},"include_cluster_resources":{"type":"bool","description_kind":"plain","optional":true},"include_disks":{"type":"bool","description_kind":"plain","optional":true},"namespaces":{"type":["set","string"],"description_kind":"plain","optional":true},"prefix":{"type":"string","description_kind":"plain","required":true},"schedule":{"type":"string","description_kind":"plain","required":true}},"description_kind":"plain"},"max_items":1},"cloud_config":{"nesting_mode":"list","block":{"attributes":{"dns_servers":{"type":["set","string"],"description_kind":"plain","required":true},"domain":{"type":"string","description_kind":"plain","required":true},"network_id":{"type":"string","description_kind":"plain","optional":true},"project":{"type":"string","description_kind":"plain","required":true},"region":{"type":"string","description_kind":"plain","required":true},"ssh_key":{"type":"string","description_kind":"plain","required":true},"subnet_cidr":{"type":"string","description_kind":"plain","required":true},"subnet_id":{"type":"string","description_kind":"plain","optional":true}},"description_kind":"plain"},"min_items":1,"max_items":1},"cluster_profile":{"nesting_mode":"list","block":{"attributes":{"id":{"type":"string","description_kind":"plain","required":true}},"block_types":{"pack":{"nesting_mode":"list","block":{"attributes":{"name":{"type":"string","description_kind":"plain","required":true},"registry_uid":{"type":"string","description_kind":"plain","optional":true},"tag":{"type":"string","description_kind":"plain","optional":true},"type":{"type":"string","description_kind":"plain","optional":true},"values":{"type":"string","description_kind":"plain","required":true}},"block_types":{"manifest":{"nesting_mode":"list","block":{"attributes":{"content":{"type":"string","description_kind":"plain","required":true},"name":{"type":"string","description_kind":"plain","required":true}},"description_kind":"plain"}}},"description_kind":"plain"}}},"description_kind":"plain"}},"cluster_rbac_binding":{"nesting_mode":"list","block":{"attributes":{"namespace":{"type":"string","description_kind":"plain","optional":true},"role":{"type":["map","string"],"description_kind":"plain","optional":true},"type":{"type":"string","description_kind":"plain","required":true}},"block_types":{"subjects":{"nesting_mode":"list","block":{"attributes":{"name":{"type":"string","description_kind":"plain","required":true},"namespace":{"type":"string","description_kind":"plain","optional":true},"type":{"type":"string","description_kind":"plain","required":true}},"description_kind":"plain"}}},"description_kind":"plain"}},"host_config":{"nesting_mode":"list","block":{"attributes":{"external_traffic_policy":{"type":"string","description":"The external traffic policy for the cluster.","description_kind":"plain","optional":true},"host_endpoint_type":{"type":"string","description":"The type of endpoint for the cluster. Can be either 'Ingress' or 'LoadBalancer'. The default is 'Ingress'.","description_kind":"plain","optional":true},"ingress_host":{"type":"string","description":"The host for the Ingress endpoint. Required if 'host_endpoint_type' is set to 'Ingress'.","description_kind":"plain","optional":true},"load_balancer_source_ranges":{"type":"string","description":"The source ranges for the load balancer. Required if 'host_endpoint_type' is set to 'LoadBalancer'.","description_kind":"plain","optional":true}},"description_kind":"plain"}},"location_config":{"nesting_mode":"list","block":{"attributes":{"country_code":{"type":"string","description":"The country code of the country the cluster is located in.","description_kind":"plain","optional":true},"country_name":{"type":"string","description":"The name of the country.","description_kind":"plain","optional":true},"latitude":{"type":"number","description":"The latitude coordinates value.","description_kind":"plain","required":true},"longitude":{"type":"number","description":"The longitude coordinates value.","description_kind":"plain","required":true},"region_code":{"type":"string","description":"The region code of where the cluster is located in.","description_kind":"plain","optional":true},"region_name":{"type":"string","description":"The name of the region.","description_kind":"plain","optional":true}},"description_kind":"plain"}},"machine_pool":{"nesting_mode":"list","block":{"attributes":{"additional_labels":{"type":["map","string"],"description_kind":"plain","optional":true},"azs":{"type":["set","string"],"description_kind":"plain","optional":true},"control_plane":{"type":"bool","description_kind":"plain","optional":true},"control_plane_as_worker":{"type":"bool","description_kind":"plain","optional":true},"count":{"type":"number","description_kind":"plain","required":true},"instance_type":{"type":"string","description_kind":"plain","required":true},"name":{"type":"string","description_kind":"plain","required":true},"subnet_id":{"type":"string","description_kind":"plain","optional":true},"update_strategy":{"type":"string","description_kind":"plain","optional":true}},"block_types":{"taints":{"nesting_mode":"list","block":{"attributes":{"effect":{"type":"string","description_kind":"plain","required":true},"key":{"type":"string","description_kind":"plain","required":true},"value":{"type":"string","description_kind":"plain","required":true}},"description_kind":"plain"}}},"description_kind":"plain"},"min_items":1},"namespaces":{"nesting_mode":"list","block":{"attributes":{"name":{"type":"string","description_kind":"plain","required":true},"resource_allocation":{"type":["map","string"],"description_kind":"plain","required":true}},"description_kind":"plain"}},"pack":{"nesting_mode":"list","block":{"attributes":{"name":{"type":"string","description_kind":"plain","required":true},"registry_uid":{"type":"string","description_kind":"plain","optional":true},"tag":{"type":"string","description_kind":"plain","required":true},"values":{"type":"string","description_kind":"plain","required":true}},"description_kind":"plain"}},"scan_policy":{"nesting_mode":"list","block":{"attributes":{"configuration_scan_schedule":{"type":"string","description_kind":"plain","required":true},"conformance_scan_schedule":{"type":"string","description_kind":"plain","required":true},"penetration_scan_schedule":{"type":"string","description_kind":"plain","required":true}},"description_kind":"plain"},"max_items":1},"timeouts":{"nesting_mode":"single","block":{"attributes":{"create":{"type":"string","description_kind":"plain","optional":true},"delete":{"type":"string","description_kind":"plain","optional":true},"update":{"type":"string","description_kind":"plain","optional":true}},"description_kind":"plain"}}},"description_kind":"plain"}},"spectrocloud_cluster_profile":{"version":0,"block":{"attributes":{"cloud":{"type":"string","description_kind":"plain","optional":true},"context":{"type":"string","description_kind":"plain","optional":true},"description":{"type":"string","description_kind":"plain","optional":true},"id":{"type":"string","description_kind":"plain","optional":true,"computed":true},"name":{"type":"string","description_kind":"plain","required":true},"tags":{"type":["set","string"],"description_kind":"plain","optional":true},"type":{"type":"string","description_kind":"plain","optional":true},"version":{"type":"string","description_kind":"plain","optional":true}},"block_types":{"pack":{"nesting_mode":"list","block":{"attributes":{"name":{"type":"string","description_kind":"plain","required":true},"registry_uid":{"type":"string","description_kind":"plain","optional":true,"computed":true},"tag":{"type":"string","description_kind":"plain","optional":true},"type":{"type":"string","description_kind":"plain","optional":true},"uid":{"type":"string","description_kind":"plain","optional":true,"computed":true},"values":{"type":"string","description_kind":"plain","optional":true}},"block_types":{"manifest":{"nesting_mode":"list","block":{"attributes":{"content":{"type":"string","description_kind":"plain","required":true},"name":{"type":"string","description_kind":"plain","required":true},"uid":{"type":"string","description_kind":"plain","computed":true}},"description_kind":"plain"}}},"description_kind":"plain"},"min_items":1},"timeouts":{"nesting_mode":"single","block":{"attributes":{"create":{"type":"string","description_kind":"plain","optional":true},"delete":{"type":"string","description_kind":"plain","optional":true},"update":{"type":"string","description_kind":"plain","optional":true}},"description_kind":"plain"}}},"description_kind":"plain"}},"spectrocloud_cluster_profile_import":{"version":0,"block":{"attributes":{"context":{"type":"string","description_kind":"plain","optional":true},"id":{"type":"string","description_kind":"plain","optional":true,"computed":true},"import_file":{"type":"string","description_kind":"plain","required":true}},"description_kind":"plain"}},"spectrocloud_cluster_tke":{"version":2,"block":{"attributes":{"apply_setting":{"type":"string","description_kind":"plain","optional":true},"cloud_account_id":{"type":"string","description_kind":"plain","required":true},"cloud_config_id":{"type":"string","description_kind":"plain","computed":true},"id":{"type":"string","description_kind":"plain","optional":true,"computed":true},"kubeconfig":{"type":"string","description_kind":"plain","computed":true},"location_config":{"type":["list",["object",{"country_code":"string","country_name":"string","latitude":"number","longitude":"number","region_code":"string","region_name":"string"}]],"description_kind":"plain","computed":true},"name":{"type":"string","description_kind":"plain","required":true},"skip_completion":{"type":"bool","description_kind":"plain","optional":true},"tags":{"type":["set","string"],"description_kind":"plain","optional":true}},"block_types":{"backup_policy":{"nesting_mode":"list","block":{"attributes":{"backup_location_id":{"type":"string","description_kind":"plain","required":true},"expiry_in_hour":{"type":"number","description_kind":"plain","required":true},"include_cluster_resources":{"type":"bool","description_kind":"plain","optional":true},"include_disks":{"type":"bool","description_kind":"plain","optional":true},"namespaces":{"type":["set","string"],"description_kind":"plain","optional":true},"prefix":{"type":"string","description_kind":"plain","required":true},"schedule":{"type":"string","description_kind":"plain","required":true}},"description_kind":"plain"},"max_items":1},"cloud_config":{"nesting_mode":"list","block":{"attributes":{"az_subnets":{"type":["map","string"],"description_kind":"plain","optional":true},"azs":{"type":["list","string"],"description_kind":"plain","optional":true},"endpoint_access":{"type":"string","description_kind":"plain","optional":true},"public_access_cidrs":{"type":["set","string"],"description_kind":"plain","optional":true},"region":{"type":"string","description_kind":"plain","required":true},"ssh_key_name":{"type":"string","description_kind":"plain","optional":true},"vpc_id":{"type":"string","description_kind":"plain","optional":true}},"description_kind":"plain"},"min_items":1,"max_items":1},"cluster_profile":{"nesting_mode":"list","block":{"attributes":{"id":{"type":"string","description_kind":"plain","required":true}},"block_types":{"pack":{"nesting_mode":"list","block":{"attributes":{"name":{"type":"string","description_kind":"plain","required":true},"registry_uid":{"type":"string","description_kind":"plain","optional":true},"tag":{"type":"string","description_kind":"plain","optional":true},"type":{"type":"string","description_kind":"plain","optional":true},"values":{"type":"string","description_kind":"plain","optional":true}},"block_types":{"manifest":{"nesting_mode":"list","block":{"attributes":{"content":{"type":"string","description_kind":"plain","required":true},"name":{"type":"string","description_kind":"plain","required":true}},"description_kind":"plain"}}},"description_kind":"plain"}}},"description_kind":"plain"}},"cluster_rbac_binding":{"nesting_mode":"list","block":{"attributes":{"namespace":{"type":"string","description_kind":"plain","optional":true},"role":{"type":["map","string"],"description_kind":"plain","optional":true},"type":{"type":"string","description_kind":"plain","required":true}},"block_types":{"subjects":{"nesting_mode":"list","block":{"attributes":{"name":{"type":"string","description_kind":"plain","required":true},"namespace":{"type":"string","description_kind":"plain","optional":true},"type":{"type":"string","description_kind":"plain","required":true}},"description_kind":"plain"}}},"description_kind":"plain"}},"host_config":{"nesting_mode":"list","block":{"attributes":{"external_traffic_policy":{"type":"string","description":"The external traffic policy for the cluster.","description_kind":"plain","optional":true},"host_endpoint_type":{"type":"string","description":"The type of endpoint for the cluster. Can be either 'Ingress' or 'LoadBalancer'. The default is 'Ingress'.","description_kind":"plain","optional":true},"ingress_host":{"type":"string","description":"The host for the Ingress endpoint. Required if 'host_endpoint_type' is set to 'Ingress'.","description_kind":"plain","optional":true},"load_balancer_source_ranges":{"type":"string","description":"The source ranges for the load balancer. Required if 'host_endpoint_type' is set to 'LoadBalancer'.","description_kind":"plain","optional":true}},"description_kind":"plain"}},"machine_pool":{"nesting_mode":"list","block":{"attributes":{"additional_labels":{"type":["map","string"],"description_kind":"plain","optional":true},"az_subnets":{"type":["map","string"],"description_kind":"plain","optional":true},"azs":{"type":["list","string"],"description_kind":"plain","optional":true},"capacity_type":{"type":"string","description_kind":"plain","optional":true},"count":{"type":"number","description_kind":"plain","required":true},"disk_size_gb":{"type":"number","description_kind":"plain","required":true},"instance_type":{"type":"string","description_kind":"plain","required":true},"max":{"type":"number","description_kind":"plain","optional":true},"max_price":{"type":"string","description_kind":"plain","optional":true},"min":{"type":"number","description_kind":"plain","optional":true},"name":{"type":"string","description_kind":"plain","required":true},"update_strategy":{"type":"string","description_kind":"plain","optional":true}},"block_types":{"taints":{"nesting_mode":"list","block":{"attributes":{"effect":{"type":"string","description_kind":"plain","required":true},"key":{"type":"string","description_kind":"plain","required":true},"value":{"type":"string","description_kind":"plain","required":true}},"description_kind":"plain"}}},"description_kind":"plain"},"min_items":1},"namespaces":{"nesting_mode":"list","block":{"attributes":{"name":{"type":"string","description_kind":"plain","required":true},"resource_allocation":{"type":["map","string"],"description_kind":"plain","required":true}},"description_kind":"plain"}},"pack":{"nesting_mode":"list","block":{"attributes":{"name":{"type":"string","description_kind":"plain","required":true},"registry_uid":{"type":"string","description_kind":"plain","optional":true},"tag":{"type":"string","description_kind":"plain","required":true},"values":{"type":"string","description_kind":"plain","required":true}},"description_kind":"plain"}},"scan_policy":{"nesting_mode":"list","block":{"attributes":{"configuration_scan_schedule":{"type":"string","description_kind":"plain","required":true},"conformance_scan_schedule":{"type":"string","description_kind":"plain","required":true},"penetration_scan_schedule":{"type":"string","description_kind":"plain","required":true}},"description_kind":"plain"},"max_items":1},"timeouts":{"nesting_mode":"single","block":{"attributes":{"create":{"type":"string","description_kind":"plain","optional":true},"delete":{"type":"string","description_kind":"plain","optional":true},"update":{"type":"string","description_kind":"plain","optional":true}},"description_kind":"plain"}}},"description_kind":"plain"}},"spectrocloud_cluster_vsphere":{"version":0,"block":{"attributes":{"apply_setting":{"type":"string","description_kind":"plain","optional":true},"cloud_account_id":{"type":"string","description_kind":"plain","required":true},"cloud_config_id":{"type":"string","description_kind":"plain","computed":true},"cluster_profile_id":{"type":"string","description_kind":"plain","deprecated":true,"optional":true},"id":{"type":"string","description_kind":"plain","optional":true,"computed":true},"kubeconfig":{"type":"string","description_kind":"plain","computed":true},"name":{"type":"string","description_kind":"plain","required":true},"os_patch_after":{"type":"string","description_kind":"plain","optional":true},"os_patch_on_boot":{"type":"bool","description_kind":"plain","optional":true},"os_patch_schedule":{"type":"string","description_kind":"plain","optional":true},"skip_completion":{"type":"bool","description_kind":"plain","optional":true},"tags":{"type":["set","string"],"description_kind":"plain","optional":true}},"block_types":{"backup_policy":{"nesting_mode":"list","block":{"attributes":{"backup_location_id":{"type":"string","description_kind":"plain","required":true},"expiry_in_hour":{"type":"number","description_kind":"plain","required":true},"include_cluster_resources":{"type":"bool","description_kind":"plain","optional":true},"include_disks":{"type":"bool","description_kind":"plain","optional":true},"namespaces":{"type":["set","string"],"description_kind":"plain","optional":true},"prefix":{"type":"string","description_kind":"plain","required":true},"schedule":{"type":"string","description_kind":"plain","required":true}},"description_kind":"plain"},"max_items":1},"cloud_config":{"nesting_mode":"list","block":{"attributes":{"datacenter":{"type":"string","description_kind":"plain","required":true},"folder":{"type":"string","description_kind":"plain","required":true},"image_template_folder":{"type":"string","description_kind":"plain","optional":true},"network_search_domain":{"type":"string","description_kind":"plain","optional":true},"network_type":{"type":"string","description_kind":"plain","optional":true},"ssh_key":{"type":"string","description_kind":"plain","required":true},"static_ip":{"type":"bool","description_kind":"plain","optional":true}},"description_kind":"plain"},"min_items":1,"max_items":1},"cluster_profile":{"nesting_mode":"list","block":{"attributes":{"id":{"type":"string","description_kind":"plain","required":true}},"block_types":{"pack":{"nesting_mode":"list","block":{"attributes":{"name":{"type":"string","description_kind":"plain","required":true},"registry_uid":{"type":"string","description_kind":"plain","optional":true},"tag":{"type":"string","description_kind":"plain","optional":true},"type":{"type":"string","description_kind":"plain","optional":true},"values":{"type":"string","description_kind":"plain","required":true}},"block_types":{"manifest":{"nesting_mode":"list","block":{"attributes":{"content":{"type":"string","description_kind":"plain","required":true},"name":{"type":"string","description_kind":"plain","required":true}},"description_kind":"plain"}}},"description_kind":"plain"}}},"description_kind":"plain"}},"cluster_rbac_binding":{"nesting_mode":"list","block":{"attributes":{"namespace":{"type":"string","description_kind":"plain","optional":true},"role":{"type":["map","string"],"description_kind":"plain","optional":true},"type":{"type":"string","description_kind":"plain","required":true}},"block_types":{"subjects":{"nesting_mode":"list","block":{"attributes":{"name":{"type":"string","description_kind":"plain","required":true},"namespace":{"type":"string","description_kind":"plain","optional":true},"type":{"type":"string","description_kind":"plain","required":true}},"description_kind":"plain"}}},"description_kind":"plain"}},"host_config":{"nesting_mode":"list","block":{"attributes":{"external_traffic_policy":{"type":"string","description":"The external traffic policy for the cluster.","description_kind":"plain","optional":true},"host_endpoint_type":{"type":"string","description":"The type of endpoint for the cluster. Can be either 'Ingress' or 'LoadBalancer'. The default is 'Ingress'.","description_kind":"plain","optional":true},"ingress_host":{"type":"string","description":"The host for the Ingress endpoint. Required if 'host_endpoint_type' is set to 'Ingress'.","description_kind":"plain","optional":true},"load_balancer_source_ranges":{"type":"string","description":"The source ranges for the load balancer. Required if 'host_endpoint_type' is set to 'LoadBalancer'.","description_kind":"plain","optional":true}},"description_kind":"plain"}},"location_config":{"nesting_mode":"list","block":{"attributes":{"country_code":{"type":"string","description":"The country code of the country the cluster is located in.","description_kind":"plain","optional":true},"country_name":{"type":"string","description":"The name of the country.","description_kind":"plain","optional":true},"latitude":{"type":"number","description":"The latitude coordinates value.","description_kind":"plain","required":true},"longitude":{"type":"number","description":"The longitude coordinates value.","description_kind":"plain","required":true},"region_code":{"type":"string","description":"The region code of where the cluster is located in.","description_kind":"plain","optional":true},"region_name":{"type":"string","description":"The name of the region.","description_kind":"plain","optional":true}},"description_kind":"plain"}},"machine_pool":{"nesting_mode":"set","block":{"attributes":{"additional_labels":{"type":["map","string"],"description_kind":"plain","optional":true},"control_plane":{"type":"bool","description_kind":"plain","optional":true},"control_plane_as_worker":{"type":"bool","description_kind":"plain","optional":true},"count":{"type":"number","description_kind":"plain","required":true},"name":{"type":"string","description_kind":"plain","required":true},"update_strategy":{"type":"string","description_kind":"plain","optional":true}},"block_types":{"instance_type":{"nesting_mode":"list","block":{"attributes":{"cpu":{"type":"number","description_kind":"plain","required":true},"disk_size_gb":{"type":"number","description_kind":"plain","required":true},"memory_mb":{"type":"number","description_kind":"plain","required":true}},"description_kind":"plain"},"min_items":1,"max_items":1},"placement":{"nesting_mode":"list","block":{"attributes":{"cluster":{"type":"string","description_kind":"plain","required":true},"datastore":{"type":"string","description_kind":"plain","required":true},"id":{"type":"string","description_kind":"plain","computed":true},"network":{"type":"string","description_kind":"plain","required":true},"resource_pool":{"type":"string","description_kind":"plain","required":true},"static_ip_pool_id":{"type":"string","description_kind":"plain","optional":true}},"description_kind":"plain"},"min_items":1},"taints":{"nesting_mode":"list","block":{"attributes":{"effect":{"type":"string","description_kind":"plain","required":true},"key":{"type":"string","description_kind":"plain","required":true},"value":{"type":"string","description_kind":"plain","required":true}},"description_kind":"plain"}}},"description_kind":"plain"},"min_items":1},"namespaces":{"nesting_mode":"list","block":{"attributes":{"name":{"type":"string","description_kind":"plain","required":true},"resource_allocation":{"type":["map","string"],"description_kind":"plain","required":true}},"description_kind":"plain"}},"pack":{"nesting_mode":"list","block":{"attributes":{"name":{"type":"string","description_kind":"plain","required":true},"registry_uid":{"type":"string","description_kind":"plain","optional":true},"tag":{"type":"string","description_kind":"plain","required":true},"values":{"type":"string","description_kind":"plain","required":true}},"description_kind":"plain"}},"scan_policy":{"nesting_mode":"list","block":{"attributes":{"configuration_scan_schedule":{"type":"string","description_kind":"plain","required":true},"conformance_scan_schedule":{"type":"string","description_kind":"plain","required":true},"penetration_scan_schedule":{"type":"string","description_kind":"plain","required":true}},"description_kind":"plain"},"max_items":1},"timeouts":{"nesting_mode":"single","block":{"attributes":{"create":{"type":"string","description_kind":"plain","optional":true},"delete":{"type":"string","description_kind":"plain","optional":true},"update":{"type":"string","description_kind":"plain","optional":true}},"description_kind":"plain"}}},"description_kind":"plain"}},"spectrocloud_macro":{"version":2,"block":{"attributes":{"id":{"type":"string","description_kind":"plain","optional":true,"computed":true},"name":{"type":"string","description_kind":"plain","required":true},"project":{"type":"string","description_kind":"plain","optional":true},"value":{"type":"string","description_kind":"plain","optional":true}},"block_types":{"timeouts":{"nesting_mode":"single","block":{"attributes":{"create":{"type":"string","description_kind":"plain","optional":true},"delete":{"type":"string","description_kind":"plain","optional":true},"update":{"type":"string","description_kind":"plain","optional":true}},"description_kind":"plain"}}},"description_kind":"plain"}},"spectrocloud_privatecloudgateway_ippool":{"version":2,"block":{"attributes":{"gateway":{"type":"string","description_kind":"plain","required":true},"id":{"type":"string","description_kind":"plain","optional":true,"computed":true},"ip_end_range":{"type":"string","description_kind":"plain","optional":true},"ip_start_range":{"type":"string","description_kind":"plain","optional":true},"name":{"type":"string","description_kind":"plain","required":true},"nameserver_addresses":{"type":["set","string"],"description_kind":"plain","optional":true},"nameserver_search_suffix":{"type":["set","string"],"description_kind":"plain","optional":true},"network_type":{"type":"string","description_kind":"plain","required":true},"prefix":{"type":"number","description_kind":"plain","required":true},"private_cloud_gateway_id":{"type":"string","description_kind":"plain","required":true},"restrict_to_single_cluster":{"type":"bool","description_kind":"plain","optional":true},"subnet_cidr":{"type":"string","description_kind":"plain","optional":true}},"block_types":{"timeouts":{"nesting_mode":"single","block":{"attributes":{"create":{"type":"string","description_kind":"plain","optional":true},"delete":{"type":"string","description_kind":"plain","optional":true},"update":{"type":"string","description_kind":"plain","optional":true}},"description_kind":"plain"}}},"description_kind":"plain"}},"spectrocloud_project":{"version":2,"block":{"attributes":{"description":{"type":"string","description_kind":"plain","optional":true},"id":{"type":"string","description_kind":"plain","optional":true,"computed":true},"name":{"type":"string","description_kind":"plain","required":true},"tags":{"type":["set","string"],"description_kind":"plain","optional":true}},"block_types":{"timeouts":{"nesting_mode":"single","block":{"attributes":{"create":{"type":"string","description_kind":"plain","optional":true},"delete":{"type":"string","description_kind":"plain","optional":true},"update":{"type":"string","description_kind":"plain","optional":true}},"description_kind":"plain"}}},"description_kind":"plain"}},"spectrocloud_registry_helm":{"version":2,"block":{"attributes":{"endpoint":{"type":"string","description_kind":"plain","required":true},"id":{"type":"string","description_kind":"plain","optional":true,"computed":true},"is_private":{"type":"bool","description_kind":"plain","required":true},"name":{"type":"string","description_kind":"plain","required":true}},"block_types":{"credentials":{"nesting_mode":"list","block":{"attributes":{"credential_type":{"type":"string","description_kind":"plain","required":true},"password":{"type":"string","description_kind":"plain","optional":true},"token":{"type":"string","description_kind":"plain","optional":true},"username":{"type":"string","description_kind":"plain","optional":true}},"description_kind":"plain"},"min_items":1,"max_items":1},"timeouts":{"nesting_mode":"single","block":{"attributes":{"create":{"type":"string","description_kind":"plain","optional":true},"delete":{"type":"string","description_kind":"plain","optional":true},"update":{"type":"string","description_kind":"plain","optional":true}},"description_kind":"plain"}}},"description_kind":"plain"}},"spectrocloud_registry_oci":{"version":2,"block":{"attributes":{"endpoint":{"type":"string","description_kind":"plain","required":true},"id":{"type":"string","description_kind":"plain","optional":true,"computed":true},"is_private":{"type":"bool","description_kind":"plain","required":true},"name":{"type":"string","description_kind":"plain","required":true},"type":{"type":"string","description_kind":"plain","required":true}},"block_types":{"credentials":{"nesting_mode":"list","block":{"attributes":{"arn":{"type":"string","description_kind":"plain","optional":true},"credential_type":{"type":"string","description_kind":"plain","required":true},"external_id":{"type":"string","description_kind":"plain","optional":true}},"description_kind":"plain"},"min_items":1,"max_items":1},"timeouts":{"nesting_mode":"single","block":{"attributes":{"create":{"type":"string","description_kind":"plain","optional":true},"delete":{"type":"string","description_kind":"plain","optional":true},"update":{"type":"string","description_kind":"plain","optional":true}},"description_kind":"plain"}}},"description_kind":"plain"}},"spectrocloud_team":{"version":2,"block":{"attributes":{"id":{"type":"string","description_kind":"plain","optional":true,"computed":true},"name":{"type":"string","description_kind":"plain","required":true},"users":{"type":["set","string"],"description_kind":"plain","optional":true}},"block_types":{"project_role_mapping":{"nesting_mode":"list","block":{"attributes":{"id":{"type":"string","description_kind":"plain","required":true},"roles":{"type":["set","string"],"description_kind":"plain","required":true}},"description_kind":"plain"}},"timeouts":{"nesting_mode":"single","block":{"attributes":{"create":{"type":"string","description_kind":"plain","optional":true},"delete":{"type":"string","description_kind":"plain","optional":true},"update":{"type":"string","description_kind":"plain","optional":true}},"description_kind":"plain"}}},"description_kind":"plain"}},"spectrocloud_virtual_cluster":{"version":2,"block":{"attributes":{"apply_setting":{"type":"string","description_kind":"plain","optional":true},"cloud_config_id":{"type":"string","description_kind":"plain","computed":true},"cluster_group_uid":{"type":"string","description_kind":"plain","optional":true},"host_cluster_uid":{"type":"string","description_kind":"plain","optional":true},"id":{"type":"string","description_kind":"plain","optional":true,"computed":true},"kubeconfig":{"type":"string","description_kind":"plain","computed":true},"location_config":{"type":["list",["object",{"country_code":"string","country_name":"string","latitude":"number","longitude":"number","region_code":"string","region_name":"string"}]],"description_kind":"plain","computed":true},"name":{"type":"string","description_kind":"plain","required":true},"os_patch_after":{"type":"string","description_kind":"plain","optional":true},"os_patch_on_boot":{"type":"bool","description_kind":"plain","optional":true},"os_patch_schedule":{"type":"string","description_kind":"plain","optional":true},"skip_completion":{"type":"bool","description_kind":"plain","optional":true},"tags":{"type":["set","string"],"description_kind":"plain","optional":true}},"block_types":{"backup_policy":{"nesting_mode":"list","block":{"attributes":{"backup_location_id":{"type":"string","description_kind":"plain","required":true},"expiry_in_hour":{"type":"number","description_kind":"plain","required":true},"include_cluster_resources":{"type":"bool","description_kind":"plain","optional":true},"include_disks":{"type":"bool","description_kind":"plain","optional":true},"namespaces":{"type":["set","string"],"description_kind":"plain","optional":true},"prefix":{"type":"string","description_kind":"plain","required":true},"schedule":{"type":"string","description_kind":"plain","required":true}},"description_kind":"plain"},"max_items":1},"cloud_config":{"nesting_mode":"list","block":{"attributes":{"chart_name":{"type":"string","description_kind":"plain","optional":true},"chart_repo":{"type":"string","description_kind":"plain","optional":true},"chart_values":{"type":"string","description_kind":"plain","optional":true},"chart_version":{"type":"string","description_kind":"plain","optional":true},"k8s_version":{"type":"string","description_kind":"plain","optional":true}},"description_kind":"plain"},"max_items":1},"cluster_profile":{"nesting_mode":"list","block":{"attributes":{"id":{"type":"string","description_kind":"plain","required":true}},"block_types":{"pack":{"nesting_mode":"list","block":{"attributes":{"name":{"type":"string","description_kind":"plain","required":true},"registry_uid":{"type":"string","description_kind":"plain","optional":true},"tag":{"type":"string","description_kind":"plain","optional":true},"type":{"type":"string","description_kind":"plain","optional":true},"values":{"type":"string","description_kind":"plain","required":true}},"block_types":{"manifest":{"nesting_mode":"list","block":{"attributes":{"content":{"type":"string","description_kind":"plain","required":true},"name":{"type":"string","description_kind":"plain","required":true}},"description_kind":"plain"}}},"description_kind":"plain"}}},"description_kind":"plain"}},"cluster_rbac_binding":{"nesting_mode":"list","block":{"attributes":{"namespace":{"type":"string","description_kind":"plain","optional":true},"role":{"type":["map","string"],"description_kind":"plain","optional":true},"type":{"type":"string","description_kind":"plain","required":true}},"block_types":{"subjects":{"nesting_mode":"list","block":{"attributes":{"name":{"type":"string","description_kind":"plain","required":true},"namespace":{"type":"string","description_kind":"plain","optional":true},"type":{"type":"string","description_kind":"plain","required":true}},"description_kind":"plain"}}},"description_kind":"plain"}},"namespaces":{"nesting_mode":"list","block":{"attributes":{"name":{"type":"string","description_kind":"plain","required":true},"resource_allocation":{"type":["map","string"],"description_kind":"plain","required":true}},"description_kind":"plain"}},"pack":{"nesting_mode":"list","block":{"attributes":{"name":{"type":"string","description_kind":"plain","required":true},"registry_uid":{"type":"string","description_kind":"plain","optional":true},"tag":{"type":"string","description_kind":"plain","required":true},"values":{"type":"string","description_kind":"plain","required":true}},"description_kind":"plain"}},"resources":{"nesting_mode":"list","block":{"attributes":{"max_cpu":{"type":"number","description_kind":"plain","optional":true},"max_mem_in_mb":{"type":"number","description_kind":"plain","optional":true},"max_storage_in_gb":{"type":"number","description_kind":"plain","optional":true},"min_cpu":{"type":"number","description_kind":"plain","optional":true},"min_mem_in_mb":{"type":"number","description_kind":"plain","optional":true},"min_storage_in_gb":{"type":"number","description_kind":"plain","optional":true}},"description_kind":"plain"}},"scan_policy":{"nesting_mode":"list","block":{"attributes":{"configuration_scan_schedule":{"type":"string","description_kind":"plain","required":true},"conformance_scan_schedule":{"type":"string","description_kind":"plain","required":true},"penetration_scan_schedule":{"type":"string","description_kind":"plain","required":true}},"description_kind":"plain"},"max_items":1},"timeouts":{"nesting_mode":"single","block":{"attributes":{"create":{"type":"string","description_kind":"plain","optional":true},"delete":{"type":"string","description_kind":"plain","optional":true},"update":{"type":"string","description_kind":"plain","optional":true}},"description_kind":"plain"}}},"description":"A resource to manage a Palette Virtual Cluster.","description_kind":"plain"}},"spectrocloud_workspace":{"version":2,"block":{"attributes":{"description":{"type":"string","description_kind":"plain","optional":true},"id":{"type":"string","description_kind":"plain","optional":true,"computed":true},"name":{"type":"string","description_kind":"plain","required":true},"tags":{"type":["set","string"],"description_kind":"plain","optional":true}},"block_types":{"backup_policy":{"nesting_mode":"list","block":{"attributes":{"backup_location_id":{"type":"string","description_kind":"plain","required":true},"cluster_uids":{"type":["set","string"],"description_kind":"plain","optional":true},"expiry_in_hour":{"type":"number","description_kind":"plain","required":true},"include_all_clusters":{"type":"bool","description_kind":"plain","optional":true},"include_cluster_resources":{"type":"bool","description_kind":"plain","optional":true},"include_disks":{"type":"bool","description_kind":"plain","optional":true},"namespaces":{"type":["set","string"],"description_kind":"plain","optional":true},"prefix":{"type":"string","description_kind":"plain","required":true},"schedule":{"type":"string","description_kind":"plain","required":true}},"description_kind":"plain"},"max_items":1},"cluster_rbac_binding":{"nesting_mode":"list","block":{"attributes":{"namespace":{"type":"string","description_kind":"plain","optional":true},"role":{"type":["map","string"],"description_kind":"plain","optional":true},"type":{"type":"string","description_kind":"plain","required":true}},"block_types":{"subjects":{"nesting_mode":"list","block":{"attributes":{"name":{"type":"string","description_kind":"plain","required":true},"namespace":{"type":"string","description_kind":"plain","optional":true},"type":{"type":"string","description_kind":"plain","required":true}},"description_kind":"plain"}}},"description_kind":"plain"}},"clusters":{"nesting_mode":"set","block":{"attributes":{"uid":{"type":"string","description_kind":"plain","required":true}},"description_kind":"plain"},"min_items":1},"namespaces":{"nesting_mode":"list","block":{"attributes":{"images_blacklist":{"type":["list","string"],"description_kind":"plain","optional":true},"name":{"type":"string","description_kind":"plain","required":true},"resource_allocation":{"type":["map","string"],"description_kind":"plain","required":true}},"description_kind":"plain"}}},"description_kind":"plain"}}},"data_source_schemas":{"spectrocloud_appliance":{"version":2,"block":{"attributes":{"id":{"type":"string","description_kind":"plain","optional":true,"computed":true},"name":{"type":"string","description_kind":"plain","required":true},"tags":{"type":["map","string"],"description_kind":"plain","optional":true}},"description_kind":"plain"}},"spectrocloud_appliances":{"version":0,"block":{"attributes":{"id":{"type":"string","description_kind":"plain","optional":true,"computed":true},"ids":{"type":["list","string"],"description":"The unique ids of the appliances. This is a computed field and is not required to be set.","description_kind":"plain","computed":true},"tags":{"type":["map","string"],"description":"A list of tags to filter the appliances.","description_kind":"plain","optional":true}},"description":"Provides details about for a set of appliances.","description_kind":"plain"}},"spectrocloud_application_profile":{"version":0,"block":{"attributes":{"id":{"type":"string","description_kind":"plain","optional":true,"computed":true},"name":{"type":"string","description":"Name of the application profile","description_kind":"plain","required":true}},"description":"Use this data source to get the details of an existing application profile.","description_kind":"plain"}},"spectrocloud_backup_storage_location":{"version":2,"block":{"attributes":{"id":{"type":"string","description_kind":"plain","optional":true,"computed":true},"name":{"type":"string","description_kind":"plain","optional":true,"computed":true}},"description_kind":"plain"}},"spectrocloud_cloudaccount_aws":{"version":0,"block":{"attributes":{"depends":{"type":"string","description_kind":"plain","optional":true,"computed":true},"id":{"type":"string","description_kind":"plain","optional":true,"computed":true},"name":{"type":"string","description_kind":"plain","optional":true,"computed":true}},"description_kind":"plain"}},"spectrocloud_cloudaccount_azure":{"version":0,"block":{"attributes":{"azure_client_id":{"type":"string","description_kind":"plain","computed":true},"azure_tenant_id":{"type":"string","description_kind":"plain","computed":true},"id":{"type":"string","description_kind":"plain","optional":true,"computed":true},"name":{"type":"string","description_kind":"plain","optional":true,"computed":true}},"description_kind":"plain"}},"spectrocloud_cloudaccount_gcp":{"version":0,"block":{"attributes":{"id":{"type":"string","description_kind":"plain","optional":true,"computed":true},"name":{"type":"string","description_kind":"plain","optional":true,"computed":true}},"description_kind":"plain"}},"spectrocloud_cloudaccount_maas":{"version":0,"block":{"attributes":{"id":{"type":"string","description_kind":"plain","optional":true,"computed":true},"maas_api_endpoint":{"type":"string","description_kind":"plain","computed":true},"maas_api_key":{"type":"string","description_kind":"plain","computed":true},"name":{"type":"string","description_kind":"plain","optional":true,"computed":true}},"description_kind":"plain"}},"spectrocloud_cloudaccount_openstack":{"version":0,"block":{"attributes":{"id":{"type":"string","description_kind":"plain","optional":true,"computed":true},"name":{"type":"string","description_kind":"plain","optional":true,"computed":true}},"description_kind":"plain"}},"spectrocloud_cloudaccount_tencent":{"version":0,"block":{"attributes":{"id":{"type":"string","description_kind":"plain","optional":true,"computed":true},"name":{"type":"string","description_kind":"plain","optional":true,"computed":true},"tencent_secret_id":{"type":"string","description_kind":"plain","computed":true}},"description_kind":"plain"}},"spectrocloud_cloudaccount_vsphere":{"version":0,"block":{"attributes":{"id":{"type":"string","description_kind":"plain","optional":true,"computed":true},"name":{"type":"string","description_kind":"plain","optional":true,"computed":true}},"description_kind":"plain"}},"spectrocloud_cluster":{"version":0,"block":{"attributes":{"context":{"type":"string","description":"Cluster context can be 'project' or 'tenant'. Defaults to 'project'.","description_kind":"plain","optional":true},"id":{"type":"string","description_kind":"plain","optional":true,"computed":true},"name":{"type":"string","description_kind":"plain","required":true}},"description_kind":"plain"}},"spectrocloud_cluster_group":{"version":2,"block":{"attributes":{"context":{"type":"string","description_kind":"plain","optional":true},"id":{"type":"string","description_kind":"plain","optional":true,"computed":true},"name":{"type":"string","description_kind":"plain","required":true}},"description_kind":"plain"}},"spectrocloud_cluster_profile":{"version":0,"block":{"attributes":{"context":{"type":"string","description_kind":"plain","optional":true,"computed":true},"id":{"type":"string","description_kind":"plain","optional":true,"computed":true},"name":{"type":"string","description_kind":"plain","optional":true,"computed":true},"pack":{"type":["list",["object",{"manifest":["list",["object",{"content":"string","name":"string","uid":"string"}]],"name":"string","registry_uid":"string","tag":"string","type":"string","uid":"string","values":"string"}]],"description_kind":"plain","computed":true},"version":{"type":"string","description_kind":"plain","optional":true,"computed":true}},"description_kind":"plain"}},"spectrocloud_pack":{"version":0,"block":{"attributes":{"cloud":{"type":["set","string"],"description_kind":"plain","optional":true,"computed":true},"filters":{"type":"string","description_kind":"plain","optional":true},"id":{"type":"string","description_kind":"plain","optional":true,"computed":true},"name":{"type":"string","description_kind":"plain","optional":true,"computed":true},"registry_uid":{"type":"string","description_kind":"plain","optional":true,"computed":true},"type":{"type":"string","description_kind":"plain","optional":true,"computed":true},"values":{"type":"string","description_kind":"plain","computed":true},"version":{"type":"string","description_kind":"plain","optional":true,"computed":true}},"description_kind":"plain"}},"spectrocloud_pack_simple":{"version":0,"block":{"attributes":{"id":{"type":"string","description_kind":"plain","optional":true,"computed":true},"name":{"type":"string","description":"The name of the pack.","description_kind":"plain","required":true},"registry_uid":{"type":"string","description":"The unique identifier of the registry the pack belongs to.","description_kind":"plain","optional":true},"type":{"type":"string","description":"The type of Pack. Allowed values are `helm`, `manifest`, `container` or `operator-instance`.","description_kind":"plain","required":true},"values":{"type":"string","description":"This is a stringified YAML object containing the pack configuration details. ","description_kind":"plain","computed":true},"version":{"type":"string","description":"The version of the pack.","description_kind":"plain","optional":true}},"description_kind":"plain"}},"spectrocloud_project":{"version":2,"block":{"attributes":{"id":{"type":"string","description_kind":"plain","optional":true,"computed":true},"name":{"type":"string","description_kind":"plain","optional":true,"computed":true}},"description_kind":"plain"}},"spectrocloud_registry":{"version":0,"block":{"attributes":{"id":{"type":"string","description_kind":"plain","optional":true,"computed":true},"name":{"type":"string","description_kind":"plain","required":true}},"description_kind":"plain"}},"spectrocloud_registry_helm":{"version":2,"block":{"attributes":{"id":{"type":"string","description_kind":"plain","optional":true,"computed":true},"name":{"type":"string","description_kind":"plain","required":true}},"description_kind":"plain"}},"spectrocloud_registry_oci":{"version":2,"block":{"attributes":{"id":{"type":"string","description_kind":"plain","optional":true,"computed":true},"name":{"type":"string","description_kind":"plain","required":true}},"description_kind":"plain"}},"spectrocloud_registry_pack":{"version":0,"block":{"attributes":{"id":{"type":"string","description_kind":"plain","optional":true,"computed":true},"name":{"type":"string","description_kind":"plain","required":true}},"description_kind":"plain"}},"spectrocloud_role":{"version":0,"block":{"attributes":{"id":{"type":"string","description_kind":"plain","optional":true,"computed":true},"name":{"type":"string","description_kind":"plain","optional":true,"computed":true}},"description_kind":"plain"}},"spectrocloud_user":{"version":0,"block":{"attributes":{"id":{"type":"string","description_kind":"plain","optional":true,"computed":true},"name":{"type":"string","description_kind":"plain","optional":true,"computed":true}},"description_kind":"plain"}},"spectrocloud_workspace":{"version":2,"block":{"attributes":{"id":{"type":"string","description_kind":"plain","optional":true,"computed":true},"name":{"type":"string","description_kind":"plain","required":true}},"description_kind":"plain"}}}}}}
